
Microsoft Visual Studio Solution File, Format Version 11.00
# Visual Studio 2010
Project("{8BC9CEB8-8B4A-11D0-8D11-00A0C91BC942}") = "Engine", "Engine\Engine_2010.vcxproj", "{DD15FF96-8D27-9047-07DC-824EEE7AFE9E}"
EndProject
Project("{8BC9CEB8-8B4A-11D0-8D11-00A0C91BC942}") = "EntitiesMP", "EntitiesMP\EntitiesMP_2010.vcxproj", "{01D03A68-14A6-577D-AE0F-D54B567857C5}"
	ProjectSection(ProjectDependencies) = postProject
		{DD15FF96-8D27-9047-07DC-824EEE7AFE9E} = {DD15FF96-8D27-9047-07DC-824EEE7AFE9E}
	EndProjectSection
EndProject
Project("{8BC9CEB8-8B4A-11D0-8D11-00A0C91BC942}") = "GameMP", "GameMP\GameMP_2010.vcxproj", "{A68AEE0D-7EBD-B26A-0448-EE33D3A2CB17}"
	ProjectSection(ProjectDependencies) = postProject
		{01D03A68-14A6-577D-AE0F-D54B567857C5} = {01D03A68-14A6-577D-AE0F-D54B567857C5}
		{DD15FF96-8D27-9047-07DC-824EEE7AFE9E} = {DD15FF96-8D27-9047-07DC-824EEE7AFE9E}
	EndProjectSection
EndProject
Project("{8BC9CEB8-8B4A-11D0-8D11-00A0C91BC942}") = "Nksp", "Nksp\Nksp_2010.vcxproj", "{700FB23F-E318-3178-1841-B21D44877619}"
	ProjectSection(ProjectDependencies) = postProject
		{A68AEE0D-7EBD-B26A-0448-EE33D3A2CB17} = {A68AEE0D-7EBD-B26A-0448-EE33D3A2CB17}
		{DD15FF96-8D27-9047-07DC-824EEE7AFE9E} = {DD15FF96-8D27-9047-07DC-824EEE7AFE9E}
		{D42BFFDE-1521-EC17-8741-96F54EEED515} = {D42BFFDE-1521-EC17-8741-96F54EEED515}
		{01D03A68-14A6-577D-AE0F-D54B567857C5} = {01D03A68-14A6-577D-AE0F-D54B567857C5}
	EndProjectSection
EndProject
Project("{8BC9CEB8-8B4A-11D0-8D11-00A0C91BC942}") = "Shaders", "Shaders\Shaders_2010.vcxproj", "{D42BFFDE-1521-EC17-8741-96F54EEED515}"
	ProjectSection(ProjectDependencies) = postProject
		{DD15FF96-8D27-9047-07DC-824EEE7AFE9E} = {DD15FF96-8D27-9047-07DC-824EEE7AFE9E}
	EndProjectSection
EndProject
Project("{8BC9CEB8-8B4A-11D0-8D11-00A0C91BC942}") = "Common", "Common\Common.vcxproj", "{A3109CCC-B83D-4D6C-A214-03C10084F276}"
EndProject
Global
	GlobalSection(SolutionConfigurationPlatforms) = preSolution
		BRZLIVE|Win32 = BRZLIVE|Win32
		Debug|Win32 = Debug|Win32
		DebugKalydo|Win32 = DebugKalydo|Win32
		DEVTEST|Win32 = DEVTEST|Win32
		GERLIVE|Win32 = GERLIVE|Win32
		GERLIVEKalydo|Win32 = GERLIVEKalydo|Win32
		KORTEST|Win32 = KORTEST|Win32
		MAXLIVE|Win32 = MAXLIVE|Win32
		ReleaseKalydo|Win32 = ReleaseKalydo|Win32
		RUSLIVE|Win32 = RUSLIVE|Win32
		Template|Win32 = Template|Win32
		THAILIVE|Win32 = THAILIVE|Win32
		USALIVE|Win32 = USALIVE|Win32
		WORLDEDITOR|Win32 = WORLDEDITOR|Win32
	EndGlobalSection
	GlobalSection(ProjectConfigurationPlatforms) = postSolution
		{DD15FF96-8D27-9047-07DC-824EEE7AFE9E}.BRZLIVE|Win32.ActiveCfg = BRZLIVE|Win32
		{DD15FF96-8D27-9047-07DC-824EEE7AFE9E}.BRZLIVE|Win32.Build.0 = BRZLIVE|Win32
		{DD15FF96-8D27-9047-07DC-824EEE7AFE9E}.Debug|Win32.ActiveCfg = Debug|Win32
		{DD15FF96-8D27-9047-07DC-824EEE7AFE9E}.Debug|Win32.Build.0 = Debug|Win32
		{DD15FF96-8D27-9047-07DC-824EEE7AFE9E}.DebugKalydo|Win32.ActiveCfg = DebugKalydo|Win32
		{DD15FF96-8D27-9047-07DC-824EEE7AFE9E}.DEVTEST|Win32.ActiveCfg = DEVTEST|Win32
		{DD15FF96-8D27-9047-07DC-824EEE7AFE9E}.DEVTEST|Win32.Build.0 = DEVTEST|Win32
		{DD15FF96-8D27-9047-07DC-824EEE7AFE9E}.GERLIVE|Win32.ActiveCfg = GERLIVE|Win32
		{DD15FF96-8D27-9047-07DC-824EEE7AFE9E}.GERLIVE|Win32.Build.0 = GERLIVE|Win32
		{DD15FF96-8D27-9047-07DC-824EEE7AFE9E}.GERLIVEKalydo|Win32.ActiveCfg = GERLIVEKalydo|Win32
		{DD15FF96-8D27-9047-07DC-824EEE7AFE9E}.GERLIVEKalydo|Win32.Build.0 = GERLIVEKalydo|Win32
		{DD15FF96-8D27-9047-07DC-824EEE7AFE9E}.KORTEST|Win32.ActiveCfg = KORTEST|Win32
		{DD15FF96-8D27-9047-07DC-824EEE7AFE9E}.KORTEST|Win32.Build.0 = KORTEST|Win32
		{DD15FF96-8D27-9047-07DC-824EEE7AFE9E}.MAXLIVE|Win32.ActiveCfg = MAXLIVE|Win32
		{DD15FF96-8D27-9047-07DC-824EEE7AFE9E}.MAXLIVE|Win32.Build.0 = MAXLIVE|Win32
		{DD15FF96-8D27-9047-07DC-824EEE7AFE9E}.ReleaseKalydo|Win32.ActiveCfg = ReleaseKalydo|Win32
		{DD15FF96-8D27-9047-07DC-824EEE7AFE9E}.RUSLIVE|Win32.ActiveCfg = RUSLIVE|Win32
		{DD15FF96-8D27-9047-07DC-824EEE7AFE9E}.RUSLIVE|Win32.Build.0 = RUSLIVE|Win32
		{DD15FF96-8D27-9047-07DC-824EEE7AFE9E}.Template|Win32.ActiveCfg = Template|Win32
		{DD15FF96-8D27-9047-07DC-824EEE7AFE9E}.THAILIVE|Win32.ActiveCfg = THAILIVE|Win32
		{DD15FF96-8D27-9047-07DC-824EEE7AFE9E}.THAILIVE|Win32.Build.0 = THAILIVE|Win32
		{DD15FF96-8D27-9047-07DC-824EEE7AFE9E}.USALIVE|Win32.ActiveCfg = USALIVE|Win32
		{DD15FF96-8D27-9047-07DC-824EEE7AFE9E}.USALIVE|Win32.Build.0 = USALIVE|Win32
		{DD15FF96-8D27-9047-07DC-824EEE7AFE9E}.WORLDEDITOR|Win32.ActiveCfg = WORLDEDITOR|Win32
		{DD15FF96-8D27-9047-07DC-824EEE7AFE9E}.WORLDEDITOR|Win32.Build.0 = WORLDEDITOR|Win32
		{01D03A68-14A6-577D-AE0F-D54B567857C5}.BRZLIVE|Win32.ActiveCfg = BRZLIVE|Win32
		{01D03A68-14A6-577D-AE0F-D54B567857C5}.BRZLIVE|Win32.Build.0 = BRZLIVE|Win32
		{01D03A68-14A6-577D-AE0F-D54B567857C5}.Debug|Win32.ActiveCfg = Debug|Win32
		{01D03A68-14A6-577D-AE0F-D54B567857C5}.Debug|Win32.Build.0 = Debug|Win32
		{01D03A68-14A6-577D-AE0F-D54B567857C5}.DebugKalydo|Win32.ActiveCfg = DebugKalydo|Win32
		{01D03A68-14A6-577D-AE0F-D54B567857C5}.DEVTEST|Win32.ActiveCfg = DEVTEST|Win32
		{01D03A68-14A6-577D-AE0F-D54B567857C5}.DEVTEST|Win32.Build.0 = DEVTEST|Win32
		{01D03A68-14A6-577D-AE0F-D54B567857C5}.GERLIVE|Win32.ActiveCfg = GERLIVE|Win32
		{01D03A68-14A6-577D-AE0F-D54B567857C5}.GERLIVE|Win32.Build.0 = GERLIVE|Win32
		{01D03A68-14A6-577D-AE0F-D54B567857C5}.GERLIVEKalydo|Win32.ActiveCfg = GERLIVEKalydo|Win32
		{01D03A68-14A6-577D-AE0F-D54B567857C5}.GERLIVEKalydo|Win32.Build.0 = GERLIVEKalydo|Win32
		{01D03A68-14A6-577D-AE0F-D54B567857C5}.KORTEST|Win32.ActiveCfg = KORTEST|Win32
		{01D03A68-14A6-577D-AE0F-D54B567857C5}.KORTEST|Win32.Build.0 = KORTEST|Win32
		{01D03A68-14A6-577D-AE0F-D54B567857C5}.MAXLIVE|Win32.ActiveCfg = MAXLIVE|Win32
		{01D03A68-14A6-577D-AE0F-D54B567857C5}.MAXLIVE|Win32.Build.0 = MAXLIVE|Win32
		{01D03A68-14A6-577D-AE0F-D54B567857C5}.ReleaseKalydo|Win32.ActiveCfg = ReleaseKalydo|Win32
		{01D03A68-14A6-577D-AE0F-D54B567857C5}.RUSLIVE|Win32.ActiveCfg = RUSLIVE|Win32
		{01D03A68-14A6-577D-AE0F-D54B567857C5}.RUSLIVE|Win32.Build.0 = RUSLIVE|Win32
		{01D03A68-14A6-577D-AE0F-D54B567857C5}.Template|Win32.ActiveCfg = Template|Win32
		{01D03A68-14A6-577D-AE0F-D54B567857C5}.THAILIVE|Win32.ActiveCfg = THAILIVE|Win32
		{01D03A68-14A6-577D-AE0F-D54B567857C5}.THAILIVE|Win32.Build.0 = THAILIVE|Win32
		{01D03A68-14A6-577D-AE0F-D54B567857C5}.USALIVE|Win32.ActiveCfg = USALIVE|Win32
		{01D03A68-14A6-577D-AE0F-D54B567857C5}.USALIVE|Win32.Build.0 = USALIVE|Win32
		{01D03A68-14A6-577D-AE0F-D54B567857C5}.WORLDEDITOR|Win32.ActiveCfg = WORLDEDITOR|Win32
		{01D03A68-14A6-577D-AE0F-D54B567857C5}.WORLDEDITOR|Win32.Build.0 = WORLDEDITOR|Win32
		{A68AEE0D-7EBD-B26A-0448-EE33D3A2CB17}.BRZLIVE|Win32.ActiveCfg = BRZLIVE|Win32
		{A68AEE0D-7EBD-B26A-0448-EE33D3A2CB17}.BRZLIVE|Win32.Build.0 = BRZLIVE|Win32
		{A68AEE0D-7EBD-B26A-0448-EE33D3A2CB17}.Debug|Win32.ActiveCfg = Debug|Win32
		{A68AEE0D-7EBD-B26A-0448-EE33D3A2CB17}.Debug|Win32.Build.0 = Debug|Win32
		{A68AEE0D-7EBD-B26A-0448-EE33D3A2CB17}.DebugKalydo|Win32.ActiveCfg = DebugKalydo|Win32
		{A68AEE0D-7EBD-B26A-0448-EE33D3A2CB17}.DEVTEST|Win32.ActiveCfg = DEVTEST|Win32
		{A68AEE0D-7EBD-B26A-0448-EE33D3A2CB17}.DEVTEST|Win32.Build.0 = DEVTEST|Win32
		{A68AEE0D-7EBD-B26A-0448-EE33D3A2CB17}.GERLIVE|Win32.ActiveCfg = GERLIVE|Win32
		{A68AEE0D-7EBD-B26A-0448-EE33D3A2CB17}.GERLIVE|Win32.Build.0 = GERLIVE|Win32
		{A68AEE0D-7EBD-B26A-0448-EE33D3A2CB17}.GERLIVEKalydo|Win32.ActiveCfg = GERLIVEKalydo|Win32
		{A68AEE0D-7EBD-B26A-0448-EE33D3A2CB17}.GERLIVEKalydo|Win32.Build.0 = GERLIVEKalydo|Win32
		{A68AEE0D-7EBD-B26A-0448-EE33D3A2CB17}.KORTEST|Win32.ActiveCfg = KORTEST|Win32
		{A68AEE0D-7EBD-B26A-0448-EE33D3A2CB17}.KORTEST|Win32.Build.0 = KORTEST|Win32
		{A68AEE0D-7EBD-B26A-0448-EE33D3A2CB17}.MAXLIVE|Win32.ActiveCfg = MAXLIVE|Win32
		{A68AEE0D-7EBD-B26A-0448-EE33D3A2CB17}.MAXLIVE|Win32.Build.0 = MAXLIVE|Win32
		{A68AEE0D-7EBD-B26A-0448-EE33D3A2CB17}.ReleaseKalydo|Win32.ActiveCfg = ReleaseKalydo|Win32
		{A68AEE0D-7EBD-B26A-0448-EE33D3A2CB17}.RUSLIVE|Win32.ActiveCfg = RUSLIVE|Win32
		{A68AEE0D-7EBD-B26A-0448-EE33D3A2CB17}.RUSLIVE|Win32.Build.0 = RUSLIVE|Win32
		{A68AEE0D-7EBD-B26A-0448-EE33D3A2CB17}.Template|Win32.ActiveCfg = Template|Win32
		{A68AEE0D-7EBD-B26A-0448-EE33D3A2CB17}.THAILIVE|Win32.ActiveCfg = THAILIVE|Win32
		{A68AEE0D-7EBD-B26A-0448-EE33D3A2CB17}.THAILIVE|Win32.Build.0 = THAILIVE|Win32
		{A68AEE0D-7EBD-B26A-0448-EE33D3A2CB17}.USALIVE|Win32.ActiveCfg = USALIVE|Win32
		{A68AEE0D-7EBD-B26A-0448-EE33D3A2CB17}.USALIVE|Win32.Build.0 = USALIVE|Win32
		{A68AEE0D-7EBD-B26A-0448-EE33D3A2CB17}.WORLDEDITOR|Win32.ActiveCfg = WORLDEDITOR|Win32
		{A68AEE0D-7EBD-B26A-0448-EE33D3A2CB17}.WORLDEDITOR|Win32.Build.0 = WORLDEDITOR|Win32
		{700FB23F-E318-3178-1841-B21D44877619}.BRZLIVE|Win32.ActiveCfg = BRZLIVE|Win32
		{700FB23F-E318-3178-1841-B21D44877619}.BRZLIVE|Win32.Build.0 = BRZLIVE|Win32
		{700FB23F-E318-3178-1841-B21D44877619}.Debug|Win32.ActiveCfg = Debug|Win32
		{700FB23F-E318-3178-1841-B21D44877619}.Debug|Win32.Build.0 = Debug|Win32
		{700FB23F-E318-3178-1841-B21D44877619}.DebugKalydo|Win32.ActiveCfg = Debug|Win32
		{700FB23F-E318-3178-1841-B21D44877619}.DEVTEST|Win32.ActiveCfg = DEVTEST|Win32
		{700FB23F-E318-3178-1841-B21D44877619}.DEVTEST|Win32.Build.0 = DEVTEST|Win32
		{700FB23F-E318-3178-1841-B21D44877619}.GERLIVE|Win32.ActiveCfg = GERLIVE|Win32
		{700FB23F-E318-3178-1841-B21D44877619}.GERLIVE|Win32.Build.0 = GERLIVE|Win32
		{700FB23F-E318-3178-1841-B21D44877619}.GERLIVEKalydo|Win32.ActiveCfg = GERLIVE|Win32
		{700FB23F-E318-3178-1841-B21D44877619}.GERLIVEKalydo|Win32.Build.0 = GERLIVE|Win32
		{700FB23F-E318-3178-1841-B21D44877619}.KORTEST|Win32.ActiveCfg = KORTEST|Win32
		{700FB23F-E318-3178-1841-B21D44877619}.KORTEST|Win32.Build.0 = KORTEST|Win32
		{700FB23F-E318-3178-1841-B21D44877619}.MAXLIVE|Win32.ActiveCfg = MAXLIVE|Win32
		{700FB23F-E318-3178-1841-B21D44877619}.MAXLIVE|Win32.Build.0 = MAXLIVE|Win32
		{700FB23F-E318-3178-1841-B21D44877619}.ReleaseKalydo|Win32.ActiveCfg = RUSLIVE|Win32
		{700FB23F-E318-3178-1841-B21D44877619}.RUSLIVE|Win32.ActiveCfg = RUSLIVE|Win32
		{700FB23F-E318-3178-1841-B21D44877619}.RUSLIVE|Win32.Build.0 = RUSLIVE|Win32
		{700FB23F-E318-3178-1841-B21D44877619}.Template|Win32.ActiveCfg = Template|Win32
		{700FB23F-E318-3178-1841-B21D44877619}.THAILIVE|Win32.ActiveCfg = THAILIVE|Win32
		{700FB23F-E318-3178-1841-B21D44877619}.THAILIVE|Win32.Build.0 = THAILIVE|Win32
		{700FB23F-E318-3178-1841-B21D44877619}.USALIVE|Win32.ActiveCfg = USALIVE|Win32
		{700FB23F-E318-3178-1841-B21D44877619}.USALIVE|Win32.Build.0 = USALIVE|Win32
		{700FB23F-E318-3178-1841-B21D44877619}.WORLDEDITOR|Win32.ActiveCfg = WORLDEDITOR|Win32
		{700FB23F-E318-3178-1841-B21D44877619}.WORLDEDITOR|Win32.Build.0 = WORLDEDITOR|Win32
		{D42BFFDE-1521-EC17-8741-96F54EEED515}.BRZLIVE|Win32.ActiveCfg = BRZLIVE|Win32
		{D42BFFDE-1521-EC17-8741-96F54EEED515}.BRZLIVE|Win32.Build.0 = BRZLIVE|Win32
		{D42BFFDE-1521-EC17-8741-96F54EEED515}.Debug|Win32.ActiveCfg = Debug|Win32
		{D42BFFDE-1521-EC17-8741-96F54EEED515}.Debug|Win32.Build.0 = Debug|Win32
		{D42BFFDE-1521-EC17-8741-96F54EEED515}.DebugKalydo|Win32.ActiveCfg = DebugKalydo|Win32
		{D42BFFDE-1521-EC17-8741-96F54EEED515}.DEVTEST|Win32.ActiveCfg = DEVTEST|Win32
		{D42BFFDE-1521-EC17-8741-96F54EEED515}.DEVTEST|Win32.Build.0 = DEVTEST|Win32
		{D42BFFDE-1521-EC17-8741-96F54EEED515}.GERLIVE|Win32.ActiveCfg = GERLIVE|Win32
		{D42BFFDE-1521-EC17-8741-96F54EEED515}.GERLIVE|Win32.Build.0 = GERLIVE|Win32
		{D42BFFDE-1521-EC17-8741-96F54EEED515}.GERLIVEKalydo|Win32.ActiveCfg = GERLIVEKalydo|Win32
		{D42BFFDE-1521-EC17-8741-96F54EEED515}.GERLIVEKalydo|Win32.Build.0 = GERLIVEKalydo|Win32
		{D42BFFDE-1521-EC17-8741-96F54EEED515}.KORTEST|Win32.ActiveCfg = KORTEST|Win32
		{D42BFFDE-1521-EC17-8741-96F54EEED515}.KORTEST|Win32.Build.0 = KORTEST|Win32
		{D42BFFDE-1521-EC17-8741-96F54EEED515}.MAXLIVE|Win32.ActiveCfg = MAXLIVE|Win32
		{D42BFFDE-1521-EC17-8741-96F54EEED515}.MAXLIVE|Win32.Build.0 = MAXLIVE|Win32
		{D42BFFDE-1521-EC17-8741-96F54EEED515}.ReleaseKalydo|Win32.ActiveCfg = ReleaseKalydo|Win32
		{D42BFFDE-1521-EC17-8741-96F54EEED515}.RUSLIVE|Win32.ActiveCfg = RUSLIVE|Win32
		{D42BFFDE-1521-EC17-8741-96F54EEED515}.RUSLIVE|Win32.Build.0 = RUSLIVE|Win32
		{D42BFFDE-1521-EC17-8741-96F54EEED515}.Template|Win32.ActiveCfg = Template|Win32
		{D42BFFDE-1521-EC17-8741-96F54EEED515}.THAILIVE|Win32.ActiveCfg = THAILIVE|Win32
		{D42BFFDE-1521-EC17-8741-96F54EEED515}.THAILIVE|Win32.Build.0 = THAILIVE|Win32
		{D42BFFDE-1521-EC17-8741-96F54EEED515}.USALIVE|Win32.ActiveCfg = USALIVE|Win32
		{D42BFFDE-1521-EC17-8741-96F54EEED515}.USALIVE|Win32.Build.0 = USALIVE|Win32
		{D42BFFDE-1521-EC17-8741-96F54EEED515}.WORLDEDITOR|Win32.ActiveCfg = WORLDEDITOR|Win32
		{D42BFFDE-1521-EC17-8741-96F54EEED515}.WORLDEDITOR|Win32.Build.0 = WORLDEDITOR|Win32
		{A3109CCC-B83D-4D6C-A214-03C10084F276}.BRZLIVE|Win32.ActiveCfg = Release|Win32
		{A3109CCC-B83D-4D6C-A214-03C10084F276}.BRZLIVE|Win32.Build.0 = Release|Win32
		{A3109CCC-B83D-4D6C-A214-03C10084F276}.Debug|Win32.ActiveCfg = Debug|Win32
		{A3109CCC-B83D-4D6C-A214-03C10084F276}.Debug|Win32.Build.0 = Debug|Win32
		{A3109CCC-B83D-4D6C-A214-03C10084F276}.DebugKalydo|Win32.ActiveCfg = Debug|Win32
		{A3109CCC-B83D-4D6C-A214-03C10084F276}.DebugKalydo|Win32.Build.0 = Debug|Win32
		{A3109CCC-B83D-4D6C-A214-03C10084F276}.DEVTEST|Win32.ActiveCfg = DEVTEST|Win32
		{A3109CCC-B83D-4D6C-A214-03C10084F276}.DEVTEST|Win32.Build.0 = DEVTEST|Win32
		{A3109CCC-B83D-4D6C-A214-03C10084F276}.GERLIVE|Win32.ActiveCfg = Release|Win32
		{A3109CCC-B83D-4D6C-A214-03C10084F276}.GERLIVE|Win32.Build.0 = Release|Win32
		{A3109CCC-B83D-4D6C-A214-03C10084F276}.GERLIVEKalydo|Win32.ActiveCfg = Release|Win32
		{A3109CCC-B83D-4D6C-A214-03C10084F276}.GERLIVEKalydo|Win32.Build.0 = Release|Win32
		{A3109CCC-B83D-4D6C-A214-03C10084F276}.KORTEST|Win32.ActiveCfg = Release|Win32
		{A3109CCC-B83D-4D6C-A214-03C10084F276}.KORTEST|Win32.Build.0 = Release|Win32
		{A3109CCC-B83D-4D6C-A214-03C10084F276}.MAXLIVE|Win32.ActiveCfg = Release|Win32
		{A3109CCC-B83D-4D6C-A214-03C10084F276}.MAXLIVE|Win32.Build.0 = Release|Win32
		{A3109CCC-B83D-4D6C-A214-03C10084F276}.ReleaseKalydo|Win32.ActiveCfg = Release|Win32
		{A3109CCC-B83D-4D6C-A214-03C10084F276}.ReleaseKalydo|Win32.Build.0 = Release|Win32
		{A3109CCC-B83D-4D6C-A214-03C10084F276}.RUSLIVE|Win32.ActiveCfg = Release|Win32
		{A3109CCC-B83D-4D6C-A214-03C10084F276}.RUSLIVE|Win32.Build.0 = Release|Win32
		{A3109CCC-B83D-4D6C-A214-03C10084F276}.Template|Win32.ActiveCfg = Release|Win32
		{A3109CCC-B83D-4D6C-A214-03C10084F276}.Template|Win32.Build.0 = Release|Win32
		{A3109CCC-B83D-4D6C-A214-03C10084F276}.THAILIVE|Win32.ActiveCfg = Release|Win32
		{A3109CCC-B83D-4D6C-A214-03C10084F276}.THAILIVE|Win32.Build.0 = Release|Win32
		{A3109CCC-B83D-4D6C-A214-03C10084F276}.USALIVE|Win32.ActiveCfg = Release|Win32
		{A3109CCC-B83D-4D6C-A214-03C10084F276}.USALIVE|Win32.Build.0 = Release|Win32
		{A3109CCC-B83D-4D6C-A214-03C10084F276}.WORLDEDITOR|Win32.ActiveCfg = Release|Win32
		{A3109CCC-B83D-4D6C-A214-03C10084F276}.WORLDEDITOR|Win32.Build.0 = Release|Win32
	EndGlobalSection
	GlobalSection(SolutionProperties) = preSolution
		HideSolutionNode = FALSE
	EndGlobalSection
EndGlobal
