<?xml version="1.0" encoding="utf-8"?>
<Project ToolsVersion="4.0" xmlns="http://schemas.microsoft.com/developer/msbuild/2003">
  <ItemGroup>
    <Filter Include="Source Files">
      <UniqueIdentifier>{1c81b028-7c05-48c4-94e8-8a75b464f99f}</UniqueIdentifier>
      <Extensions>cpp;c;cxx;rc;def;r;odl;idl;hpj;bat</Extensions>
    </Filter>
    <Filter Include="Header Files">
      <UniqueIdentifier>{ae758147-a253-4b10-b52e-c8ac59abef34}</UniqueIdentifier>
      <Extensions>h;hpp;hxx;hm;inl</Extensions>
    </Filter>
    <Filter Include="Setting Files">
      <UniqueIdentifier>{cd32c6c9-fdad-4a25-8b45-eda674756de1}</UniqueIdentifier>
    </Filter>
    <Filter Include="Makefile">
      <UniqueIdentifier>{921d3b13-fb25-4fdc-b08e-bac774d70c19}</UniqueIdentifier>
    </Filter>
  </ItemGroup>
  <ItemGroup>
    <ClCompile Include="Cmd.cpp">
      <Filter>Source Files</Filter>
    </ClCompile>
    <ClCompile Include="CmdMsg.cpp">
      <Filter>Source Files</Filter>
    </ClCompile>
    <ClCompile Include="ConfigFile.cpp">
      <Filter>Source Files</Filter>
    </ClCompile>
    <ClCompile Include="Descriptor.cpp">
      <Filter>Source Files</Filter>
    </ClCompile>
    <ClCompile Include="doFunc.cpp">
      <Filter>Source Files</Filter>
    </ClCompile>
    <ClCompile Include="Messenger.cpp">
      <Filter>Source Files</Filter>
    </ClCompile>
    <ClCompile Include="Server.cpp">
      <Filter>Source Files</Filter>
    </ClCompile>
    <ClCompile Include="Utils.cpp">
      <Filter>Source Files</Filter>
    </ClCompile>
    <ClCompile Include="GMToolInMessenger.cpp">
      <Filter>Source Files</Filter>
    </ClCompile>
    <ClCompile Include="SubHelperInMessenger.cpp">
      <Filter>Source Files</Filter>
    </ClCompile>
  </ItemGroup>
  <ItemGroup>
    <ClInclude Include="Cmd.h">
      <Filter>Header Files</Filter>
    </ClInclude>
    <ClInclude Include="CmdMsg.h">
      <Filter>Header Files</Filter>
    </ClInclude>
    <ClInclude Include="ConfigFile.h">
      <Filter>Header Files</Filter>
    </ClInclude>
    <ClInclude Include="Descriptor.h">
      <Filter>Header Files</Filter>
    </ClInclude>
    <ClInclude Include="doFunc.h">
      <Filter>Header Files</Filter>
    </ClInclude>
    <ClInclude Include="MsgList.h">
      <Filter>Header Files</Filter>
    </ClInclude>
    <ClInclude Include="Server.h">
      <Filter>Header Files</Filter>
    </ClInclude>
    <ClInclude Include="stdhdrs.h">
      <Filter>Header Files</Filter>
    </ClInclude>
    <ClInclude Include="GMToolInMessenger.h">
      <Filter>Header Files</Filter>
    </ClInclude>
    <ClInclude Include="SubHelperInMessenger.h">
      <Filter>Header Files</Filter>
    </ClInclude>
    <ClInclude Include="Utils.h">
      <Filter>Header Files</Filter>
    </ClInclude>
  </ItemGroup>
  <ItemGroup>
    <None Include="newStobm.bin">
      <Filter>Setting Files</Filter>
    </None>
    <None Include="newStobm.bin.new">
      <Filter>Setting Files</Filter>
    </None>
    <None Include="Makefile">
      <Filter>Makefile</Filter>
    </None>
  </ItemGroup>
</Project>