<?xml version="1.0" encoding="utf-8"?>
<Project ToolsVersion="4.0" xmlns="http://schemas.microsoft.com/developer/msbuild/2003">
  <ItemGroup>
    <Filter Include="Source Files">
      <UniqueIdentifier>{13028290-e275-49f9-ae08-cdd2160ed6e3}</UniqueIdentifier>
      <Extensions>cpp;c;cxx;rc;def;r;odl;idl;hpj;bat</Extensions>
    </Filter>
    <Filter Include="Header Files">
      <UniqueIdentifier>{91ee0d2c-80fa-48db-b580-1fdce61f2a6e}</UniqueIdentifier>
      <Extensions>h;hpp;hxx;hm;inl</Extensions>
    </Filter>
    <Filter Include="Resource Files">
      <UniqueIdentifier>{bdc27817-0818-44b7-89e5-1e95638f53fd}</UniqueIdentifier>
      <Extensions>ico;cur;bmp;dlg;rc2;rct;bin;rgs;gif;jpg;jpeg;jpe</Extensions>
    </Filter>
    <Filter Include="XTrap">
      <UniqueIdentifier>{0649a00f-fec0-420a-bf26-4e2404ea4c07}</UniqueIdentifier>
    </Filter>
    <Filter Include="Scripts">
      <UniqueIdentifier>{341021f6-2323-47f8-b6f8-98478ae70d41}</UniqueIdentifier>
    </Filter>
    <Filter Include="Texts">
      <UniqueIdentifier>{e9bd19d8-1194-4a98-948a-0d88156e3cd6}</UniqueIdentifier>
    </Filter>
  </ItemGroup>
  <ItemGroup>
    <ClCompile Include="CmdLine.cpp">
      <Filter>Source Files</Filter>
    </ClCompile>
    <ClCompile Include="GameGuard.cpp">
      <Filter>Source Files</Filter>
    </ClCompile>
    <ClCompile Include="GLSettings.cpp">
      <Filter>Source Files</Filter>
    </ClCompile>
    <ClCompile Include="MainWindow.cpp">
      <Filter>Source Files</Filter>
    </ClCompile>
    <ClCompile Include="Nksp.cpp">
      <Filter>Source Files</Filter>
    </ClCompile>
    <ClCompile Include="SplashScreen.cpp">
      <Filter>Source Files</Filter>
    </ClCompile>
    <ClCompile Include="StdH.cpp">
      <Filter>Source Files</Filter>
    </ClCompile>
    <ClCompile Include="VarList.cpp">
      <Filter>Source Files</Filter>
    </ClCompile>
    <ClCompile Include="xTrapWrapper.cpp">
      <Filter>XTrap</Filter>
    </ClCompile>
  </ItemGroup>
  <ItemGroup>
    <ClInclude Include="CDCheck.h">
      <Filter>Header Files</Filter>
    </ClInclude>
    <ClInclude Include="CmdLine.h">
      <Filter>Header Files</Filter>
    </ClInclude>
    <ClInclude Include="GameGuard.h">
      <Filter>Header Files</Filter>
    </ClInclude>
    <ClInclude Include="GLSettings.h">
      <Filter>Header Files</Filter>
    </ClInclude>
    <ClInclude Include="..\Engine\Templates\HashTable_CEffectGroup.h">
      <Filter>Header Files</Filter>
    </ClInclude>
    <ClInclude Include="MainWindow.h">
      <Filter>Header Files</Filter>
    </ClInclude>
    <ClInclude Include="..\Engine\Network\MessageDispatcher.h">
      <Filter>Header Files</Filter>
    </ClInclude>
    <ClInclude Include="Nksp.h">
      <Filter>Header Files</Filter>
    </ClInclude>
    <ClInclude Include="resource.h">
      <Filter>Header Files</Filter>
    </ClInclude>
    <ClInclude Include="SplashScreen.h">
      <Filter>Header Files</Filter>
    </ClInclude>
    <ClInclude Include="StdH.h">
      <Filter>Header Files</Filter>
    </ClInclude>
    <ClInclude Include="VarList.h">
      <Filter>Header Files</Filter>
    </ClInclude>
    <ClInclude Include="xTrapWrapper.h">
      <Filter>XTrap</Filter>
    </ClInclude>
  </ItemGroup>
  <ItemGroup>
    <ResourceCompile Include="Nksp.rc">
      <Filter>Resource Files</Filter>
    </ResourceCompile>
  </ItemGroup>
  <ItemGroup>
    <CustomBuild Include="res\cur_00.cur">
      <Filter>Resource Files</Filter>
    </CustomBuild>
    <CustomBuild Include="res\cur_01.cur">
      <Filter>Resource Files</Filter>
    </CustomBuild>
    <CustomBuild Include="res\cur_02.cur">
      <Filter>Resource Files</Filter>
    </CustomBuild>
    <CustomBuild Include="res\cur_03.cur">
      <Filter>Resource Files</Filter>
    </CustomBuild>
    <CustomBuild Include="res\cur_04.cur">
      <Filter>Resource Files</Filter>
    </CustomBuild>
    <CustomBuild Include="res\cur_05.cur">
      <Filter>Resource Files</Filter>
    </CustomBuild>
    <CustomBuild Include="res\cur_06.cur">
      <Filter>Resource Files</Filter>
    </CustomBuild>
    <CustomBuild Include="res\cur_07.cur">
      <Filter>Resource Files</Filter>
    </CustomBuild>
    <CustomBuild Include="res\cur_08.cur">
      <Filter>Resource Files</Filter>
    </CustomBuild>
    <CustomBuild Include="res\cur_09.cur">
      <Filter>Resource Files</Filter>
    </CustomBuild>
    <CustomBuild Include="res\cur_10.cur">
      <Filter>Resource Files</Filter>
    </CustomBuild>
    <CustomBuild Include="res\lastwar.ico">
      <Filter>Resource Files</Filter>
    </CustomBuild>
    <CustomBuild Include="res\Nksp.ico">
      <Filter>Resource Files</Filter>
    </CustomBuild>
    <CustomBuild Include="nocursor.cur">
      <Filter>Resource Files</Filter>
    </CustomBuild>
    <CustomBuild Include="res\shadow.ico">
      <Filter>Resource Files</Filter>
    </CustomBuild>
    <CustomBuild Include="Splash.bmp">
      <Filter>Resource Files</Filter>
    </CustomBuild>
    <CustomBuild Include="SplashMask.bmp">
      <Filter>Resource Files</Filter>
    </CustomBuild>
    <CustomBuild Include="res\test_exe_blue.ico">
      <Filter>Resource Files</Filter>
    </CustomBuild>
  </ItemGroup>
</Project>