<?xml version="1.0" encoding="utf-8"?>
<Project ToolsVersion="4.0" xmlns="http://schemas.microsoft.com/developer/msbuild/2003">
  <ItemGroup>
    <Filter Include="Source Files">
      <UniqueIdentifier>{712325ff-36e2-40f3-ac0c-7418fe01c87b}</UniqueIdentifier>
      <Extensions>cpp;c;cxx;rc;def;r;odl;idl;hpj;bat</Extensions>
    </Filter>
    <Filter Include="Makefile">
      <UniqueIdentifier>{577e698a-335a-4a6f-a68a-d1324827aed5}</UniqueIdentifier>
    </Filter>
    <Filter Include="Localize">
      <UniqueIdentifier>{e1e7dbc5-b171-46e4-8d19-a7eb9f323f6a}</UniqueIdentifier>
      <Extensions>inc;inh</Extensions>
    </Filter>
    <Filter Include="xtrap">
      <UniqueIdentifier>{92899325-a96f-4af5-ac5c-3b7841cf7323}</UniqueIdentifier>
    </Filter>
    <Filter Include="Documents">
      <UniqueIdentifier>{e29cc89c-6425-4088-9939-f030ab73b092}</UniqueIdentifier>
      <Extensions>xls</Extensions>
    </Filter>
    <Filter Include="Header Files">
      <UniqueIdentifier>{9971240a-66fc-4935-8110-19ada4af1b03}</UniqueIdentifier>
      <Extensions>h;hpp;hxx;hm;inl</Extensions>
    </Filter>
    <Filter Include="Source Files\Settings">
      <UniqueIdentifier>{7b0c12a7-ccf2-4894-8251-55f5868f07b9}</UniqueIdentifier>
    </Filter>
  </ItemGroup>
  <ItemGroup>
    <ClCompile Include="Affinity.cpp">
      <Filter>Source Files</Filter>
    </ClCompile>
    <ClCompile Include="APet.cpp">
      <Filter>Source Files</Filter>
    </ClCompile>
    <ClCompile Include="APetProto.cpp">
      <Filter>Source Files</Filter>
    </ClCompile>
    <ClCompile Include="Area.cpp">
      <Filter>Source Files</Filter>
    </ClCompile>
    <ClCompile Include="Assist.cpp">
      <Filter>Source Files</Filter>
    </ClCompile>
    <ClCompile Include="Battle.cpp">
      <Filter>Source Files</Filter>
    </ClCompile>
    <ClCompile Include="Battle_DivisionExpSP.cpp">
      <Filter>Source Files</Filter>
    </ClCompile>
    <ClCompile Include="Battle_GetDamage.cpp">
      <Filter>Source Files</Filter>
    </ClCompile>
    <ClCompile Include="Battle_IsAvailable.cpp">
      <Filter>Source Files</Filter>
    </ClCompile>
    <ClCompile Include="Battle_NPCDropItem.cpp">
      <Filter>Source Files</Filter>
    </ClCompile>
    <ClCompile Include="Battle_ProcAfterHit.cpp">
      <Filter>Source Files</Filter>
    </ClCompile>
    <ClCompile Include="Battle_ProcDead_APet.cpp">
      <Filter>Source Files</Filter>
    </ClCompile>
    <ClCompile Include="Battle_ProcDead_Elemental.cpp">
      <Filter>Source Files</Filter>
    </ClCompile>
    <ClCompile Include="Battle_ProcDead_NPC.cpp">
      <Filter>Source Files</Filter>
    </ClCompile>
    <ClCompile Include="Battle_ProcDead_PC.cpp">
      <Filter>Source Files</Filter>
    </ClCompile>
    <ClCompile Include="Battle_ProcDead_Pet.cpp">
      <Filter>Source Files</Filter>
    </ClCompile>
    <ClCompile Include="Cell.cpp">
      <Filter>Source Files</Filter>
    </ClCompile>
    <ClCompile Include="Character.cpp">
      <Filter>Source Files</Filter>
    </ClCompile>
    <ClCompile Include="Cmd.cpp">
      <Filter>Source Files</Filter>
    </ClCompile>
    <ClCompile Include="CmdMsg.cpp">
      <Filter>Source Files</Filter>
    </ClCompile>
    <ClCompile Include="ConfigFile.cpp">
      <Filter>Source Files</Filter>
    </ClCompile>
    <ClCompile Include="Descriptor.cpp">
      <Filter>Source Files</Filter>
    </ClCompile>
    <ClCompile Include="doFuncAction.cpp">
      <Filter>Source Files</Filter>
    </ClCompile>
    <ClCompile Include="doFuncAdmin.cpp">
      <Filter>Source Files</Filter>
    </ClCompile>
    <ClCompile Include="doFuncAffinity.cpp">
      <Filter>Source Files</Filter>
    </ClCompile>
    <ClCompile Include="doFuncAttack.cpp">
      <Filter>Source Files</Filter>
    </ClCompile>
    <ClCompile Include="doFuncCashItem.cpp">
      <Filter>Source Files</Filter>
    </ClCompile>
    <ClCompile Include="doFuncChangeJob.cpp">
      <Filter>Source Files</Filter>
    </ClCompile>
    <ClCompile Include="doFuncChat.cpp">
      <Filter>Source Files</Filter>
    </ClCompile>
    <ClCompile Include="doFuncEtc.cpp">
      <Filter>Source Files</Filter>
    </ClCompile>
    <ClCompile Include="doFuncEvent.cpp">
      <Filter>Source Files</Filter>
    </ClCompile>
    <ClCompile Include="doFuncExAPet.cpp">
      <Filter>Source Files</Filter>
    </ClCompile>
    <ClCompile Include="doFuncExCastleMap.cpp">
      <Filter>Source Files</Filter>
    </ClCompile>
    <ClCompile Include="doFuncExCastllan.cpp">
      <Filter>Source Files</Filter>
    </ClCompile>
    <ClCompile Include="doFuncExchange.cpp">
      <Filter>Source Files</Filter>
    </ClCompile>
    <ClCompile Include="doFuncExPartyMatch.cpp">
      <Filter>Source Files</Filter>
    </ClCompile>
    <ClCompile Include="doFuncExpedition.cpp">
      <Filter>Source Files</Filter>
    </ClCompile>
    <ClCompile Include="doFuncExPet.cpp">
      <Filter>Source Files</Filter>
    </ClCompile>
    <ClCompile Include="doFuncExSocket.cpp">
      <Filter>Source Files</Filter>
    </ClCompile>
    <ClCompile Include="doFuncExSubJob.cpp">
      <Filter>Source Files</Filter>
    </ClCompile>
    <ClCompile Include="doFuncExtremeCube.cpp">
      <Filter>Source Files</Filter>
    </ClCompile>
    <ClCompile Include="doFuncFactory.cpp">
      <Filter>Source Files</Filter>
    </ClCompile>
    <ClCompile Include="doFuncFriend.cpp">
      <Filter>Source Files</Filter>
    </ClCompile>
    <ClCompile Include="doFuncGuild.cpp">
      <Filter>Source Files</Filter>
    </ClCompile>
    <ClCompile Include="doFuncItem.cpp">
      <Filter>Source Files</Filter>
    </ClCompile>
    <ClCompile Include="doFuncMemPos.cpp">
      <Filter>Source Files</Filter>
    </ClCompile>
    <ClCompile Include="doFuncMonsterCombo.cpp">
      <Filter>Source Files</Filter>
    </ClCompile>
    <ClCompile Include="doFuncMove.cpp">
      <Filter>Source Files</Filter>
    </ClCompile>
    <ClCompile Include="doFuncNPCRegen.cpp">
      <Filter>Source Files</Filter>
    </ClCompile>
    <ClCompile Include="doFuncParty.cpp">
      <Filter>Source Files</Filter>
    </ClCompile>
    <ClCompile Include="doFuncPersonalShop.cpp">
      <Filter>Source Files</Filter>
    </ClCompile>
    <ClCompile Include="doFuncPK.cpp">
      <Filter>Source Files</Filter>
    </ClCompile>
    <ClCompile Include="doFuncProduce.cpp">
      <Filter>Source Files</Filter>
    </ClCompile>
    <ClCompile Include="doFuncQuest.cpp">
      <Filter>Source Files</Filter>
    </ClCompile>
    <ClCompile Include="doFuncQuickSlot.cpp">
      <Filter>Source Files</Filter>
    </ClCompile>
    <ClCompile Include="doFuncRaid.cpp">
      <Filter>Source Files</Filter>
    </ClCompile>
    <ClCompile Include="doFuncRebirth.cpp">
      <Filter>Source Files</Filter>
    </ClCompile>
    <ClCompile Include="doFuncSkill.cpp">
      <Filter>Source Files</Filter>
    </ClCompile>
    <ClCompile Include="doFuncSSkill.cpp">
      <Filter>Source Files</Filter>
    </ClCompile>
    <ClCompile Include="doFuncStash.cpp">
      <Filter>Source Files</Filter>
    </ClCompile>
    <ClCompile Include="doFuncTeach.cpp">
      <Filter>Source Files</Filter>
    </ClCompile>
    <ClCompile Include="doFuncTradeAgent.cpp">
      <Filter>Source Files</Filter>
    </ClCompile>
    <ClCompile Include="doFuncTrigerEvent.cpp">
      <Filter>Source Files</Filter>
    </ClCompile>
    <ClCompile Include="doFuncWarp.cpp">
      <Filter>Source Files</Filter>
    </ClCompile>
    <ClCompile Include="DratanCastle.cpp">
      <Filter>Source Files</Filter>
    </ClCompile>
    <ClCompile Include="Elemental.cpp">
      <Filter>Source Files</Filter>
    </ClCompile>
    <ClCompile Include="Env.cpp">
      <Filter>Source Files</Filter>
    </ClCompile>
    <ClCompile Include="ExchangeItems.cpp">
      <Filter>Source Files</Filter>
    </ClCompile>
    <ClCompile Include="Exp.cpp">
      <Filter>Source Files</Filter>
    </ClCompile>
    <ClCompile Include="Expedition.cpp">
      <Filter>Source Files</Filter>
    </ClCompile>
    <ClCompile Include="ExtremeCube.cpp">
      <Filter>Source Files</Filter>
    </ClCompile>
    <ClCompile Include="Factory.cpp">
      <Filter>Source Files</Filter>
    </ClCompile>
    <ClCompile Include="Friend.cpp">
      <Filter>Source Files</Filter>
    </ClCompile>
    <ClCompile Include="GameServer.cpp">
      <Filter>Source Files</Filter>
    </ClCompile>
    <ClCompile Include="Guild.cpp">
      <Filter>Source Files</Filter>
    </ClCompile>
    <ClCompile Include="hardcoding.cpp">
      <Filter>Source Files</Filter>
    </ClCompile>
    <ClCompile Include="Item.cpp">
      <Filter>Source Files</Filter>
    </ClCompile>
    <ClCompile Include="LacaRette.cpp">
      <Filter>Source Files</Filter>
    </ClCompile>
    <ClCompile Include="Log.cpp">
      <Filter>Source Files</Filter>
    </ClCompile>
    <ClCompile Include="LuckyDrawBox.cpp">
      <Filter>Source Files</Filter>
    </ClCompile>
    <ClCompile Include="MapAttr.cpp">
      <Filter>Source Files</Filter>
    </ClCompile>
    <ClCompile Include="MemPos.cpp">
      <Filter>Source Files</Filter>
    </ClCompile>
    <ClCompile Include="MobActivity.cpp">
      <Filter>Source Files</Filter>
    </ClCompile>
    <ClCompile Include="MonsterCombo.cpp">
      <Filter>Source Files</Filter>
    </ClCompile>
    <ClCompile Include="MonsterMercenary.cpp">
      <Filter>Source Files</Filter>
    </ClCompile>
    <ClCompile Include="NPC.cpp">
      <Filter>Source Files</Filter>
    </ClCompile>
    <ClCompile Include="NPCProto.cpp">
      <Filter>Source Files</Filter>
    </ClCompile>
    <ClCompile Include="NPCRegenInfo.cpp">
      <Filter>Source Files</Filter>
    </ClCompile>
    <ClCompile Include="Option.cpp">
      <Filter>Source Files</Filter>
    </ClCompile>
    <ClCompile Include="Party.cpp">
      <Filter>Source Files</Filter>
    </ClCompile>
    <ClCompile Include="PC.cpp">
      <Filter>Source Files</Filter>
    </ClCompile>
    <ClCompile Include="PersonalShop.cpp">
      <Filter>Source Files</Filter>
    </ClCompile>
    <ClCompile Include="Pet.cpp">
      <Filter>Source Files</Filter>
    </ClCompile>
    <ClCompile Include="ProcConnMsg.cpp">
      <Filter>Source Files</Filter>
    </ClCompile>
    <ClCompile Include="ProcHelperMsg.cpp">
      <Filter>Source Files</Filter>
    </ClCompile>
    <ClCompile Include="ProcMsgrMsg.cpp">
      <Filter>Source Files</Filter>
    </ClCompile>
    <ClCompile Include="ProcSubHelperMsg.cpp">
      <Filter>Source Files</Filter>
    </ClCompile>
    <ClCompile Include="Quest.cpp">
      <Filter>Source Files</Filter>
    </ClCompile>
    <ClCompile Include="RaidData.cpp">
      <Filter>Source Files</Filter>
    </ClCompile>
    <ClCompile Include="RareOptionProto.cpp">
      <Filter>Source Files</Filter>
    </ClCompile>
    <ClCompile Include="Server.cpp">
      <Filter>Source Files</Filter>
    </ClCompile>
    <ClCompile Include="ServerRun.cpp">
      <Filter>Source Files</Filter>
    </ClCompile>
    <ClCompile Include="SetItemProto.cpp">
      <Filter>Source Files</Filter>
    </ClCompile>
    <ClCompile Include="Skill.cpp">
      <Filter>Source Files</Filter>
    </ClCompile>
    <ClCompile Include="SocketSystem.cpp">
      <Filter>Source Files</Filter>
    </ClCompile>
    <ClCompile Include="SSkill.cpp">
      <Filter>Source Files</Filter>
    </ClCompile>
    <ClCompile Include="TitleSystem.cpp">
      <Filter>Source Files</Filter>
    </ClCompile>
    <ClCompile Include="TrigerSet.cpp">
      <Filter>Source Files</Filter>
    </ClCompile>
    <ClCompile Include="Utils.cpp">
      <Filter>Source Files</Filter>
    </ClCompile>
    <ClCompile Include="WarCastle.cpp">
      <Filter>Source Files</Filter>
    </ClCompile>
    <ClCompile Include="WarCastle_Merac.cpp">
      <Filter>Source Files</Filter>
    </ClCompile>
    <ClCompile Include="WarCastleFunc.cpp">
      <Filter>Source Files</Filter>
    </ClCompile>
    <ClCompile Include="Zone.cpp">
      <Filter>Source Files</Filter>
    </ClCompile>
    <ClCompile Include="HexaDump4XTrap.cpp">
      <Filter>xtrap</Filter>
    </ClCompile>
    <ClCompile Include="XTrap4Server.cpp">
      <Filter>xtrap</Filter>
    </ClCompile>
    <ClCompile Include="Promotion2Event.cpp">
      <Filter>Source Files</Filter>
    </ClCompile>
    <ClCompile Include="WarGround.cpp">
      <Filter>Source Files</Filter>
    </ClCompile>
    <ClCompile Include="RewardEvnetItemManager.cpp">
      <Filter>Source Files</Filter>
    </ClCompile>
    <ClCompile Include="Product.cpp">
      <Filter>Source Files</Filter>
    </ClCompile>
    <ClCompile Include="ProductManager.cpp">
      <Filter>Source Files</Filter>
    </ClCompile>
    <ClCompile Include="GuildKick.cpp">
      <Filter>Source Files</Filter>
    </ClCompile>
    <ClCompile Include="Reward.cpp">
      <Filter>Source Files</Filter>
    </ClCompile>
    <ClCompile Include="eventAutomation.cpp">
      <Filter>Source Files</Filter>
    </ClCompile>
    <ClCompile Include="PCList.cpp">
      <Filter>Source Files</Filter>
    </ClCompile>
    <ClCompile Include="DropItem.cpp">
      <Filter>Source Files</Filter>
    </ClCompile>
    <ClCompile Include="JumpingSystem.cpp">
      <Filter>Source Files</Filter>
    </ClCompile>
    <ClCompile Include="GMCmdList.cpp">
      <Filter>Source Files</Filter>
    </ClCompile>
    <ClCompile Include="IntergrationServer.cpp">
      <Filter>Source Files</Filter>
    </ClCompile>
    <ClCompile Include="doFuncReformSystem.cpp">
      <Filter>Source Files</Filter>
    </ClCompile>
    <ClCompile Include="RockPaperScissorsGame.cpp">
      <Filter>Source Files</Filter>
    </ClCompile>
    <ClCompile Include="RockPaperScissorsInfo.cpp">
      <Filter>Source Files</Filter>
    </ClCompile>
    <ClCompile Include="PuzzleGame.cpp">
      <Filter>Source Files</Filter>
    </ClCompile>
    <ClCompile Include="RockPaperScissorsProb.cpp">
      <Filter>Source Files</Filter>
    </ClCompile>
    <ClCompile Include="Fortune_system.cpp">
      <Filter>Source Files</Filter>
    </ClCompile>
    <ClCompile Include="Party_recall_manager.cpp">
      <Filter>Source Files</Filter>
    </ClCompile>
    <ClCompile Include="MessengerInGame.cpp">
      <Filter>Source Files</Filter>
    </ClCompile>
    <ClCompile Include="ConnectorInGame.cpp">
      <Filter>Source Files</Filter>
    </ClCompile>
    <ClCompile Include="HelperInGame.cpp">
      <Filter>Source Files</Filter>
    </ClCompile>
    <ClCompile Include="SubHelperInGame.cpp">
      <Filter>Source Files</Filter>
    </ClCompile>
    <ClCompile Include="DBManager.cpp">
      <Filter>Source Files</Filter>
    </ClCompile>
    <ClCompile Include="EventProcessWithThread.cpp">
      <Filter>Source Files</Filter>
    </ClCompile>
    <ClCompile Include="DBProcess_SelectChar.cpp">
      <Filter>Source Files</Filter>
    </ClCompile>
    <ClCompile Include="DBManager_SaveCharacterInfo.cpp">
      <Filter>Source Files</Filter>
    </ClCompile>
    <ClCompile Include="DBProcess_CreateChar.cpp">
      <Filter>Source Files</Filter>
    </ClCompile>
    <ClCompile Include="DBProcess_SaveChar.cpp">
      <Filter>Source Files</Filter>
    </ClCompile>
    <ClCompile Include="JewelData.cpp">
      <Filter>Source Files</Filter>
    </ClCompile>
    <ClCompile Include="ServerTimer.cpp">
      <Filter>Source Files</Filter>
    </ClCompile>
    <ClCompile Include="doFuncExpressSystem.cpp">
      <Filter>Source Files</Filter>
    </ClCompile>
    <ClCompile Include="TimerItemManager.cpp">
      <Filter>Source Files</Filter>
    </ClCompile>
    <ClCompile Include="doFuncReservedGMCommand.cpp">
      <Filter>Source Files</Filter>
    </ClCompile>
    <ClCompile Include="InventoryManager.cpp">
      <Filter>Source Files</Filter>
    </ClCompile>
    <ClCompile Include="PetStashManager.cpp">
      <Filter>Source Files</Filter>
    </ClCompile>
    <ClCompile Include="doFuncPetStash.cpp">
      <Filter>Source Files</Filter>
    </ClCompile>
    <ClCompile Include="WearInvenManager.cpp">
      <Filter>Source Files</Filter>
    </ClCompile>
    <ClCompile Include="doFuncRVR.cpp">
      <Filter>Source Files</Filter>
    </ClCompile>
    <ClCompile Include="SyndicateManager.cpp">
      <Filter>Source Files</Filter>
    </ClCompile>
    <ClCompile Include="SyndicateInfoDataManager.cpp">
      <Filter>Source Files</Filter>
    </ClCompile>
    <ClCompile Include="doFuncDurability.cpp">
      <Filter>Source Files</Filter>
    </ClCompile>
    <ClCompile Include="doFuncItem_useCashItem.cpp">
      <Filter>Source Files</Filter>
    </ClCompile>
    <ClCompile Include="itemExchangeProto.cpp">
      <Filter>Source Files</Filter>
    </ClCompile>
    <ClCompile Include="DescManager.cpp">
      <Filter>Source Files</Filter>
    </ClCompile>
    <ClCompile Include="doFuncGPS.cpp">
      <Filter>Source Files</Filter>
    </ClCompile>
    <ClCompile Include="GPSDataManager.cpp">
      <Filter>Source Files</Filter>
    </ClCompile>
    <ClCompile Include="GPSManager.cpp">
      <Filter>Source Files</Filter>
    </ClCompile>
    <ClCompile Include="HolyWaterData.cpp">
      <Filter>Source Files</Filter>
    </ClCompile>
    <ClCompile Include="EquipExchangeExtend.cpp">
      <Filter>Source Files</Filter>
    </ClCompile>
    <ClCompile Include="attendanceManager.cpp">
      <Filter>Source Files</Filter>
    </ClCompile>
    <ClCompile Include="ItemCollection.cpp">
      <Filter>Source Files</Filter>
    </ClCompile>
    <ClCompile Include="doFuncItemCollection.cpp">
      <Filter>Source Files</Filter>
    </ClCompile>
    <ClCompile Include="PremiumChar.cpp">
      <Filter>Source Files</Filter>
    </ClCompile>
    <ClCompile Include="doFuncPremiumChar.cpp">
      <Filter>Source Files</Filter>
    </ClCompile>
    <ClCompile Include="Notice.cpp">
      <Filter>Source Files</Filter>
    </ClCompile>
    <ClCompile Include="Artifact_Manager.cpp">
      <Filter>Source Files</Filter>
    </ClCompile>
  </ItemGroup>
  <ItemGroup>
    <ClInclude Include="Affinity.h">
      <Filter>Header Files</Filter>
    </ClInclude>
    <ClInclude Include="APetProto.h">
      <Filter>Header Files</Filter>
    </ClInclude>
    <ClInclude Include="Area.h">
      <Filter>Header Files</Filter>
    </ClInclude>
    <ClInclude Include="Assist.h">
      <Filter>Header Files</Filter>
    </ClInclude>
    <ClInclude Include="Battle.h">
      <Filter>Header Files</Filter>
    </ClInclude>
    <ClInclude Include="Cell.h">
      <Filter>Header Files</Filter>
    </ClInclude>
    <ClInclude Include="Character.h">
      <Filter>Header Files</Filter>
    </ClInclude>
    <ClInclude Include="Cmd.h">
      <Filter>Header Files</Filter>
    </ClInclude>
    <ClInclude Include="CmdMsg.h">
      <Filter>Header Files</Filter>
    </ClInclude>
    <ClInclude Include="ConfigFile.h">
      <Filter>Header Files</Filter>
    </ClInclude>
    <ClInclude Include="CPos.h">
      <Filter>Header Files</Filter>
    </ClInclude>
    <ClInclude Include="Descriptor.h">
      <Filter>Header Files</Filter>
    </ClInclude>
    <ClInclude Include="doFunc.h">
      <Filter>Header Files</Filter>
    </ClInclude>
    <ClInclude Include="DratanCastle.h">
      <Filter>Header Files</Filter>
    </ClInclude>
    <ClInclude Include="Env.h">
      <Filter>Header Files</Filter>
    </ClInclude>
    <ClInclude Include="ExchangeItems.h">
      <Filter>Header Files</Filter>
    </ClInclude>
    <ClInclude Include="Exp.h">
      <Filter>Header Files</Filter>
    </ClInclude>
    <ClInclude Include="Expedition.h">
      <Filter>Header Files</Filter>
    </ClInclude>
    <ClInclude Include="ExtremeCube.h">
      <Filter>Header Files</Filter>
    </ClInclude>
    <ClInclude Include="Factory.h">
      <Filter>Header Files</Filter>
    </ClInclude>
    <ClInclude Include="Friend.h">
      <Filter>Header Files</Filter>
    </ClInclude>
    <ClInclude Include="Guild.h">
      <Filter>Header Files</Filter>
    </ClInclude>
    <ClInclude Include="hardcoding.h">
      <Filter>Header Files</Filter>
    </ClInclude>
    <ClInclude Include="Item.h">
      <Filter>Header Files</Filter>
    </ClInclude>
    <ClInclude Include="LacaRette.h">
      <Filter>Header Files</Filter>
    </ClInclude>
    <ClInclude Include="LCMD5.h">
      <Filter>Header Files</Filter>
    </ClInclude>
    <ClInclude Include="Log.h">
      <Filter>Header Files</Filter>
    </ClInclude>
    <ClInclude Include="LuckyDrawBox.h">
      <Filter>Header Files</Filter>
    </ClInclude>
    <ClInclude Include="MapAttr.h">
      <Filter>Header Files</Filter>
    </ClInclude>
    <ClInclude Include="MemPos.h">
      <Filter>Header Files</Filter>
    </ClInclude>
    <ClInclude Include="MonsterCombo.h">
      <Filter>Header Files</Filter>
    </ClInclude>
    <ClInclude Include="MonsterMercenary.h">
      <Filter>Header Files</Filter>
    </ClInclude>
    <ClInclude Include="NPCProto.h">
      <Filter>Header Files</Filter>
    </ClInclude>
    <ClInclude Include="NPCRegenInfo.h">
      <Filter>Header Files</Filter>
    </ClInclude>
    <ClInclude Include="Option.h">
      <Filter>Header Files</Filter>
    </ClInclude>
    <ClInclude Include="Party.h">
      <Filter>Header Files</Filter>
    </ClInclude>
    <ClInclude Include="PersonalShop.h">
      <Filter>Header Files</Filter>
    </ClInclude>
    <ClInclude Include="Quest.h">
      <Filter>Header Files</Filter>
    </ClInclude>
    <ClInclude Include="RaidData.h">
      <Filter>Header Files</Filter>
    </ClInclude>
    <ClInclude Include="RareOptionProto.h">
      <Filter>Header Files</Filter>
    </ClInclude>
    <ClInclude Include="Server.h">
      <Filter>Header Files</Filter>
    </ClInclude>
    <ClInclude Include="SetItemProto.h">
      <Filter>Header Files</Filter>
    </ClInclude>
    <ClInclude Include="Shop.h">
      <Filter>Header Files</Filter>
    </ClInclude>
    <ClInclude Include="Skill.h">
      <Filter>Header Files</Filter>
    </ClInclude>
    <ClInclude Include="SocketSystem.h">
      <Filter>Header Files</Filter>
    </ClInclude>
    <ClInclude Include="SSkill.h">
      <Filter>Header Files</Filter>
    </ClInclude>
    <ClInclude Include="stdhdrs.h">
      <Filter>Header Files</Filter>
    </ClInclude>
    <ClInclude Include="TitleSystem.h">
      <Filter>Header Files</Filter>
    </ClInclude>
    <ClInclude Include="TrigerSet.h">
      <Filter>Header Files</Filter>
    </ClInclude>
    <ClInclude Include="Utils.h">
      <Filter>Header Files</Filter>
    </ClInclude>
    <ClInclude Include="WarCastle.h">
      <Filter>Header Files</Filter>
    </ClInclude>
    <ClInclude Include="Zone.h">
      <Filter>Header Files</Filter>
    </ClInclude>
    <ClInclude Include="HexaDump4XTrap.h">
      <Filter>xtrap</Filter>
    </ClInclude>
    <ClInclude Include="Xtrap_S_Interface.h">
      <Filter>xtrap</Filter>
    </ClInclude>
    <ClInclude Include="Promotion2Event.h">
      <Filter>Header Files</Filter>
    </ClInclude>
    <ClInclude Include="WarGround.h">
      <Filter>Header Files</Filter>
    </ClInclude>
    <ClInclude Include="RewardEvnetItemManager.h">
      <Filter>Header Files</Filter>
    </ClInclude>
    <ClInclude Include="Product.h">
      <Filter>Header Files</Filter>
    </ClInclude>
    <ClInclude Include="ProductManager.h">
      <Filter>Header Files</Filter>
    </ClInclude>
    <ClInclude Include="GuildKick.h">
      <Filter>Header Files</Filter>
    </ClInclude>
    <ClInclude Include="Reward.h">
      <Filter>Header Files</Filter>
    </ClInclude>
    <ClInclude Include="EventAutomation.h">
      <Filter>Header Files</Filter>
    </ClInclude>
    <ClInclude Include="PCList.h">
      <Filter>Header Files</Filter>
    </ClInclude>
    <ClInclude Include="DropItem.h">
      <Filter>Header Files</Filter>
    </ClInclude>
    <ClInclude Include="JumpingSystem.h">
      <Filter>Header Files</Filter>
    </ClInclude>
    <ClInclude Include="GMCmdList.h">
      <Filter>Header Files</Filter>
    </ClInclude>
    <ClInclude Include="IntergrationServer.h">
      <Filter>Header Files</Filter>
    </ClInclude>
    <ClInclude Include="RockPaperScissorsGame.h">
      <Filter>Header Files</Filter>
    </ClInclude>
    <ClInclude Include="RockPaperScissorsInfo.h">
      <Filter>Header Files</Filter>
    </ClInclude>
    <ClInclude Include="PuzzleGame.h">
      <Filter>Header Files</Filter>
    </ClInclude>
    <ClInclude Include="RockPaperScissorsProb.h">
      <Filter>Header Files</Filter>
    </ClInclude>
    <ClInclude Include="Fortune_system.h">
      <Filter>Header Files</Filter>
    </ClInclude>
    <ClInclude Include="Party_recall_manager.h">
      <Filter>Header Files</Filter>
    </ClInclude>
    <ClInclude Include="MessengerInGame.h">
      <Filter>Header Files</Filter>
    </ClInclude>
    <ClInclude Include="ConnectorInGame.h">
      <Filter>Header Files</Filter>
    </ClInclude>
    <ClInclude Include="HelperInGame.h">
      <Filter>Header Files</Filter>
    </ClInclude>
    <ClInclude Include="SubHelperInGame.h">
      <Filter>Header Files</Filter>
    </ClInclude>
    <ClInclude Include="DBManager.h">
      <Filter>Header Files</Filter>
    </ClInclude>
    <ClInclude Include="EventProcessWithThread.h">
      <Filter>Header Files</Filter>
    </ClInclude>
    <ClInclude Include="ServerTimer.h">
      <Filter>Header Files</Filter>
    </ClInclude>
    <ClInclude Include="JewelData.h">
      <Filter>Header Files</Filter>
    </ClInclude>
    <ClInclude Include="TimerItemManager.h">
      <Filter>Header Files</Filter>
    </ClInclude>
    <ClInclude Include="InventoryManager.h">
      <Filter>Header Files</Filter>
    </ClInclude>
    <ClInclude Include="PetStashManager.h">
      <Filter>Header Files</Filter>
    </ClInclude>
    <ClInclude Include="WearInvenManager.h">
      <Filter>Header Files</Filter>
    </ClInclude>
    <ClInclude Include="SyndicateManager.h">
      <Filter>Header Files</Filter>
    </ClInclude>
    <ClInclude Include="SyndicateInfoDataManager.h">
      <Filter>Header Files</Filter>
    </ClInclude>
    <ClInclude Include="dofuncAdmin.h">
      <Filter>Header Files</Filter>
    </ClInclude>
    <ClInclude Include="gameserver_config.h">
      <Filter>Header Files</Filter>
    </ClInclude>
    <ClInclude Include="itemExchangeProto.h">
      <Filter>Header Files</Filter>
    </ClInclude>
    <ClInclude Include="DescManager.h">
      <Filter>Header Files</Filter>
    </ClInclude>
    <ClInclude Include="GPSDataManager.h">
      <Filter>Header Files</Filter>
    </ClInclude>
    <ClInclude Include="GPSManager.h">
      <Filter>Header Files</Filter>
    </ClInclude>
    <ClInclude Include="HolyWaterData.h">
      <Filter>Header Files</Filter>
    </ClInclude>
    <ClInclude Include="EquipExchangeExtend.h">
      <Filter>Header Files</Filter>
    </ClInclude>
    <ClInclude Include="ItemCollection.h">
      <Filter>Header Files</Filter>
    </ClInclude>
    <ClInclude Include="attendanceManager.h">
      <Filter>Header Files</Filter>
    </ClInclude>
    <ClInclude Include="PremiumChar.h">
      <Filter>Header Files</Filter>
    </ClInclude>
    <ClInclude Include="Notice.h">
      <Filter>Header Files</Filter>
    </ClInclude>
    <ClInclude Include="Artifact_Manager.h">
      <Filter>Header Files</Filter>
    </ClInclude>
  </ItemGroup>
  <ItemGroup>
    <None Include="data\Ascadia_MondShine_2560_2560_0.sat">
      <Filter>Source Files\Settings</Filter>
    </None>
    <None Include="data\Ascadia_MondShine_2560_2560_0.sht">
      <Filter>Source Files\Settings</Filter>
    </None>
    <None Include="data\Ascadia_MondShine_Dungeon1_1536_1536_0.sat">
      <Filter>Source Files\Settings</Filter>
    </None>
    <None Include="data\Ascadia_MondShine_Dungeon1_1536_1536_0.sht">
      <Filter>Source Files\Settings</Filter>
    </None>
    <None Include="data\Cube_1536_1536_0.sat">
      <Filter>Source Files\Settings</Filter>
    </None>
    <None Include="data\Cube_1536_1536_0.sht">
      <Filter>Source Files\Settings</Filter>
    </None>
    <None Include="data\Dratan_3072_3072_0.sat">
      <Filter>Source Files\Settings</Filter>
    </None>
    <None Include="data\Dratan_3072_3072_0.sht">
      <Filter>Source Files\Settings</Filter>
    </None>
    <None Include="data\Dratan_3072_3072_1.sat">
      <Filter>Source Files\Settings</Filter>
    </None>
    <None Include="data\Dratan_3072_3072_1.sht">
      <Filter>Source Files\Settings</Filter>
    </None>
    <None Include="data\Dratan_siegeWarfare_dungeon_1536_1536_0.sat">
      <Filter>Source Files\Settings</Filter>
    </None>
    <None Include="data\Dratan_siegeWarfare_dungeon_1536_1536_0.sht">
      <Filter>Source Files\Settings</Filter>
    </None>
    <None Include="data\Dungeon1_480_480_0.sat">
      <Filter>Source Files\Settings</Filter>
    </None>
    <None Include="data\Dungeon1_480_480_0.sht">
      <Filter>Source Files\Settings</Filter>
    </None>
    <None Include="data\Dungeon1_480_480_1.sat">
      <Filter>Source Files\Settings</Filter>
    </None>
    <None Include="data\Dungeon1_480_480_1.sht">
      <Filter>Source Files\Settings</Filter>
    </None>
    <None Include="data\Dungeon2_504_432_0.sat">
      <Filter>Source Files\Settings</Filter>
    </None>
    <None Include="data\Dungeon2_504_432_0.sht">
      <Filter>Source Files\Settings</Filter>
    </None>
    <None Include="data\Dungeon2_504_432_1.sat">
      <Filter>Source Files\Settings</Filter>
    </None>
    <None Include="data\Dungeon2_504_432_1.sht">
      <Filter>Source Files\Settings</Filter>
    </None>
    <None Include="data\Dungeon3_504_504_0.sat">
      <Filter>Source Files\Settings</Filter>
    </None>
    <None Include="data\Dungeon3_504_504_0.sht">
      <Filter>Source Files\Settings</Filter>
    </None>
    <None Include="data\Egeha_1536_1536_0.sat">
      <Filter>Source Files\Settings</Filter>
    </None>
    <None Include="data\Egeha_1536_1536_0.sht">
      <Filter>Source Files\Settings</Filter>
    </None>
    <None Include="data\Egeha_dungeon_10F_516_516_0.sat">
      <Filter>Source Files\Settings</Filter>
    </None>
    <None Include="data\Egeha_dungeon_10F_516_516_0.sht">
      <Filter>Source Files\Settings</Filter>
    </None>
    <None Include="data\Egeha_dungeon_1F_7F_600_600_0.sat">
      <Filter>Source Files\Settings</Filter>
    </None>
    <None Include="data\Egeha_dungeon_1F_7F_600_600_0.sht">
      <Filter>Source Files\Settings</Filter>
    </None>
    <None Include="data\Egeha_dungeon_8F_600_600_0.sat">
      <Filter>Source Files\Settings</Filter>
    </None>
    <None Include="data\Egeha_dungeon_8F_600_600_0.sht">
      <Filter>Source Files\Settings</Filter>
    </None>
    <None Include="data\Egeha_dungeon_9F_516_516_0.sat">
      <Filter>Source Files\Settings</Filter>
    </None>
    <None Include="data\Egeha_dungeon_9F_516_516_0.sht">
      <Filter>Source Files\Settings</Filter>
    </None>
    <None Include="data\Egeha_PK_768_768_0.sat">
      <Filter>Source Files\Settings</Filter>
    </None>
    <None Include="data\Egeha_PK_768_768_0.sht">
      <Filter>Source Files\Settings</Filter>
    </None>
    <None Include="data\GuildRoom_100_100_0.sat">
      <Filter>Source Files\Settings</Filter>
    </None>
    <None Include="data\GuildRoom_100_100_0.sht">
      <Filter>Source Files\Settings</Filter>
    </None>
    <None Include="data\M_combo_2400_2400_0_1F.sat">
      <Filter>Source Files\Settings</Filter>
    </None>
    <None Include="data\M_combo_2400_2400_0_1F.sht">
      <Filter>Source Files\Settings</Filter>
    </None>
    <None Include="data\M_combo_2400_2400_0_2F.sat">
      <Filter>Source Files\Settings</Filter>
    </None>
    <None Include="data\M_combo_2400_2400_0_2F.sht">
      <Filter>Source Files\Settings</Filter>
    </None>
    <None Include="data\Merac_1536_1536_0.sat">
      <Filter>Source Files\Settings</Filter>
    </None>
    <None Include="data\Merac_1536_1536_0.sht">
      <Filter>Source Files\Settings</Filter>
    </None>
    <None Include="data\newStobm.bin.new">
      <Filter>Source Files\Settings</Filter>
    </None>
    <None Include="data\OX_Room_120_120_0.sat">
      <Filter>Source Files\Settings</Filter>
    </None>
    <None Include="data\OX_Room_120_120_0.sht">
      <Filter>Source Files\Settings</Filter>
    </None>
    <None Include="data\P_Dungeon1_1152_1152_0.sat">
      <Filter>Source Files\Settings</Filter>
    </None>
    <None Include="data\P_Dungeon1_1152_1152_0.sht">
      <Filter>Source Files\Settings</Filter>
    </None>
    <None Include="data\PK_tournament_1F.sat">
      <Filter>Source Files\Settings</Filter>
    </None>
    <None Include="data\PK_tournament_1F.sht">
      <Filter>Source Files\Settings</Filter>
    </None>
    <None Include="data\PK_tournament_2F.sat">
      <Filter>Source Files\Settings</Filter>
    </None>
    <None Include="data\PK_tournament_2F.sht">
      <Filter>Source Files\Settings</Filter>
    </None>
    <None Include="data\S_Dungeon3.sat">
      <Filter>Source Files\Settings</Filter>
    </None>
    <None Include="data\S_Dungeon3.sht">
      <Filter>Source Files\Settings</Filter>
    </None>
    <None Include="data\S_Dungeon4_516_516_0.sat">
      <Filter>Source Files\Settings</Filter>
    </None>
    <None Include="data\S_Dungeon4_516_516_0.sht">
      <Filter>Source Files\Settings</Filter>
    </None>
    <None Include="data\SingleDungeon2_720_720_0.sat">
      <Filter>Source Files\Settings</Filter>
    </None>
    <None Include="data\SingleDungeon2_720_720_0.sht">
      <Filter>Source Files\Settings</Filter>
    </None>
    <None Include="data\SingleDungeon_768_768_0.sat">
      <Filter>Source Files\Settings</Filter>
    </None>
    <None Include="data\SingleDungeon_768_768_0.sht">
      <Filter>Source Files\Settings</Filter>
    </None>
    <None Include="data\StartZone_1536_1536_0.sat">
      <Filter>Source Files\Settings</Filter>
    </None>
    <None Include="data\StartZone_1536_1536_0.sht">
      <Filter>Source Files\Settings</Filter>
    </None>
    <None Include="data\STREIANA_1536_1536_1F.sat">
      <Filter>Source Files\Settings</Filter>
    </None>
    <None Include="data\STREIANA_1536_1536_1F.sht">
      <Filter>Source Files\Settings</Filter>
    </None>
    <None Include="data\STREIANA_1536_1536_2F.sat">
      <Filter>Source Files\Settings</Filter>
    </None>
    <None Include="data\STREIANA_1536_1536_2F.sht">
      <Filter>Source Files\Settings</Filter>
    </None>
    <None Include="data\STREIANA_1536_1536_3F.sat">
      <Filter>Source Files\Settings</Filter>
    </None>
    <None Include="data\STREIANA_1536_1536_3F.sht">
      <Filter>Source Files\Settings</Filter>
    </None>
    <None Include="Makefile">
      <Filter>Makefile</Filter>
    </None>
    <None Include="DB Scheme.xls">
      <Filter>Documents</Filter>
    </None>
    <None Include="LogManual.xls">
      <Filter>Documents</Filter>
    </None>
    <None Include="PatchManual.txt">
      <Filter>Localize</Filter>
    </None>
    <None Include="..\Connector\newStobm.bin">
      <Filter>Source Files\Settings</Filter>
    </None>
    <None Include="MessageDefine.xls">
      <Filter>Documents</Filter>
    </None>
    <None Include="MessageOrder.xls">
      <Filter>Documents</Filter>
    </None>
  </ItemGroup>
</Project>