
Microsoft Visual Studio Solution File, Format Version 11.00
# Visual Studio 2010
Project("{8BC9CEB8-8B4A-11D0-8D11-00A0C91BC942}") = "F_Socket", "F_Socket_vc100.vcxproj", "{0C9A33E5-500D-BA50-B7A7-B9E618400E26}"
EndProject
Global
	GlobalSection(SolutionConfigurationPlatforms) = preSolution
		Debug|Win32 = Debug|Win32
		Release|Win32 = Release|Win32
	EndGlobalSection
	GlobalSection(ProjectConfigurationPlatforms) = postSolution
		{0C9A33E5-500D-BA50-B7A7-B9E618400E26}.Debug|Win32.ActiveCfg = Debug|Win32
		{0C9A33E5-500D-BA50-B7A7-B9E618400E26}.Debug|Win32.Build.0 = Debug|Win32
		{0C9A33E5-500D-BA50-B7A7-B9E618400E26}.Release|Win32.ActiveCfg = Release|Win32
		{0C9A33E5-500D-BA50-B7A7-B9E618400E26}.Release|Win32.Build.0 = Release|Win32
	EndGlobalSection
	GlobalSection(SolutionProperties) = preSolution
		HideSolutionNode = FALSE
	EndGlobalSection
EndGlobal
