<?xml version="1.0" encoding="utf-8"?>
<Project ToolsVersion="4.0" xmlns="http://schemas.microsoft.com/developer/msbuild/2003">
  <ItemGroup>
    <Filter Include="Source Files">
      <UniqueIdentifier>{710a5c75-be3e-4052-af70-c76dd9a5a83f}</UniqueIdentifier>
      <Extensions>cpp;c;cxx;rc;def;r;odl;idl;hpj;bat</Extensions>
    </Filter>
    <Filter Include="Header Files">
      <UniqueIdentifier>{4f7f22f1-a767-4e8e-b72b-93747dedaeb2}</UniqueIdentifier>
      <Extensions>h;hpp;hxx;hm;inl</Extensions>
    </Filter>
    <Filter Include="Localize">
      <UniqueIdentifier>{927926e0-daaa-4864-ba5b-893213036b18}</UniqueIdentifier>
      <Extensions>inc;inh</Extensions>
    </Filter>
    <Filter Include="Localize\KOR">
      <UniqueIdentifier>{1b2e6279-22b3-4380-a697-4249dd8e0a8e}</UniqueIdentifier>
    </Filter>
    <Filter Include="Localize\TWN">
      <UniqueIdentifier>{73bc596b-9119-4aa7-8ff3-6c57dce376af}</UniqueIdentifier>
    </Filter>
    <Filter Include="Localize\CHN">
      <UniqueIdentifier>{31465eff-b41a-47ff-acc1-88e60e587986}</UniqueIdentifier>
    </Filter>
    <Filter Include="Localize\TLD">
      <UniqueIdentifier>{798fcca0-2c8d-4ba9-8b57-971fa3769e65}</UniqueIdentifier>
    </Filter>
  </ItemGroup>
  <ItemGroup>
    <ClCompile Include="Billing.cpp">
      <Filter>Source Files</Filter>
    </ClCompile>
    <ClCompile Include="Cmd.cpp">
      <Filter>Source Files</Filter>
    </ClCompile>
    <ClCompile Include="CmdMsg.cpp">
      <Filter>Source Files</Filter>
    </ClCompile>
    <ClCompile Include="Compression.cpp">
      <Filter>Source Files</Filter>
    </ClCompile>
    <ClCompile Include="ConfigFile.cpp">
      <Filter>Source Files</Filter>
    </ClCompile>
    <ClCompile Include="DBCmd.cpp">
      <Filter>Source Files</Filter>
    </ClCompile>
    <ClCompile Include="DBFunc.cpp">
      <Filter>Source Files</Filter>
    </ClCompile>
    <ClCompile Include="Descriptor.cpp">
      <Filter>Source Files</Filter>
    </ClCompile>
    <ClCompile Include="doFunc.cpp">
      <Filter>Source Files</Filter>
    </ClCompile>
    <ClCompile Include="InputBuffer.cpp">
      <Filter>Source Files</Filter>
    </ClCompile>
    <ClCompile Include="Log.cpp">
      <Filter>Source Files</Filter>
    </ClCompile>
    <ClCompile Include="NetMsg.cpp">
      <Filter>Source Files</Filter>
    </ClCompile>
    <ClCompile Include="OutputBuffer.cpp">
      <Filter>Source Files</Filter>
    </ClCompile>
    <ClCompile Include="Random.cpp">
      <Filter>Source Files</Filter>
    </ClCompile>
    <ClCompile Include="Server.cpp">
      <Filter>Source Files</Filter>
    </ClCompile>
    <ClCompile Include="ServerRun.cpp">
      <Filter>Source Files</Filter>
    </ClCompile>
    <ClCompile Include="UserList.cpp">
      <Filter>Source Files</Filter>
    </ClCompile>
    <ClCompile Include="Utils.cpp">
      <Filter>Source Files</Filter>
    </ClCompile>
  </ItemGroup>
  <ItemGroup>
    <ClInclude Include="Cmd.h">
      <Filter>Header Files</Filter>
    </ClInclude>
    <ClInclude Include="CmdMsg.h">
      <Filter>Header Files</Filter>
    </ClInclude>
    <ClInclude Include="Compression.h">
      <Filter>Header Files</Filter>
    </ClInclude>
    <ClInclude Include="Conf.h">
      <Filter>Header Files</Filter>
    </ClInclude>
    <ClInclude Include="Config.h">
      <Filter>Header Files</Filter>
    </ClInclude>
    <ClInclude Include="ConfigFile.h">
      <Filter>Header Files</Filter>
    </ClInclude>
    <ClInclude Include="CryptMem.h">
      <Filter>Header Files</Filter>
    </ClInclude>
    <ClInclude Include="DBCmd.h">
      <Filter>Header Files</Filter>
    </ClInclude>
    <ClInclude Include="Descriptor.h">
      <Filter>Header Files</Filter>
    </ClInclude>
    <ClInclude Include="doFunc.h">
      <Filter>Header Files</Filter>
    </ClInclude>
    <ClInclude Include="InputBuffer.h">
      <Filter>Header Files</Filter>
    </ClInclude>
    <ClInclude Include="InputQueue.h">
      <Filter>Header Files</Filter>
    </ClInclude>
    <ClInclude Include="LCString.h">
      <Filter>Header Files</Filter>
    </ClInclude>
    <ClInclude Include="Log.h">
      <Filter>Header Files</Filter>
    </ClInclude>
    <ClInclude Include="MemPool.h">
      <Filter>Header Files</Filter>
    </ClInclude>
    <ClInclude Include="MessageType.h">
      <Filter>Header Files</Filter>
    </ClInclude>
    <ClInclude Include="Mutex.h">
      <Filter>Header Files</Filter>
    </ClInclude>
    <ClInclude Include="NetMsg.h">
      <Filter>Header Files</Filter>
    </ClInclude>
    <ClInclude Include="OutputBuffer.h">
      <Filter>Header Files</Filter>
    </ClInclude>
    <ClInclude Include="PrepayInfo.h">
      <Filter>Header Files</Filter>
    </ClInclude>
    <ClInclude Include="Server.h">
      <Filter>Header Files</Filter>
    </ClInclude>
    <ClInclude Include="stdhdrs.h">
      <Filter>Header Files</Filter>
    </ClInclude>
    <ClInclude Include="Sysdep.h">
      <Filter>Header Files</Filter>
    </ClInclude>
    <ClInclude Include="UserList.h">
      <Filter>Header Files</Filter>
    </ClInclude>
    <ClInclude Include="Utils.h">
      <Filter>Header Files</Filter>
    </ClInclude>
  </ItemGroup>
  <ItemGroup>
    <CustomBuild Include="BillMessage_KOR.inh">
      <Filter>Localize\KOR</Filter>
    </CustomBuild>
    <CustomBuild Include="Config_KOR.inh">
      <Filter>Localize\KOR</Filter>
    </CustomBuild>
    <CustomBuild Include="MessageType_KOR.inh">
      <Filter>Localize\KOR</Filter>
    </CustomBuild>
    <CustomBuild Include="BillMessage_TWN.inh">
      <Filter>Localize\TWN</Filter>
    </CustomBuild>
    <CustomBuild Include="Config_TWN.inh">
      <Filter>Localize\TWN</Filter>
    </CustomBuild>
    <CustomBuild Include="MessageType_TWN.inh">
      <Filter>Localize\TWN</Filter>
    </CustomBuild>
    <CustomBuild Include="Config_CHN.inh">
      <Filter>Localize\CHN</Filter>
    </CustomBuild>
    <CustomBuild Include="BillMessage_TLD.inh">
      <Filter>Localize\TLD</Filter>
    </CustomBuild>
    <CustomBuild Include="Config_TLD.inh">
      <Filter>Localize\TLD</Filter>
    </CustomBuild>
    <CustomBuild Include="MessageType_TLD.inh">
      <Filter>Localize\TLD</Filter>
    </CustomBuild>
    <CustomBuild Include="newStobm.bin" />
  </ItemGroup>
</Project>