
Microsoft Visual Studio Solution File, Format Version 12.00
# Visual Studio 2012
Project("{8BC9CEB8-8B4A-11D0-8D11-00A0C91BC942}") = "GameServer", "GameServer.vcxproj", "{43F2F7E1-3EEE-49D8-AF02-DAE210561838}"
EndProject
Global
	GlobalSection(SolutionConfigurationPlatforms) = preSolution
		BRAZIL|Win32 = BRAZIL|Win32
		CHOE_QA|Win32 = CHOE_QA|Win32
		CHOE_TEST|Win32 = CHOE_TEST|Win32
		CHOEKANG|Win32 = CHOEKANG|Win32
		Debug|Win32 = Debug|Win32
		DEREK_TEST|Win32 = DEREK_TEST|Win32
		FRC|Win32 = FRC|Win32
		GER|Win32 = GER|Win32
		HJSTEST|Win32 = HJSTEST|Win32
		HONGKONG|Win32 = HONGKONG|Win32
		ITALY|Win32 = ITALY|Win32
		JAPAN|Win32 = JAPAN|Win32
		jshoeTest|Win32 = jshoeTest|Win32
		KJRTEST|Win32 = KJRTEST|Win32
		KJTEST_HBK_NPROTECT|Win32 = KJTEST_HBK_NPROTECT|Win32
		KTWTEST|Win32 = KTWTEST|Win32
		kwonsangwook_test|Win32 = kwonsangwook_test|Win32
		KYDTEST|Win32 = KYDTEST|Win32
		MEXICO|Win32 = MEXICO|Win32
		PLD|Win32 = PLD|Win32
		REFACTORY|Win32 = REFACTORY|Win32
		Release|Win32 = Release|Win32
		RUSSIA|Win32 = RUSSIA|Win32
		SPN|Win32 = SPN|Win32
		swkwonQA|Win32 = swkwonQA|Win32
		TestServer_Debug|Win32 = TestServer_Debug|Win32
		TURKEY|Win32 = TURKEY|Win32
		USA_ESP|Win32 = USA_ESP|Win32
		USA|Win32 = USA|Win32
		WJKTEST_BRZ|Win32 = WJKTEST_BRZ|Win32
		WJKTEST|Win32 = WJKTEST|Win32
		WORLD_TOURNAMENT|Win32 = WORLD_TOURNAMENT|Win32
	EndGlobalSection
	GlobalSection(ProjectConfigurationPlatforms) = postSolution
		{43F2F7E1-3EEE-49D8-AF02-DAE210561838}.BRAZIL|Win32.ActiveCfg = BRAZIL|Win32
		{43F2F7E1-3EEE-49D8-AF02-DAE210561838}.BRAZIL|Win32.Build.0 = BRAZIL|Win32
		{43F2F7E1-3EEE-49D8-AF02-DAE210561838}.CHOE_QA|Win32.ActiveCfg = CHOE_QA|Win32
		{43F2F7E1-3EEE-49D8-AF02-DAE210561838}.CHOE_QA|Win32.Build.0 = CHOE_QA|Win32
		{43F2F7E1-3EEE-49D8-AF02-DAE210561838}.CHOE_TEST|Win32.ActiveCfg = CHOE_TEST|Win32
		{43F2F7E1-3EEE-49D8-AF02-DAE210561838}.CHOE_TEST|Win32.Build.0 = CHOE_TEST|Win32
		{43F2F7E1-3EEE-49D8-AF02-DAE210561838}.CHOEKANG|Win32.ActiveCfg = CHOEKANG|Win32
		{43F2F7E1-3EEE-49D8-AF02-DAE210561838}.CHOEKANG|Win32.Build.0 = CHOEKANG|Win32
		{43F2F7E1-3EEE-49D8-AF02-DAE210561838}.Debug|Win32.ActiveCfg = Debug|Win32
		{43F2F7E1-3EEE-49D8-AF02-DAE210561838}.Debug|Win32.Build.0 = Debug|Win32
		{43F2F7E1-3EEE-49D8-AF02-DAE210561838}.DEREK_TEST|Win32.ActiveCfg = DEREK_TEST|Win32
		{43F2F7E1-3EEE-49D8-AF02-DAE210561838}.DEREK_TEST|Win32.Build.0 = DEREK_TEST|Win32
		{43F2F7E1-3EEE-49D8-AF02-DAE210561838}.FRC|Win32.ActiveCfg = FRC|Win32
		{43F2F7E1-3EEE-49D8-AF02-DAE210561838}.FRC|Win32.Build.0 = FRC|Win32
		{43F2F7E1-3EEE-49D8-AF02-DAE210561838}.GER|Win32.ActiveCfg = GER|Win32
		{43F2F7E1-3EEE-49D8-AF02-DAE210561838}.GER|Win32.Build.0 = GER|Win32
		{43F2F7E1-3EEE-49D8-AF02-DAE210561838}.HJSTEST|Win32.ActiveCfg = HJSTEST|Win32
		{43F2F7E1-3EEE-49D8-AF02-DAE210561838}.HJSTEST|Win32.Build.0 = HJSTEST|Win32
		{43F2F7E1-3EEE-49D8-AF02-DAE210561838}.HONGKONG|Win32.ActiveCfg = HONGKONG|Win32
		{43F2F7E1-3EEE-49D8-AF02-DAE210561838}.HONGKONG|Win32.Build.0 = HONGKONG|Win32
		{43F2F7E1-3EEE-49D8-AF02-DAE210561838}.ITALY|Win32.ActiveCfg = ITALY|Win32
		{43F2F7E1-3EEE-49D8-AF02-DAE210561838}.ITALY|Win32.Build.0 = ITALY|Win32
		{43F2F7E1-3EEE-49D8-AF02-DAE210561838}.JAPAN|Win32.ActiveCfg = JAPAN|Win32
		{43F2F7E1-3EEE-49D8-AF02-DAE210561838}.JAPAN|Win32.Build.0 = JAPAN|Win32
		{43F2F7E1-3EEE-49D8-AF02-DAE210561838}.jshoeTest|Win32.ActiveCfg = jshoeTest|Win32
		{43F2F7E1-3EEE-49D8-AF02-DAE210561838}.jshoeTest|Win32.Build.0 = jshoeTest|Win32
		{43F2F7E1-3EEE-49D8-AF02-DAE210561838}.KJRTEST|Win32.ActiveCfg = KJRTEST|Win32
		{43F2F7E1-3EEE-49D8-AF02-DAE210561838}.KJRTEST|Win32.Build.0 = KJRTEST|Win32
		{43F2F7E1-3EEE-49D8-AF02-DAE210561838}.KJTEST_HBK_NPROTECT|Win32.ActiveCfg = KJTEST_HBK_NPROTECT|Win32
		{43F2F7E1-3EEE-49D8-AF02-DAE210561838}.KJTEST_HBK_NPROTECT|Win32.Build.0 = KJTEST_HBK_NPROTECT|Win32
		{43F2F7E1-3EEE-49D8-AF02-DAE210561838}.KTWTEST|Win32.ActiveCfg = KTWTEST|Win32
		{43F2F7E1-3EEE-49D8-AF02-DAE210561838}.KTWTEST|Win32.Build.0 = KTWTEST|Win32
		{43F2F7E1-3EEE-49D8-AF02-DAE210561838}.kwonsangwook_test|Win32.ActiveCfg = kwonsangwook_test|Win32
		{43F2F7E1-3EEE-49D8-AF02-DAE210561838}.kwonsangwook_test|Win32.Build.0 = kwonsangwook_test|Win32
		{43F2F7E1-3EEE-49D8-AF02-DAE210561838}.KYDTEST|Win32.ActiveCfg = KYDTEST|Win32
		{43F2F7E1-3EEE-49D8-AF02-DAE210561838}.KYDTEST|Win32.Build.0 = KYDTEST|Win32
		{43F2F7E1-3EEE-49D8-AF02-DAE210561838}.MEXICO|Win32.ActiveCfg = MEXICO|Win32
		{43F2F7E1-3EEE-49D8-AF02-DAE210561838}.MEXICO|Win32.Build.0 = MEXICO|Win32
		{43F2F7E1-3EEE-49D8-AF02-DAE210561838}.PLD|Win32.ActiveCfg = PLD|Win32
		{43F2F7E1-3EEE-49D8-AF02-DAE210561838}.PLD|Win32.Build.0 = PLD|Win32
		{43F2F7E1-3EEE-49D8-AF02-DAE210561838}.REFACTORY|Win32.ActiveCfg = REFACTORY|Win32
		{43F2F7E1-3EEE-49D8-AF02-DAE210561838}.REFACTORY|Win32.Build.0 = REFACTORY|Win32
		{43F2F7E1-3EEE-49D8-AF02-DAE210561838}.Release|Win32.ActiveCfg = Release|Win32
		{43F2F7E1-3EEE-49D8-AF02-DAE210561838}.Release|Win32.Build.0 = Release|Win32
		{43F2F7E1-3EEE-49D8-AF02-DAE210561838}.RUSSIA|Win32.ActiveCfg = RUSSIA|Win32
		{43F2F7E1-3EEE-49D8-AF02-DAE210561838}.RUSSIA|Win32.Build.0 = RUSSIA|Win32
		{43F2F7E1-3EEE-49D8-AF02-DAE210561838}.SPN|Win32.ActiveCfg = SPN|Win32
		{43F2F7E1-3EEE-49D8-AF02-DAE210561838}.SPN|Win32.Build.0 = SPN|Win32
		{43F2F7E1-3EEE-49D8-AF02-DAE210561838}.swkwonQA|Win32.ActiveCfg = swkwonQA|Win32
		{43F2F7E1-3EEE-49D8-AF02-DAE210561838}.swkwonQA|Win32.Build.0 = swkwonQA|Win32
		{43F2F7E1-3EEE-49D8-AF02-DAE210561838}.TestServer_Debug|Win32.ActiveCfg = TestServer_Debug|Win32
		{43F2F7E1-3EEE-49D8-AF02-DAE210561838}.TestServer_Debug|Win32.Build.0 = TestServer_Debug|Win32
		{43F2F7E1-3EEE-49D8-AF02-DAE210561838}.TURKEY|Win32.ActiveCfg = TURKEY|Win32
		{43F2F7E1-3EEE-49D8-AF02-DAE210561838}.TURKEY|Win32.Build.0 = TURKEY|Win32
		{43F2F7E1-3EEE-49D8-AF02-DAE210561838}.USA_ESP|Win32.ActiveCfg = USA_ESP|Win32
		{43F2F7E1-3EEE-49D8-AF02-DAE210561838}.USA_ESP|Win32.Build.0 = USA_ESP|Win32
		{43F2F7E1-3EEE-49D8-AF02-DAE210561838}.USA|Win32.ActiveCfg = USA|Win32
		{43F2F7E1-3EEE-49D8-AF02-DAE210561838}.USA|Win32.Build.0 = USA|Win32
		{43F2F7E1-3EEE-49D8-AF02-DAE210561838}.WJKTEST_BRZ|Win32.ActiveCfg = WJKTEST_BRZ|Win32
		{43F2F7E1-3EEE-49D8-AF02-DAE210561838}.WJKTEST_BRZ|Win32.Build.0 = WJKTEST_BRZ|Win32
		{43F2F7E1-3EEE-49D8-AF02-DAE210561838}.WJKTEST|Win32.ActiveCfg = WJKTEST|Win32
		{43F2F7E1-3EEE-49D8-AF02-DAE210561838}.WJKTEST|Win32.Build.0 = WJKTEST|Win32
		{43F2F7E1-3EEE-49D8-AF02-DAE210561838}.WORLD_TOURNAMENT|Win32.ActiveCfg = WORLD_TOURNAMENT|Win32
		{43F2F7E1-3EEE-49D8-AF02-DAE210561838}.WORLD_TOURNAMENT|Win32.Build.0 = WORLD_TOURNAMENT|Win32
	EndGlobalSection
	GlobalSection(SolutionProperties) = preSolution
		HideSolutionNode = FALSE
	EndGlobalSection
EndGlobal
