
Microsoft Visual Studio Solution File, Format Version 11.00
# Visual Studio 2010
Project("{8BC9CEB8-8B4A-11D0-8D11-00A0C91BC942}") = "Engine", "Engine\Engine_2010.vcxproj", "{DD15FF96-8D27-9047-07DC-824EEE7AFE9E}"
EndProject
Project("{8BC9CEB8-8B4A-11D0-8D11-00A0C91BC942}") = "EngineGUI", "EngineGUI\EngineGUI_2010.vcxproj", "{926F2E6B-48BC-11E4-8D41-98B6F6BA1C8C}"
	ProjectSection(ProjectDependencies) = postProject
		{DD15FF96-8D27-9047-07DC-824EEE7AFE9E} = {DD15FF96-8D27-9047-07DC-824EEE7AFE9E}
	EndProjectSection
EndProject
Project("{8BC9CEB8-8B4A-11D0-8D11-00A0C91BC942}") = "FontGen", "FontGen\FontGen_2010.vcxproj", "{ADA29B17-DA9C-9CBA-5877-A24A131E0516}"
	ProjectSection(ProjectDependencies) = postProject
		{DD15FF96-8D27-9047-07DC-824EEE7AFE9E} = {DD15FF96-8D27-9047-07DC-824EEE7AFE9E}
		{926F2E6B-48BC-11E4-8D41-98B6F6BA1C8C} = {926F2E6B-48BC-11E4-8D41-98B6F6BA1C8C}
	EndProjectSection
EndProject
Project("{8BC9CEB8-8B4A-11D0-8D11-00A0C91BC942}") = "LWSkaExporter", "LWSkaExporter\LWSkaExporter_2010.vcxproj", "{0F2F5A88-0260-1B9D-2A33-C173C33817D6}"
EndProject
Project("{8BC9CEB8-8B4A-11D0-8D11-00A0C91BC942}") = "MakeFONT", "MakeFONT\MakeFONT_2010.vcxproj", "{E503C0CC-CA9E-9F61-5029-DE146AC69851}"
	ProjectSection(ProjectDependencies) = postProject
		{DD15FF96-8D27-9047-07DC-824EEE7AFE9E} = {DD15FF96-8D27-9047-07DC-824EEE7AFE9E}
	EndProjectSection
EndProject
Project("{8BC9CEB8-8B4A-11D0-8D11-00A0C91BC942}") = "Modeler", "Modeler\Modeler_2010.vcxproj", "{D491EFD7-77EB-ED7E-99A0-5006CE78DE84}"
	ProjectSection(ProjectDependencies) = postProject
		{DD15FF96-8D27-9047-07DC-824EEE7AFE9E} = {DD15FF96-8D27-9047-07DC-824EEE7AFE9E}
		{926F2E6B-48BC-11E4-8D41-98B6F6BA1C8C} = {926F2E6B-48BC-11E4-8D41-98B6F6BA1C8C}
	EndProjectSection
EndProject
Project("{8BC9CEB8-8B4A-11D0-8D11-00A0C91BC942}") = "PersistentSymbolTool", "PersistentSymbolTool\PersistentSymbolTool_2010.vcxproj", "{953560F2-76B4-BBBA-3021-521A84AD828B}"
EndProject
Project("{8BC9CEB8-8B4A-11D0-8D11-00A0C91BC942}") = "SeriousSkaStudio", "SeriousSkaStudio\SeriousSkaStudio_2010.vcxproj", "{A9BFC527-A6A2-EFEE-C17B-F41BC490CB64}"
	ProjectSection(ProjectDependencies) = postProject
		{D42BFFDE-1521-EC17-8741-96F54EEED515} = {D42BFFDE-1521-EC17-8741-96F54EEED515}
		{DD15FF96-8D27-9047-07DC-824EEE7AFE9E} = {DD15FF96-8D27-9047-07DC-824EEE7AFE9E}
		{926F2E6B-48BC-11E4-8D41-98B6F6BA1C8C} = {926F2E6B-48BC-11E4-8D41-98B6F6BA1C8C}
	EndProjectSection
EndProject
Project("{8BC9CEB8-8B4A-11D0-8D11-00A0C91BC942}") = "Shaders", "Shaders\Shaders_2010.vcxproj", "{D42BFFDE-1521-EC17-8741-96F54EEED515}"
	ProjectSection(ProjectDependencies) = postProject
		{DD15FF96-8D27-9047-07DC-824EEE7AFE9E} = {DD15FF96-8D27-9047-07DC-824EEE7AFE9E}
	EndProjectSection
EndProject
Project("{8BC9CEB8-8B4A-11D0-8D11-00A0C91BC942}") = "WorldEditor", "WorldEditor\WorldEditor_2010.vcxproj", "{9E537E5E-7045-594A-B201-272A211CE86F}"
	ProjectSection(ProjectDependencies) = postProject
		{D42BFFDE-1521-EC17-8741-96F54EEED515} = {D42BFFDE-1521-EC17-8741-96F54EEED515}
		{DD15FF96-8D27-9047-07DC-824EEE7AFE9E} = {DD15FF96-8D27-9047-07DC-824EEE7AFE9E}
		{926F2E6B-48BC-11E4-8D41-98B6F6BA1C8C} = {926F2E6B-48BC-11E4-8D41-98B6F6BA1C8C}
	EndProjectSection
EndProject
Project("{8BC9CEB8-8B4A-11D0-8D11-00A0C91BC942}") = "Common", "Common\Common.vcxproj", "{A3109CCC-B83D-4D6C-A214-03C10084F276}"
	ProjectSection(ProjectDependencies) = postProject
		{DD15FF96-8D27-9047-07DC-824EEE7AFE9E} = {DD15FF96-8D27-9047-07DC-824EEE7AFE9E}
	EndProjectSection
EndProject
Global
	GlobalSection(SolutionConfigurationPlatforms) = preSolution
		BRZLIVE|Win32 = BRZLIVE|Win32
		BRZTEST|Win32 = BRZTEST|Win32
		Debug|Win32 = Debug|Win32
		DebugKalydo|Win32 = DebugKalydo|Win32
		DebugSkaStudio|Win32 = DebugSkaStudio|Win32
		EU2LIVE|Win32 = EU2LIVE|Win32
		EU2TEST|Win32 = EU2TEST|Win32
		EU3LIVE|Win32 = EU3LIVE|Win32
		EU3TEST|Win32 = EU3TEST|Win32
		FinalDebug|Win32 = FinalDebug|Win32
		FinalRelease|Win32 = FinalRelease|Win32
		GERLIVE|Win32 = GERLIVE|Win32
		GERLIVEKalydo|Win32 = GERLIVEKalydo|Win32
		GERTEST|Win32 = GERTEST|Win32
		HKLIVE|Win32 = HKLIVE|Win32
		HKTEST|Win32 = HKTEST|Win32
		JPNLIVE|Win32 = JPNLIVE|Win32
		JPNTEST|Win32 = JPNTEST|Win32
		KORLIVE|Win32 = KORLIVE|Win32
		KORTEST|Win32 = KORTEST|Win32
		MAXLIVE|Win32 = MAXLIVE|Win32
		MAXTEST|Win32 = MAXTEST|Win32
		NETLIVE|Win32 = NETLIVE|Win32
		NETTEST|Win32 = NETTEST|Win32
		Release|Win32 = Release|Win32
		ReleaseKalydo|Win32 = ReleaseKalydo|Win32
		RUSLIVE|Win32 = RUSLIVE|Win32
		RUSTEST|Win32 = RUSTEST|Win32
		SkaStudio|Win32 = SkaStudio|Win32
		Template|Win32 = Template|Win32
		THAILIVE|Win32 = THAILIVE|Win32
		THAITEST|Win32 = THAITEST|Win32
		USALIVE|Win32 = USALIVE|Win32
		USATEST|Win32 = USATEST|Win32
		WORLDEDITOR|Win32 = WORLDEDITOR|Win32
	EndGlobalSection
	GlobalSection(ProjectConfigurationPlatforms) = postSolution
		{DD15FF96-8D27-9047-07DC-824EEE7AFE9E}.BRZLIVE|Win32.ActiveCfg = BRZLIVE|Win32
		{DD15FF96-8D27-9047-07DC-824EEE7AFE9E}.BRZLIVE|Win32.Build.0 = BRZLIVE|Win32
		{DD15FF96-8D27-9047-07DC-824EEE7AFE9E}.BRZTEST|Win32.ActiveCfg = BRZLIVE|Win32
		{DD15FF96-8D27-9047-07DC-824EEE7AFE9E}.BRZTEST|Win32.Build.0 = BRZLIVE|Win32
		{DD15FF96-8D27-9047-07DC-824EEE7AFE9E}.Debug|Win32.ActiveCfg = Debug|Win32
		{DD15FF96-8D27-9047-07DC-824EEE7AFE9E}.Debug|Win32.Build.0 = Debug|Win32
		{DD15FF96-8D27-9047-07DC-824EEE7AFE9E}.DebugKalydo|Win32.ActiveCfg = DebugKalydo|Win32
		{DD15FF96-8D27-9047-07DC-824EEE7AFE9E}.DebugKalydo|Win32.Build.0 = DebugKalydo|Win32
		{DD15FF96-8D27-9047-07DC-824EEE7AFE9E}.DebugSkaStudio|Win32.ActiveCfg = DebugSkaStudio|Win32
		{DD15FF96-8D27-9047-07DC-824EEE7AFE9E}.DebugSkaStudio|Win32.Build.0 = DebugSkaStudio|Win32
		{DD15FF96-8D27-9047-07DC-824EEE7AFE9E}.EU2LIVE|Win32.ActiveCfg = WORLDEDITOR|Win32
		{DD15FF96-8D27-9047-07DC-824EEE7AFE9E}.EU2LIVE|Win32.Build.0 = WORLDEDITOR|Win32
		{DD15FF96-8D27-9047-07DC-824EEE7AFE9E}.EU2TEST|Win32.ActiveCfg = WORLDEDITOR|Win32
		{DD15FF96-8D27-9047-07DC-824EEE7AFE9E}.EU2TEST|Win32.Build.0 = WORLDEDITOR|Win32
		{DD15FF96-8D27-9047-07DC-824EEE7AFE9E}.EU3LIVE|Win32.ActiveCfg = WORLDEDITOR|Win32
		{DD15FF96-8D27-9047-07DC-824EEE7AFE9E}.EU3LIVE|Win32.Build.0 = WORLDEDITOR|Win32
		{DD15FF96-8D27-9047-07DC-824EEE7AFE9E}.EU3TEST|Win32.ActiveCfg = WORLDEDITOR|Win32
		{DD15FF96-8D27-9047-07DC-824EEE7AFE9E}.EU3TEST|Win32.Build.0 = WORLDEDITOR|Win32
		{DD15FF96-8D27-9047-07DC-824EEE7AFE9E}.FinalDebug|Win32.ActiveCfg = Debug|Win32
		{DD15FF96-8D27-9047-07DC-824EEE7AFE9E}.FinalDebug|Win32.Build.0 = Debug|Win32
		{DD15FF96-8D27-9047-07DC-824EEE7AFE9E}.FinalRelease|Win32.ActiveCfg = WORLDEDITOR|Win32
		{DD15FF96-8D27-9047-07DC-824EEE7AFE9E}.FinalRelease|Win32.Build.0 = WORLDEDITOR|Win32
		{DD15FF96-8D27-9047-07DC-824EEE7AFE9E}.GERLIVE|Win32.ActiveCfg = GERLIVE|Win32
		{DD15FF96-8D27-9047-07DC-824EEE7AFE9E}.GERLIVE|Win32.Build.0 = GERLIVE|Win32
		{DD15FF96-8D27-9047-07DC-824EEE7AFE9E}.GERLIVEKalydo|Win32.ActiveCfg = GERLIVEKalydo|Win32
		{DD15FF96-8D27-9047-07DC-824EEE7AFE9E}.GERLIVEKalydo|Win32.Build.0 = GERLIVEKalydo|Win32
		{DD15FF96-8D27-9047-07DC-824EEE7AFE9E}.GERTEST|Win32.ActiveCfg = GERLIVE|Win32
		{DD15FF96-8D27-9047-07DC-824EEE7AFE9E}.GERTEST|Win32.Build.0 = GERLIVE|Win32
		{DD15FF96-8D27-9047-07DC-824EEE7AFE9E}.HKLIVE|Win32.ActiveCfg = WORLDEDITOR|Win32
		{DD15FF96-8D27-9047-07DC-824EEE7AFE9E}.HKLIVE|Win32.Build.0 = WORLDEDITOR|Win32
		{DD15FF96-8D27-9047-07DC-824EEE7AFE9E}.HKTEST|Win32.ActiveCfg = WORLDEDITOR|Win32
		{DD15FF96-8D27-9047-07DC-824EEE7AFE9E}.HKTEST|Win32.Build.0 = WORLDEDITOR|Win32
		{DD15FF96-8D27-9047-07DC-824EEE7AFE9E}.JPNLIVE|Win32.ActiveCfg = WORLDEDITOR|Win32
		{DD15FF96-8D27-9047-07DC-824EEE7AFE9E}.JPNLIVE|Win32.Build.0 = WORLDEDITOR|Win32
		{DD15FF96-8D27-9047-07DC-824EEE7AFE9E}.JPNTEST|Win32.ActiveCfg = WORLDEDITOR|Win32
		{DD15FF96-8D27-9047-07DC-824EEE7AFE9E}.JPNTEST|Win32.Build.0 = WORLDEDITOR|Win32
		{DD15FF96-8D27-9047-07DC-824EEE7AFE9E}.KORLIVE|Win32.ActiveCfg = KORTEST|Win32
		{DD15FF96-8D27-9047-07DC-824EEE7AFE9E}.KORLIVE|Win32.Build.0 = KORTEST|Win32
		{DD15FF96-8D27-9047-07DC-824EEE7AFE9E}.KORTEST|Win32.ActiveCfg = KORTEST|Win32
		{DD15FF96-8D27-9047-07DC-824EEE7AFE9E}.KORTEST|Win32.Build.0 = KORTEST|Win32
		{DD15FF96-8D27-9047-07DC-824EEE7AFE9E}.MAXLIVE|Win32.ActiveCfg = MAXLIVE|Win32
		{DD15FF96-8D27-9047-07DC-824EEE7AFE9E}.MAXLIVE|Win32.Build.0 = MAXLIVE|Win32
		{DD15FF96-8D27-9047-07DC-824EEE7AFE9E}.MAXTEST|Win32.ActiveCfg = MAXLIVE|Win32
		{DD15FF96-8D27-9047-07DC-824EEE7AFE9E}.MAXTEST|Win32.Build.0 = MAXLIVE|Win32
		{DD15FF96-8D27-9047-07DC-824EEE7AFE9E}.NETLIVE|Win32.ActiveCfg = WORLDEDITOR|Win32
		{DD15FF96-8D27-9047-07DC-824EEE7AFE9E}.NETLIVE|Win32.Build.0 = WORLDEDITOR|Win32
		{DD15FF96-8D27-9047-07DC-824EEE7AFE9E}.NETTEST|Win32.ActiveCfg = WORLDEDITOR|Win32
		{DD15FF96-8D27-9047-07DC-824EEE7AFE9E}.NETTEST|Win32.Build.0 = WORLDEDITOR|Win32
		{DD15FF96-8D27-9047-07DC-824EEE7AFE9E}.Release|Win32.ActiveCfg = Release_UITool|Win32
		{DD15FF96-8D27-9047-07DC-824EEE7AFE9E}.Release|Win32.Build.0 = Release_UITool|Win32
		{DD15FF96-8D27-9047-07DC-824EEE7AFE9E}.ReleaseKalydo|Win32.ActiveCfg = ReleaseKalydo|Win32
		{DD15FF96-8D27-9047-07DC-824EEE7AFE9E}.ReleaseKalydo|Win32.Build.0 = ReleaseKalydo|Win32
		{DD15FF96-8D27-9047-07DC-824EEE7AFE9E}.RUSLIVE|Win32.ActiveCfg = RUSLIVE|Win32
		{DD15FF96-8D27-9047-07DC-824EEE7AFE9E}.RUSLIVE|Win32.Build.0 = RUSLIVE|Win32
		{DD15FF96-8D27-9047-07DC-824EEE7AFE9E}.RUSTEST|Win32.ActiveCfg = RUSLIVE|Win32
		{DD15FF96-8D27-9047-07DC-824EEE7AFE9E}.RUSTEST|Win32.Build.0 = RUSLIVE|Win32
		{DD15FF96-8D27-9047-07DC-824EEE7AFE9E}.SkaStudio|Win32.ActiveCfg = SkaStudio|Win32
		{DD15FF96-8D27-9047-07DC-824EEE7AFE9E}.SkaStudio|Win32.Build.0 = SkaStudio|Win32
		{DD15FF96-8D27-9047-07DC-824EEE7AFE9E}.Template|Win32.ActiveCfg = Template|Win32
		{DD15FF96-8D27-9047-07DC-824EEE7AFE9E}.Template|Win32.Build.0 = Template|Win32
		{DD15FF96-8D27-9047-07DC-824EEE7AFE9E}.THAILIVE|Win32.ActiveCfg = THAILIVE|Win32
		{DD15FF96-8D27-9047-07DC-824EEE7AFE9E}.THAILIVE|Win32.Build.0 = THAILIVE|Win32
		{DD15FF96-8D27-9047-07DC-824EEE7AFE9E}.THAITEST|Win32.ActiveCfg = THAILIVE|Win32
		{DD15FF96-8D27-9047-07DC-824EEE7AFE9E}.THAITEST|Win32.Build.0 = THAILIVE|Win32
		{DD15FF96-8D27-9047-07DC-824EEE7AFE9E}.USALIVE|Win32.ActiveCfg = USALIVE|Win32
		{DD15FF96-8D27-9047-07DC-824EEE7AFE9E}.USALIVE|Win32.Build.0 = USALIVE|Win32
		{DD15FF96-8D27-9047-07DC-824EEE7AFE9E}.USATEST|Win32.ActiveCfg = USALIVE|Win32
		{DD15FF96-8D27-9047-07DC-824EEE7AFE9E}.USATEST|Win32.Build.0 = USALIVE|Win32
		{DD15FF96-8D27-9047-07DC-824EEE7AFE9E}.WORLDEDITOR|Win32.ActiveCfg = WORLDEDITOR|Win32
		{DD15FF96-8D27-9047-07DC-824EEE7AFE9E}.WORLDEDITOR|Win32.Build.0 = WORLDEDITOR|Win32
		{926F2E6B-48BC-11E4-8D41-98B6F6BA1C8C}.BRZLIVE|Win32.ActiveCfg = BRZLIVE|Win32
		{926F2E6B-48BC-11E4-8D41-98B6F6BA1C8C}.BRZLIVE|Win32.Build.0 = BRZLIVE|Win32
		{926F2E6B-48BC-11E4-8D41-98B6F6BA1C8C}.BRZTEST|Win32.ActiveCfg = BRZTEST|Win32
		{926F2E6B-48BC-11E4-8D41-98B6F6BA1C8C}.BRZTEST|Win32.Build.0 = BRZTEST|Win32
		{926F2E6B-48BC-11E4-8D41-98B6F6BA1C8C}.Debug|Win32.ActiveCfg = Debug|Win32
		{926F2E6B-48BC-11E4-8D41-98B6F6BA1C8C}.Debug|Win32.Build.0 = Debug|Win32
		{926F2E6B-48BC-11E4-8D41-98B6F6BA1C8C}.DebugKalydo|Win32.ActiveCfg = DebugKalydo|Win32
		{926F2E6B-48BC-11E4-8D41-98B6F6BA1C8C}.DebugKalydo|Win32.Build.0 = DebugKalydo|Win32
		{926F2E6B-48BC-11E4-8D41-98B6F6BA1C8C}.DebugSkaStudio|Win32.ActiveCfg = DebugSkaStudio|Win32
		{926F2E6B-48BC-11E4-8D41-98B6F6BA1C8C}.DebugSkaStudio|Win32.Build.0 = DebugSkaStudio|Win32
		{926F2E6B-48BC-11E4-8D41-98B6F6BA1C8C}.EU2LIVE|Win32.ActiveCfg = EU2LIVE|Win32
		{926F2E6B-48BC-11E4-8D41-98B6F6BA1C8C}.EU2LIVE|Win32.Build.0 = EU2LIVE|Win32
		{926F2E6B-48BC-11E4-8D41-98B6F6BA1C8C}.EU2TEST|Win32.ActiveCfg = EU2TEST|Win32
		{926F2E6B-48BC-11E4-8D41-98B6F6BA1C8C}.EU2TEST|Win32.Build.0 = EU2TEST|Win32
		{926F2E6B-48BC-11E4-8D41-98B6F6BA1C8C}.EU3LIVE|Win32.ActiveCfg = EU3LIVE|Win32
		{926F2E6B-48BC-11E4-8D41-98B6F6BA1C8C}.EU3LIVE|Win32.Build.0 = EU3LIVE|Win32
		{926F2E6B-48BC-11E4-8D41-98B6F6BA1C8C}.EU3TEST|Win32.ActiveCfg = EU3TEST|Win32
		{926F2E6B-48BC-11E4-8D41-98B6F6BA1C8C}.EU3TEST|Win32.Build.0 = EU3TEST|Win32
		{926F2E6B-48BC-11E4-8D41-98B6F6BA1C8C}.FinalDebug|Win32.ActiveCfg = FinalDebug|Win32
		{926F2E6B-48BC-11E4-8D41-98B6F6BA1C8C}.FinalDebug|Win32.Build.0 = FinalDebug|Win32
		{926F2E6B-48BC-11E4-8D41-98B6F6BA1C8C}.FinalRelease|Win32.ActiveCfg = FinalRelease|Win32
		{926F2E6B-48BC-11E4-8D41-98B6F6BA1C8C}.FinalRelease|Win32.Build.0 = FinalRelease|Win32
		{926F2E6B-48BC-11E4-8D41-98B6F6BA1C8C}.GERLIVE|Win32.ActiveCfg = GERLIVE|Win32
		{926F2E6B-48BC-11E4-8D41-98B6F6BA1C8C}.GERLIVE|Win32.Build.0 = GERLIVE|Win32
		{926F2E6B-48BC-11E4-8D41-98B6F6BA1C8C}.GERLIVEKalydo|Win32.ActiveCfg = GERLIVEKalydo|Win32
		{926F2E6B-48BC-11E4-8D41-98B6F6BA1C8C}.GERLIVEKalydo|Win32.Build.0 = GERLIVEKalydo|Win32
		{926F2E6B-48BC-11E4-8D41-98B6F6BA1C8C}.GERTEST|Win32.ActiveCfg = GERTEST|Win32
		{926F2E6B-48BC-11E4-8D41-98B6F6BA1C8C}.GERTEST|Win32.Build.0 = GERTEST|Win32
		{926F2E6B-48BC-11E4-8D41-98B6F6BA1C8C}.HKLIVE|Win32.ActiveCfg = HKLIVE|Win32
		{926F2E6B-48BC-11E4-8D41-98B6F6BA1C8C}.HKLIVE|Win32.Build.0 = HKLIVE|Win32
		{926F2E6B-48BC-11E4-8D41-98B6F6BA1C8C}.HKTEST|Win32.ActiveCfg = HKTEST|Win32
		{926F2E6B-48BC-11E4-8D41-98B6F6BA1C8C}.HKTEST|Win32.Build.0 = HKTEST|Win32
		{926F2E6B-48BC-11E4-8D41-98B6F6BA1C8C}.JPNLIVE|Win32.ActiveCfg = JPNLIVE|Win32
		{926F2E6B-48BC-11E4-8D41-98B6F6BA1C8C}.JPNLIVE|Win32.Build.0 = JPNLIVE|Win32
		{926F2E6B-48BC-11E4-8D41-98B6F6BA1C8C}.JPNTEST|Win32.ActiveCfg = JPNTEST|Win32
		{926F2E6B-48BC-11E4-8D41-98B6F6BA1C8C}.JPNTEST|Win32.Build.0 = JPNTEST|Win32
		{926F2E6B-48BC-11E4-8D41-98B6F6BA1C8C}.KORLIVE|Win32.ActiveCfg = KORLIVE|Win32
		{926F2E6B-48BC-11E4-8D41-98B6F6BA1C8C}.KORLIVE|Win32.Build.0 = KORLIVE|Win32
		{926F2E6B-48BC-11E4-8D41-98B6F6BA1C8C}.KORTEST|Win32.ActiveCfg = KORTEST|Win32
		{926F2E6B-48BC-11E4-8D41-98B6F6BA1C8C}.KORTEST|Win32.Build.0 = KORTEST|Win32
		{926F2E6B-48BC-11E4-8D41-98B6F6BA1C8C}.MAXLIVE|Win32.ActiveCfg = MAXLIVE|Win32
		{926F2E6B-48BC-11E4-8D41-98B6F6BA1C8C}.MAXLIVE|Win32.Build.0 = MAXLIVE|Win32
		{926F2E6B-48BC-11E4-8D41-98B6F6BA1C8C}.MAXTEST|Win32.ActiveCfg = MAXTEST|Win32
		{926F2E6B-48BC-11E4-8D41-98B6F6BA1C8C}.MAXTEST|Win32.Build.0 = MAXTEST|Win32
		{926F2E6B-48BC-11E4-8D41-98B6F6BA1C8C}.NETLIVE|Win32.ActiveCfg = NETLIVE|Win32
		{926F2E6B-48BC-11E4-8D41-98B6F6BA1C8C}.NETLIVE|Win32.Build.0 = NETLIVE|Win32
		{926F2E6B-48BC-11E4-8D41-98B6F6BA1C8C}.NETTEST|Win32.ActiveCfg = NETTEST|Win32
		{926F2E6B-48BC-11E4-8D41-98B6F6BA1C8C}.NETTEST|Win32.Build.0 = NETTEST|Win32
		{926F2E6B-48BC-11E4-8D41-98B6F6BA1C8C}.Release|Win32.ActiveCfg = Release|Win32
		{926F2E6B-48BC-11E4-8D41-98B6F6BA1C8C}.Release|Win32.Build.0 = Release|Win32
		{926F2E6B-48BC-11E4-8D41-98B6F6BA1C8C}.ReleaseKalydo|Win32.ActiveCfg = ReleaseKalydo|Win32
		{926F2E6B-48BC-11E4-8D41-98B6F6BA1C8C}.ReleaseKalydo|Win32.Build.0 = ReleaseKalydo|Win32
		{926F2E6B-48BC-11E4-8D41-98B6F6BA1C8C}.RUSLIVE|Win32.ActiveCfg = RUSLIVE|Win32
		{926F2E6B-48BC-11E4-8D41-98B6F6BA1C8C}.RUSLIVE|Win32.Build.0 = RUSLIVE|Win32
		{926F2E6B-48BC-11E4-8D41-98B6F6BA1C8C}.RUSTEST|Win32.ActiveCfg = RUSTEST|Win32
		{926F2E6B-48BC-11E4-8D41-98B6F6BA1C8C}.RUSTEST|Win32.Build.0 = RUSTEST|Win32
		{926F2E6B-48BC-11E4-8D41-98B6F6BA1C8C}.SkaStudio|Win32.ActiveCfg = SkaStudio|Win32
		{926F2E6B-48BC-11E4-8D41-98B6F6BA1C8C}.SkaStudio|Win32.Build.0 = SkaStudio|Win32
		{926F2E6B-48BC-11E4-8D41-98B6F6BA1C8C}.Template|Win32.ActiveCfg = Template|Win32
		{926F2E6B-48BC-11E4-8D41-98B6F6BA1C8C}.Template|Win32.Build.0 = Template|Win32
		{926F2E6B-48BC-11E4-8D41-98B6F6BA1C8C}.THAILIVE|Win32.ActiveCfg = THAILIVE|Win32
		{926F2E6B-48BC-11E4-8D41-98B6F6BA1C8C}.THAILIVE|Win32.Build.0 = THAILIVE|Win32
		{926F2E6B-48BC-11E4-8D41-98B6F6BA1C8C}.THAITEST|Win32.ActiveCfg = THAITEST|Win32
		{926F2E6B-48BC-11E4-8D41-98B6F6BA1C8C}.THAITEST|Win32.Build.0 = THAITEST|Win32
		{926F2E6B-48BC-11E4-8D41-98B6F6BA1C8C}.USALIVE|Win32.ActiveCfg = USALIVE|Win32
		{926F2E6B-48BC-11E4-8D41-98B6F6BA1C8C}.USALIVE|Win32.Build.0 = USALIVE|Win32
		{926F2E6B-48BC-11E4-8D41-98B6F6BA1C8C}.USATEST|Win32.ActiveCfg = USATEST|Win32
		{926F2E6B-48BC-11E4-8D41-98B6F6BA1C8C}.USATEST|Win32.Build.0 = USATEST|Win32
		{926F2E6B-48BC-11E4-8D41-98B6F6BA1C8C}.WORLDEDITOR|Win32.ActiveCfg = WORLDEDITOR|Win32
		{926F2E6B-48BC-11E4-8D41-98B6F6BA1C8C}.WORLDEDITOR|Win32.Build.0 = WORLDEDITOR|Win32
		{ADA29B17-DA9C-9CBA-5877-A24A131E0516}.BRZLIVE|Win32.ActiveCfg = Template|Win32
		{ADA29B17-DA9C-9CBA-5877-A24A131E0516}.BRZLIVE|Win32.Build.0 = Template|Win32
		{ADA29B17-DA9C-9CBA-5877-A24A131E0516}.BRZTEST|Win32.ActiveCfg = Template|Win32
		{ADA29B17-DA9C-9CBA-5877-A24A131E0516}.BRZTEST|Win32.Build.0 = Template|Win32
		{ADA29B17-DA9C-9CBA-5877-A24A131E0516}.Debug|Win32.ActiveCfg = Debug|Win32
		{ADA29B17-DA9C-9CBA-5877-A24A131E0516}.Debug|Win32.Build.0 = Debug|Win32
		{ADA29B17-DA9C-9CBA-5877-A24A131E0516}.DebugKalydo|Win32.ActiveCfg = Debug|Win32
		{ADA29B17-DA9C-9CBA-5877-A24A131E0516}.DebugKalydo|Win32.Build.0 = Debug|Win32
		{ADA29B17-DA9C-9CBA-5877-A24A131E0516}.DebugSkaStudio|Win32.ActiveCfg = Debug|Win32
		{ADA29B17-DA9C-9CBA-5877-A24A131E0516}.EU2LIVE|Win32.ActiveCfg = Template|Win32
		{ADA29B17-DA9C-9CBA-5877-A24A131E0516}.EU2LIVE|Win32.Build.0 = Template|Win32
		{ADA29B17-DA9C-9CBA-5877-A24A131E0516}.EU2TEST|Win32.ActiveCfg = Template|Win32
		{ADA29B17-DA9C-9CBA-5877-A24A131E0516}.EU2TEST|Win32.Build.0 = Template|Win32
		{ADA29B17-DA9C-9CBA-5877-A24A131E0516}.EU3LIVE|Win32.ActiveCfg = Template|Win32
		{ADA29B17-DA9C-9CBA-5877-A24A131E0516}.EU3LIVE|Win32.Build.0 = Template|Win32
		{ADA29B17-DA9C-9CBA-5877-A24A131E0516}.EU3TEST|Win32.ActiveCfg = Template|Win32
		{ADA29B17-DA9C-9CBA-5877-A24A131E0516}.EU3TEST|Win32.Build.0 = Template|Win32
		{ADA29B17-DA9C-9CBA-5877-A24A131E0516}.FinalDebug|Win32.ActiveCfg = Debug|Win32
		{ADA29B17-DA9C-9CBA-5877-A24A131E0516}.FinalDebug|Win32.Build.0 = Debug|Win32
		{ADA29B17-DA9C-9CBA-5877-A24A131E0516}.FinalRelease|Win32.ActiveCfg = Release|Win32
		{ADA29B17-DA9C-9CBA-5877-A24A131E0516}.FinalRelease|Win32.Build.0 = Release|Win32
		{ADA29B17-DA9C-9CBA-5877-A24A131E0516}.GERLIVE|Win32.ActiveCfg = Template|Win32
		{ADA29B17-DA9C-9CBA-5877-A24A131E0516}.GERLIVE|Win32.Build.0 = Template|Win32
		{ADA29B17-DA9C-9CBA-5877-A24A131E0516}.GERLIVEKalydo|Win32.ActiveCfg = Template|Win32
		{ADA29B17-DA9C-9CBA-5877-A24A131E0516}.GERLIVEKalydo|Win32.Build.0 = Template|Win32
		{ADA29B17-DA9C-9CBA-5877-A24A131E0516}.GERTEST|Win32.ActiveCfg = Template|Win32
		{ADA29B17-DA9C-9CBA-5877-A24A131E0516}.GERTEST|Win32.Build.0 = Template|Win32
		{ADA29B17-DA9C-9CBA-5877-A24A131E0516}.HKLIVE|Win32.ActiveCfg = Template|Win32
		{ADA29B17-DA9C-9CBA-5877-A24A131E0516}.HKLIVE|Win32.Build.0 = Template|Win32
		{ADA29B17-DA9C-9CBA-5877-A24A131E0516}.HKTEST|Win32.ActiveCfg = Template|Win32
		{ADA29B17-DA9C-9CBA-5877-A24A131E0516}.HKTEST|Win32.Build.0 = Template|Win32
		{ADA29B17-DA9C-9CBA-5877-A24A131E0516}.JPNLIVE|Win32.ActiveCfg = Template|Win32
		{ADA29B17-DA9C-9CBA-5877-A24A131E0516}.JPNLIVE|Win32.Build.0 = Template|Win32
		{ADA29B17-DA9C-9CBA-5877-A24A131E0516}.JPNTEST|Win32.ActiveCfg = Template|Win32
		{ADA29B17-DA9C-9CBA-5877-A24A131E0516}.JPNTEST|Win32.Build.0 = Template|Win32
		{ADA29B17-DA9C-9CBA-5877-A24A131E0516}.KORLIVE|Win32.ActiveCfg = Template|Win32
		{ADA29B17-DA9C-9CBA-5877-A24A131E0516}.KORLIVE|Win32.Build.0 = Template|Win32
		{ADA29B17-DA9C-9CBA-5877-A24A131E0516}.KORTEST|Win32.ActiveCfg = Template|Win32
		{ADA29B17-DA9C-9CBA-5877-A24A131E0516}.KORTEST|Win32.Build.0 = Template|Win32
		{ADA29B17-DA9C-9CBA-5877-A24A131E0516}.MAXLIVE|Win32.ActiveCfg = Template|Win32
		{ADA29B17-DA9C-9CBA-5877-A24A131E0516}.MAXLIVE|Win32.Build.0 = Template|Win32
		{ADA29B17-DA9C-9CBA-5877-A24A131E0516}.MAXTEST|Win32.ActiveCfg = Template|Win32
		{ADA29B17-DA9C-9CBA-5877-A24A131E0516}.MAXTEST|Win32.Build.0 = Template|Win32
		{ADA29B17-DA9C-9CBA-5877-A24A131E0516}.NETLIVE|Win32.ActiveCfg = Template|Win32
		{ADA29B17-DA9C-9CBA-5877-A24A131E0516}.NETLIVE|Win32.Build.0 = Template|Win32
		{ADA29B17-DA9C-9CBA-5877-A24A131E0516}.NETTEST|Win32.ActiveCfg = Template|Win32
		{ADA29B17-DA9C-9CBA-5877-A24A131E0516}.NETTEST|Win32.Build.0 = Template|Win32
		{ADA29B17-DA9C-9CBA-5877-A24A131E0516}.Release|Win32.ActiveCfg = Release|Win32
		{ADA29B17-DA9C-9CBA-5877-A24A131E0516}.Release|Win32.Build.0 = Release|Win32
		{ADA29B17-DA9C-9CBA-5877-A24A131E0516}.ReleaseKalydo|Win32.ActiveCfg = Release|Win32
		{ADA29B17-DA9C-9CBA-5877-A24A131E0516}.ReleaseKalydo|Win32.Build.0 = Release|Win32
		{ADA29B17-DA9C-9CBA-5877-A24A131E0516}.RUSLIVE|Win32.ActiveCfg = Release|Win32
		{ADA29B17-DA9C-9CBA-5877-A24A131E0516}.RUSLIVE|Win32.Build.0 = Release|Win32
		{ADA29B17-DA9C-9CBA-5877-A24A131E0516}.RUSTEST|Win32.ActiveCfg = Release|Win32
		{ADA29B17-DA9C-9CBA-5877-A24A131E0516}.RUSTEST|Win32.Build.0 = Release|Win32
		{ADA29B17-DA9C-9CBA-5877-A24A131E0516}.SkaStudio|Win32.ActiveCfg = SkaStudio|Win32
		{ADA29B17-DA9C-9CBA-5877-A24A131E0516}.Template|Win32.ActiveCfg = Template|Win32
		{ADA29B17-DA9C-9CBA-5877-A24A131E0516}.Template|Win32.Build.0 = Template|Win32
		{ADA29B17-DA9C-9CBA-5877-A24A131E0516}.THAILIVE|Win32.ActiveCfg = Template|Win32
		{ADA29B17-DA9C-9CBA-5877-A24A131E0516}.THAILIVE|Win32.Build.0 = Template|Win32
		{ADA29B17-DA9C-9CBA-5877-A24A131E0516}.THAITEST|Win32.ActiveCfg = Template|Win32
		{ADA29B17-DA9C-9CBA-5877-A24A131E0516}.THAITEST|Win32.Build.0 = Template|Win32
		{ADA29B17-DA9C-9CBA-5877-A24A131E0516}.USALIVE|Win32.ActiveCfg = Template|Win32
		{ADA29B17-DA9C-9CBA-5877-A24A131E0516}.USALIVE|Win32.Build.0 = Template|Win32
		{ADA29B17-DA9C-9CBA-5877-A24A131E0516}.USATEST|Win32.ActiveCfg = Template|Win32
		{ADA29B17-DA9C-9CBA-5877-A24A131E0516}.USATEST|Win32.Build.0 = Template|Win32
		{ADA29B17-DA9C-9CBA-5877-A24A131E0516}.WORLDEDITOR|Win32.ActiveCfg = Template|Win32
		{0F2F5A88-0260-1B9D-2A33-C173C33817D6}.BRZLIVE|Win32.ActiveCfg = Template|Win32
		{0F2F5A88-0260-1B9D-2A33-C173C33817D6}.BRZLIVE|Win32.Build.0 = Template|Win32
		{0F2F5A88-0260-1B9D-2A33-C173C33817D6}.BRZTEST|Win32.ActiveCfg = Template|Win32
		{0F2F5A88-0260-1B9D-2A33-C173C33817D6}.BRZTEST|Win32.Build.0 = Template|Win32
		{0F2F5A88-0260-1B9D-2A33-C173C33817D6}.Debug|Win32.ActiveCfg = Debug|Win32
		{0F2F5A88-0260-1B9D-2A33-C173C33817D6}.Debug|Win32.Build.0 = Debug|Win32
		{0F2F5A88-0260-1B9D-2A33-C173C33817D6}.DebugKalydo|Win32.ActiveCfg = Debug|Win32
		{0F2F5A88-0260-1B9D-2A33-C173C33817D6}.DebugKalydo|Win32.Build.0 = Debug|Win32
		{0F2F5A88-0260-1B9D-2A33-C173C33817D6}.DebugSkaStudio|Win32.ActiveCfg = Debug|Win32
		{0F2F5A88-0260-1B9D-2A33-C173C33817D6}.EU2LIVE|Win32.ActiveCfg = Template|Win32
		{0F2F5A88-0260-1B9D-2A33-C173C33817D6}.EU2LIVE|Win32.Build.0 = Template|Win32
		{0F2F5A88-0260-1B9D-2A33-C173C33817D6}.EU2TEST|Win32.ActiveCfg = Template|Win32
		{0F2F5A88-0260-1B9D-2A33-C173C33817D6}.EU2TEST|Win32.Build.0 = Template|Win32
		{0F2F5A88-0260-1B9D-2A33-C173C33817D6}.EU3LIVE|Win32.ActiveCfg = Template|Win32
		{0F2F5A88-0260-1B9D-2A33-C173C33817D6}.EU3LIVE|Win32.Build.0 = Template|Win32
		{0F2F5A88-0260-1B9D-2A33-C173C33817D6}.EU3TEST|Win32.ActiveCfg = Template|Win32
		{0F2F5A88-0260-1B9D-2A33-C173C33817D6}.EU3TEST|Win32.Build.0 = Template|Win32
		{0F2F5A88-0260-1B9D-2A33-C173C33817D6}.FinalDebug|Win32.ActiveCfg = Debug|Win32
		{0F2F5A88-0260-1B9D-2A33-C173C33817D6}.FinalDebug|Win32.Build.0 = Debug|Win32
		{0F2F5A88-0260-1B9D-2A33-C173C33817D6}.FinalRelease|Win32.ActiveCfg = Release|Win32
		{0F2F5A88-0260-1B9D-2A33-C173C33817D6}.FinalRelease|Win32.Build.0 = Release|Win32
		{0F2F5A88-0260-1B9D-2A33-C173C33817D6}.GERLIVE|Win32.ActiveCfg = Template|Win32
		{0F2F5A88-0260-1B9D-2A33-C173C33817D6}.GERLIVE|Win32.Build.0 = Template|Win32
		{0F2F5A88-0260-1B9D-2A33-C173C33817D6}.GERLIVEKalydo|Win32.ActiveCfg = Template|Win32
		{0F2F5A88-0260-1B9D-2A33-C173C33817D6}.GERLIVEKalydo|Win32.Build.0 = Template|Win32
		{0F2F5A88-0260-1B9D-2A33-C173C33817D6}.GERTEST|Win32.ActiveCfg = Template|Win32
		{0F2F5A88-0260-1B9D-2A33-C173C33817D6}.GERTEST|Win32.Build.0 = Template|Win32
		{0F2F5A88-0260-1B9D-2A33-C173C33817D6}.HKLIVE|Win32.ActiveCfg = Template|Win32
		{0F2F5A88-0260-1B9D-2A33-C173C33817D6}.HKLIVE|Win32.Build.0 = Template|Win32
		{0F2F5A88-0260-1B9D-2A33-C173C33817D6}.HKTEST|Win32.ActiveCfg = Template|Win32
		{0F2F5A88-0260-1B9D-2A33-C173C33817D6}.HKTEST|Win32.Build.0 = Template|Win32
		{0F2F5A88-0260-1B9D-2A33-C173C33817D6}.JPNLIVE|Win32.ActiveCfg = Template|Win32
		{0F2F5A88-0260-1B9D-2A33-C173C33817D6}.JPNLIVE|Win32.Build.0 = Template|Win32
		{0F2F5A88-0260-1B9D-2A33-C173C33817D6}.JPNTEST|Win32.ActiveCfg = Template|Win32
		{0F2F5A88-0260-1B9D-2A33-C173C33817D6}.JPNTEST|Win32.Build.0 = Template|Win32
		{0F2F5A88-0260-1B9D-2A33-C173C33817D6}.KORLIVE|Win32.ActiveCfg = Template|Win32
		{0F2F5A88-0260-1B9D-2A33-C173C33817D6}.KORLIVE|Win32.Build.0 = Template|Win32
		{0F2F5A88-0260-1B9D-2A33-C173C33817D6}.KORTEST|Win32.ActiveCfg = Template|Win32
		{0F2F5A88-0260-1B9D-2A33-C173C33817D6}.KORTEST|Win32.Build.0 = Template|Win32
		{0F2F5A88-0260-1B9D-2A33-C173C33817D6}.MAXLIVE|Win32.ActiveCfg = Template|Win32
		{0F2F5A88-0260-1B9D-2A33-C173C33817D6}.MAXLIVE|Win32.Build.0 = Template|Win32
		{0F2F5A88-0260-1B9D-2A33-C173C33817D6}.MAXTEST|Win32.ActiveCfg = Template|Win32
		{0F2F5A88-0260-1B9D-2A33-C173C33817D6}.MAXTEST|Win32.Build.0 = Template|Win32
		{0F2F5A88-0260-1B9D-2A33-C173C33817D6}.NETLIVE|Win32.ActiveCfg = Template|Win32
		{0F2F5A88-0260-1B9D-2A33-C173C33817D6}.NETLIVE|Win32.Build.0 = Template|Win32
		{0F2F5A88-0260-1B9D-2A33-C173C33817D6}.NETTEST|Win32.ActiveCfg = Template|Win32
		{0F2F5A88-0260-1B9D-2A33-C173C33817D6}.NETTEST|Win32.Build.0 = Template|Win32
		{0F2F5A88-0260-1B9D-2A33-C173C33817D6}.Release|Win32.ActiveCfg = Release|Win32
		{0F2F5A88-0260-1B9D-2A33-C173C33817D6}.Release|Win32.Build.0 = Release|Win32
		{0F2F5A88-0260-1B9D-2A33-C173C33817D6}.ReleaseKalydo|Win32.ActiveCfg = Release|Win32
		{0F2F5A88-0260-1B9D-2A33-C173C33817D6}.ReleaseKalydo|Win32.Build.0 = Release|Win32
		{0F2F5A88-0260-1B9D-2A33-C173C33817D6}.RUSLIVE|Win32.ActiveCfg = Release|Win32
		{0F2F5A88-0260-1B9D-2A33-C173C33817D6}.RUSLIVE|Win32.Build.0 = Release|Win32
		{0F2F5A88-0260-1B9D-2A33-C173C33817D6}.RUSTEST|Win32.ActiveCfg = Release|Win32
		{0F2F5A88-0260-1B9D-2A33-C173C33817D6}.RUSTEST|Win32.Build.0 = Release|Win32
		{0F2F5A88-0260-1B9D-2A33-C173C33817D6}.SkaStudio|Win32.ActiveCfg = SkaStudio|Win32
		{0F2F5A88-0260-1B9D-2A33-C173C33817D6}.Template|Win32.ActiveCfg = Template|Win32
		{0F2F5A88-0260-1B9D-2A33-C173C33817D6}.Template|Win32.Build.0 = Template|Win32
		{0F2F5A88-0260-1B9D-2A33-C173C33817D6}.THAILIVE|Win32.ActiveCfg = Template|Win32
		{0F2F5A88-0260-1B9D-2A33-C173C33817D6}.THAILIVE|Win32.Build.0 = Template|Win32
		{0F2F5A88-0260-1B9D-2A33-C173C33817D6}.THAITEST|Win32.ActiveCfg = Template|Win32
		{0F2F5A88-0260-1B9D-2A33-C173C33817D6}.THAITEST|Win32.Build.0 = Template|Win32
		{0F2F5A88-0260-1B9D-2A33-C173C33817D6}.USALIVE|Win32.ActiveCfg = Template|Win32
		{0F2F5A88-0260-1B9D-2A33-C173C33817D6}.USALIVE|Win32.Build.0 = Template|Win32
		{0F2F5A88-0260-1B9D-2A33-C173C33817D6}.USATEST|Win32.ActiveCfg = Template|Win32
		{0F2F5A88-0260-1B9D-2A33-C173C33817D6}.USATEST|Win32.Build.0 = Template|Win32
		{0F2F5A88-0260-1B9D-2A33-C173C33817D6}.WORLDEDITOR|Win32.ActiveCfg = Template|Win32
		{E503C0CC-CA9E-9F61-5029-DE146AC69851}.BRZLIVE|Win32.ActiveCfg = Template|Win32
		{E503C0CC-CA9E-9F61-5029-DE146AC69851}.BRZLIVE|Win32.Build.0 = Template|Win32
		{E503C0CC-CA9E-9F61-5029-DE146AC69851}.BRZTEST|Win32.ActiveCfg = Template|Win32
		{E503C0CC-CA9E-9F61-5029-DE146AC69851}.BRZTEST|Win32.Build.0 = Template|Win32
		{E503C0CC-CA9E-9F61-5029-DE146AC69851}.Debug|Win32.ActiveCfg = Debug|Win32
		{E503C0CC-CA9E-9F61-5029-DE146AC69851}.Debug|Win32.Build.0 = Debug|Win32
		{E503C0CC-CA9E-9F61-5029-DE146AC69851}.DebugKalydo|Win32.ActiveCfg = Debug|Win32
		{E503C0CC-CA9E-9F61-5029-DE146AC69851}.DebugKalydo|Win32.Build.0 = Debug|Win32
		{E503C0CC-CA9E-9F61-5029-DE146AC69851}.DebugSkaStudio|Win32.ActiveCfg = Debug|Win32
		{E503C0CC-CA9E-9F61-5029-DE146AC69851}.EU2LIVE|Win32.ActiveCfg = Template|Win32
		{E503C0CC-CA9E-9F61-5029-DE146AC69851}.EU2LIVE|Win32.Build.0 = Template|Win32
		{E503C0CC-CA9E-9F61-5029-DE146AC69851}.EU2TEST|Win32.ActiveCfg = Template|Win32
		{E503C0CC-CA9E-9F61-5029-DE146AC69851}.EU2TEST|Win32.Build.0 = Template|Win32
		{E503C0CC-CA9E-9F61-5029-DE146AC69851}.EU3LIVE|Win32.ActiveCfg = Template|Win32
		{E503C0CC-CA9E-9F61-5029-DE146AC69851}.EU3LIVE|Win32.Build.0 = Template|Win32
		{E503C0CC-CA9E-9F61-5029-DE146AC69851}.EU3TEST|Win32.ActiveCfg = Template|Win32
		{E503C0CC-CA9E-9F61-5029-DE146AC69851}.EU3TEST|Win32.Build.0 = Template|Win32
		{E503C0CC-CA9E-9F61-5029-DE146AC69851}.FinalDebug|Win32.ActiveCfg = Debug|Win32
		{E503C0CC-CA9E-9F61-5029-DE146AC69851}.FinalDebug|Win32.Build.0 = Debug|Win32
		{E503C0CC-CA9E-9F61-5029-DE146AC69851}.FinalRelease|Win32.ActiveCfg = Release|Win32
		{E503C0CC-CA9E-9F61-5029-DE146AC69851}.FinalRelease|Win32.Build.0 = Release|Win32
		{E503C0CC-CA9E-9F61-5029-DE146AC69851}.GERLIVE|Win32.ActiveCfg = Template|Win32
		{E503C0CC-CA9E-9F61-5029-DE146AC69851}.GERLIVE|Win32.Build.0 = Template|Win32
		{E503C0CC-CA9E-9F61-5029-DE146AC69851}.GERLIVEKalydo|Win32.ActiveCfg = Template|Win32
		{E503C0CC-CA9E-9F61-5029-DE146AC69851}.GERLIVEKalydo|Win32.Build.0 = Template|Win32
		{E503C0CC-CA9E-9F61-5029-DE146AC69851}.GERTEST|Win32.ActiveCfg = Template|Win32
		{E503C0CC-CA9E-9F61-5029-DE146AC69851}.GERTEST|Win32.Build.0 = Template|Win32
		{E503C0CC-CA9E-9F61-5029-DE146AC69851}.HKLIVE|Win32.ActiveCfg = Template|Win32
		{E503C0CC-CA9E-9F61-5029-DE146AC69851}.HKLIVE|Win32.Build.0 = Template|Win32
		{E503C0CC-CA9E-9F61-5029-DE146AC69851}.HKTEST|Win32.ActiveCfg = Template|Win32
		{E503C0CC-CA9E-9F61-5029-DE146AC69851}.HKTEST|Win32.Build.0 = Template|Win32
		{E503C0CC-CA9E-9F61-5029-DE146AC69851}.JPNLIVE|Win32.ActiveCfg = Template|Win32
		{E503C0CC-CA9E-9F61-5029-DE146AC69851}.JPNLIVE|Win32.Build.0 = Template|Win32
		{E503C0CC-CA9E-9F61-5029-DE146AC69851}.JPNTEST|Win32.ActiveCfg = Template|Win32
		{E503C0CC-CA9E-9F61-5029-DE146AC69851}.JPNTEST|Win32.Build.0 = Template|Win32
		{E503C0CC-CA9E-9F61-5029-DE146AC69851}.KORLIVE|Win32.ActiveCfg = Template|Win32
		{E503C0CC-CA9E-9F61-5029-DE146AC69851}.KORLIVE|Win32.Build.0 = Template|Win32
		{E503C0CC-CA9E-9F61-5029-DE146AC69851}.KORTEST|Win32.ActiveCfg = Template|Win32
		{E503C0CC-CA9E-9F61-5029-DE146AC69851}.KORTEST|Win32.Build.0 = Template|Win32
		{E503C0CC-CA9E-9F61-5029-DE146AC69851}.MAXLIVE|Win32.ActiveCfg = Template|Win32
		{E503C0CC-CA9E-9F61-5029-DE146AC69851}.MAXLIVE|Win32.Build.0 = Template|Win32
		{E503C0CC-CA9E-9F61-5029-DE146AC69851}.MAXTEST|Win32.ActiveCfg = Template|Win32
		{E503C0CC-CA9E-9F61-5029-DE146AC69851}.MAXTEST|Win32.Build.0 = Template|Win32
		{E503C0CC-CA9E-9F61-5029-DE146AC69851}.NETLIVE|Win32.ActiveCfg = Template|Win32
		{E503C0CC-CA9E-9F61-5029-DE146AC69851}.NETLIVE|Win32.Build.0 = Template|Win32
		{E503C0CC-CA9E-9F61-5029-DE146AC69851}.NETTEST|Win32.ActiveCfg = Template|Win32
		{E503C0CC-CA9E-9F61-5029-DE146AC69851}.NETTEST|Win32.Build.0 = Template|Win32
		{E503C0CC-CA9E-9F61-5029-DE146AC69851}.Release|Win32.ActiveCfg = Release|Win32
		{E503C0CC-CA9E-9F61-5029-DE146AC69851}.Release|Win32.Build.0 = Release|Win32
		{E503C0CC-CA9E-9F61-5029-DE146AC69851}.ReleaseKalydo|Win32.ActiveCfg = Release|Win32
		{E503C0CC-CA9E-9F61-5029-DE146AC69851}.ReleaseKalydo|Win32.Build.0 = Release|Win32
		{E503C0CC-CA9E-9F61-5029-DE146AC69851}.RUSLIVE|Win32.ActiveCfg = Release|Win32
		{E503C0CC-CA9E-9F61-5029-DE146AC69851}.RUSLIVE|Win32.Build.0 = Release|Win32
		{E503C0CC-CA9E-9F61-5029-DE146AC69851}.RUSTEST|Win32.ActiveCfg = Release|Win32
		{E503C0CC-CA9E-9F61-5029-DE146AC69851}.RUSTEST|Win32.Build.0 = Release|Win32
		{E503C0CC-CA9E-9F61-5029-DE146AC69851}.SkaStudio|Win32.ActiveCfg = SkaStudio|Win32
		{E503C0CC-CA9E-9F61-5029-DE146AC69851}.Template|Win32.ActiveCfg = Template|Win32
		{E503C0CC-CA9E-9F61-5029-DE146AC69851}.Template|Win32.Build.0 = Template|Win32
		{E503C0CC-CA9E-9F61-5029-DE146AC69851}.THAILIVE|Win32.ActiveCfg = Template|Win32
		{E503C0CC-CA9E-9F61-5029-DE146AC69851}.THAILIVE|Win32.Build.0 = Template|Win32
		{E503C0CC-CA9E-9F61-5029-DE146AC69851}.THAITEST|Win32.ActiveCfg = Template|Win32
		{E503C0CC-CA9E-9F61-5029-DE146AC69851}.THAITEST|Win32.Build.0 = Template|Win32
		{E503C0CC-CA9E-9F61-5029-DE146AC69851}.USALIVE|Win32.ActiveCfg = Template|Win32
		{E503C0CC-CA9E-9F61-5029-DE146AC69851}.USALIVE|Win32.Build.0 = Template|Win32
		{E503C0CC-CA9E-9F61-5029-DE146AC69851}.USATEST|Win32.ActiveCfg = Template|Win32
		{E503C0CC-CA9E-9F61-5029-DE146AC69851}.USATEST|Win32.Build.0 = Template|Win32
		{E503C0CC-CA9E-9F61-5029-DE146AC69851}.WORLDEDITOR|Win32.ActiveCfg = Template|Win32
		{D491EFD7-77EB-ED7E-99A0-5006CE78DE84}.BRZLIVE|Win32.ActiveCfg = WORLDEDITOR|Win32
		{D491EFD7-77EB-ED7E-99A0-5006CE78DE84}.BRZLIVE|Win32.Build.0 = WORLDEDITOR|Win32
		{D491EFD7-77EB-ED7E-99A0-5006CE78DE84}.BRZTEST|Win32.ActiveCfg = WORLDEDITOR|Win32
		{D491EFD7-77EB-ED7E-99A0-5006CE78DE84}.BRZTEST|Win32.Build.0 = WORLDEDITOR|Win32
		{D491EFD7-77EB-ED7E-99A0-5006CE78DE84}.Debug|Win32.ActiveCfg = Debug|Win32
		{D491EFD7-77EB-ED7E-99A0-5006CE78DE84}.Debug|Win32.Build.0 = Debug|Win32
		{D491EFD7-77EB-ED7E-99A0-5006CE78DE84}.DebugKalydo|Win32.ActiveCfg = Debug|Win32
		{D491EFD7-77EB-ED7E-99A0-5006CE78DE84}.DebugKalydo|Win32.Build.0 = Debug|Win32
		{D491EFD7-77EB-ED7E-99A0-5006CE78DE84}.DebugSkaStudio|Win32.ActiveCfg = Debug|Win32
		{D491EFD7-77EB-ED7E-99A0-5006CE78DE84}.EU2LIVE|Win32.ActiveCfg = WORLDEDITOR|Win32
		{D491EFD7-77EB-ED7E-99A0-5006CE78DE84}.EU2LIVE|Win32.Build.0 = WORLDEDITOR|Win32
		{D491EFD7-77EB-ED7E-99A0-5006CE78DE84}.EU2TEST|Win32.ActiveCfg = WORLDEDITOR|Win32
		{D491EFD7-77EB-ED7E-99A0-5006CE78DE84}.EU2TEST|Win32.Build.0 = WORLDEDITOR|Win32
		{D491EFD7-77EB-ED7E-99A0-5006CE78DE84}.EU3LIVE|Win32.ActiveCfg = WORLDEDITOR|Win32
		{D491EFD7-77EB-ED7E-99A0-5006CE78DE84}.EU3LIVE|Win32.Build.0 = WORLDEDITOR|Win32
		{D491EFD7-77EB-ED7E-99A0-5006CE78DE84}.EU3TEST|Win32.ActiveCfg = WORLDEDITOR|Win32
		{D491EFD7-77EB-ED7E-99A0-5006CE78DE84}.EU3TEST|Win32.Build.0 = WORLDEDITOR|Win32
		{D491EFD7-77EB-ED7E-99A0-5006CE78DE84}.FinalDebug|Win32.ActiveCfg = Debug|Win32
		{D491EFD7-77EB-ED7E-99A0-5006CE78DE84}.FinalDebug|Win32.Build.0 = Debug|Win32
		{D491EFD7-77EB-ED7E-99A0-5006CE78DE84}.FinalRelease|Win32.ActiveCfg = Release|Win32
		{D491EFD7-77EB-ED7E-99A0-5006CE78DE84}.FinalRelease|Win32.Build.0 = Release|Win32
		{D491EFD7-77EB-ED7E-99A0-5006CE78DE84}.GERLIVE|Win32.ActiveCfg = WORLDEDITOR|Win32
		{D491EFD7-77EB-ED7E-99A0-5006CE78DE84}.GERLIVE|Win32.Build.0 = WORLDEDITOR|Win32
		{D491EFD7-77EB-ED7E-99A0-5006CE78DE84}.GERLIVEKalydo|Win32.ActiveCfg = WORLDEDITOR|Win32
		{D491EFD7-77EB-ED7E-99A0-5006CE78DE84}.GERLIVEKalydo|Win32.Build.0 = WORLDEDITOR|Win32
		{D491EFD7-77EB-ED7E-99A0-5006CE78DE84}.GERTEST|Win32.ActiveCfg = WORLDEDITOR|Win32
		{D491EFD7-77EB-ED7E-99A0-5006CE78DE84}.GERTEST|Win32.Build.0 = WORLDEDITOR|Win32
		{D491EFD7-77EB-ED7E-99A0-5006CE78DE84}.HKLIVE|Win32.ActiveCfg = WORLDEDITOR|Win32
		{D491EFD7-77EB-ED7E-99A0-5006CE78DE84}.HKLIVE|Win32.Build.0 = WORLDEDITOR|Win32
		{D491EFD7-77EB-ED7E-99A0-5006CE78DE84}.HKTEST|Win32.ActiveCfg = WORLDEDITOR|Win32
		{D491EFD7-77EB-ED7E-99A0-5006CE78DE84}.HKTEST|Win32.Build.0 = WORLDEDITOR|Win32
		{D491EFD7-77EB-ED7E-99A0-5006CE78DE84}.JPNLIVE|Win32.ActiveCfg = WORLDEDITOR|Win32
		{D491EFD7-77EB-ED7E-99A0-5006CE78DE84}.JPNLIVE|Win32.Build.0 = WORLDEDITOR|Win32
		{D491EFD7-77EB-ED7E-99A0-5006CE78DE84}.JPNTEST|Win32.ActiveCfg = WORLDEDITOR|Win32
		{D491EFD7-77EB-ED7E-99A0-5006CE78DE84}.JPNTEST|Win32.Build.0 = WORLDEDITOR|Win32
		{D491EFD7-77EB-ED7E-99A0-5006CE78DE84}.KORLIVE|Win32.ActiveCfg = WORLDEDITOR|Win32
		{D491EFD7-77EB-ED7E-99A0-5006CE78DE84}.KORLIVE|Win32.Build.0 = WORLDEDITOR|Win32
		{D491EFD7-77EB-ED7E-99A0-5006CE78DE84}.KORTEST|Win32.ActiveCfg = WORLDEDITOR|Win32
		{D491EFD7-77EB-ED7E-99A0-5006CE78DE84}.KORTEST|Win32.Build.0 = WORLDEDITOR|Win32
		{D491EFD7-77EB-ED7E-99A0-5006CE78DE84}.MAXLIVE|Win32.ActiveCfg = WORLDEDITOR|Win32
		{D491EFD7-77EB-ED7E-99A0-5006CE78DE84}.MAXLIVE|Win32.Build.0 = WORLDEDITOR|Win32
		{D491EFD7-77EB-ED7E-99A0-5006CE78DE84}.MAXTEST|Win32.ActiveCfg = WORLDEDITOR|Win32
		{D491EFD7-77EB-ED7E-99A0-5006CE78DE84}.MAXTEST|Win32.Build.0 = WORLDEDITOR|Win32
		{D491EFD7-77EB-ED7E-99A0-5006CE78DE84}.NETLIVE|Win32.ActiveCfg = WORLDEDITOR|Win32
		{D491EFD7-77EB-ED7E-99A0-5006CE78DE84}.NETLIVE|Win32.Build.0 = WORLDEDITOR|Win32
		{D491EFD7-77EB-ED7E-99A0-5006CE78DE84}.NETTEST|Win32.ActiveCfg = WORLDEDITOR|Win32
		{D491EFD7-77EB-ED7E-99A0-5006CE78DE84}.NETTEST|Win32.Build.0 = WORLDEDITOR|Win32
		{D491EFD7-77EB-ED7E-99A0-5006CE78DE84}.Release|Win32.ActiveCfg = Release|Win32
		{D491EFD7-77EB-ED7E-99A0-5006CE78DE84}.Release|Win32.Build.0 = Release|Win32
		{D491EFD7-77EB-ED7E-99A0-5006CE78DE84}.ReleaseKalydo|Win32.ActiveCfg = Release|Win32
		{D491EFD7-77EB-ED7E-99A0-5006CE78DE84}.ReleaseKalydo|Win32.Build.0 = Release|Win32
		{D491EFD7-77EB-ED7E-99A0-5006CE78DE84}.RUSLIVE|Win32.ActiveCfg = Release|Win32
		{D491EFD7-77EB-ED7E-99A0-5006CE78DE84}.RUSLIVE|Win32.Build.0 = Release|Win32
		{D491EFD7-77EB-ED7E-99A0-5006CE78DE84}.RUSTEST|Win32.ActiveCfg = Release|Win32
		{D491EFD7-77EB-ED7E-99A0-5006CE78DE84}.RUSTEST|Win32.Build.0 = Release|Win32
		{D491EFD7-77EB-ED7E-99A0-5006CE78DE84}.SkaStudio|Win32.ActiveCfg = SkaStudio|Win32
		{D491EFD7-77EB-ED7E-99A0-5006CE78DE84}.Template|Win32.ActiveCfg = Template|Win32
		{D491EFD7-77EB-ED7E-99A0-5006CE78DE84}.Template|Win32.Build.0 = Template|Win32
		{D491EFD7-77EB-ED7E-99A0-5006CE78DE84}.THAILIVE|Win32.ActiveCfg = Template|Win32
		{D491EFD7-77EB-ED7E-99A0-5006CE78DE84}.THAILIVE|Win32.Build.0 = Template|Win32
		{D491EFD7-77EB-ED7E-99A0-5006CE78DE84}.THAITEST|Win32.ActiveCfg = Template|Win32
		{D491EFD7-77EB-ED7E-99A0-5006CE78DE84}.THAITEST|Win32.Build.0 = Template|Win32
		{D491EFD7-77EB-ED7E-99A0-5006CE78DE84}.USALIVE|Win32.ActiveCfg = WORLDEDITOR|Win32
		{D491EFD7-77EB-ED7E-99A0-5006CE78DE84}.USALIVE|Win32.Build.0 = WORLDEDITOR|Win32
		{D491EFD7-77EB-ED7E-99A0-5006CE78DE84}.USATEST|Win32.ActiveCfg = WORLDEDITOR|Win32
		{D491EFD7-77EB-ED7E-99A0-5006CE78DE84}.USATEST|Win32.Build.0 = WORLDEDITOR|Win32
		{D491EFD7-77EB-ED7E-99A0-5006CE78DE84}.WORLDEDITOR|Win32.ActiveCfg = WORLDEDITOR|Win32
		{953560F2-76B4-BBBA-3021-521A84AD828B}.BRZLIVE|Win32.ActiveCfg = Template|Win32
		{953560F2-76B4-BBBA-3021-521A84AD828B}.BRZLIVE|Win32.Build.0 = Template|Win32
		{953560F2-76B4-BBBA-3021-521A84AD828B}.BRZTEST|Win32.ActiveCfg = Template|Win32
		{953560F2-76B4-BBBA-3021-521A84AD828B}.BRZTEST|Win32.Build.0 = Template|Win32
		{953560F2-76B4-BBBA-3021-521A84AD828B}.Debug|Win32.ActiveCfg = Debug|Win32
		{953560F2-76B4-BBBA-3021-521A84AD828B}.Debug|Win32.Build.0 = Debug|Win32
		{953560F2-76B4-BBBA-3021-521A84AD828B}.DebugKalydo|Win32.ActiveCfg = Debug|Win32
		{953560F2-76B4-BBBA-3021-521A84AD828B}.DebugKalydo|Win32.Build.0 = Debug|Win32
		{953560F2-76B4-BBBA-3021-521A84AD828B}.DebugSkaStudio|Win32.ActiveCfg = Debug|Win32
		{953560F2-76B4-BBBA-3021-521A84AD828B}.EU2LIVE|Win32.ActiveCfg = Template|Win32
		{953560F2-76B4-BBBA-3021-521A84AD828B}.EU2LIVE|Win32.Build.0 = Template|Win32
		{953560F2-76B4-BBBA-3021-521A84AD828B}.EU2TEST|Win32.ActiveCfg = Template|Win32
		{953560F2-76B4-BBBA-3021-521A84AD828B}.EU2TEST|Win32.Build.0 = Template|Win32
		{953560F2-76B4-BBBA-3021-521A84AD828B}.EU3LIVE|Win32.ActiveCfg = Template|Win32
		{953560F2-76B4-BBBA-3021-521A84AD828B}.EU3LIVE|Win32.Build.0 = Template|Win32
		{953560F2-76B4-BBBA-3021-521A84AD828B}.EU3TEST|Win32.ActiveCfg = Template|Win32
		{953560F2-76B4-BBBA-3021-521A84AD828B}.EU3TEST|Win32.Build.0 = Template|Win32
		{953560F2-76B4-BBBA-3021-521A84AD828B}.FinalDebug|Win32.ActiveCfg = Debug|Win32
		{953560F2-76B4-BBBA-3021-521A84AD828B}.FinalDebug|Win32.Build.0 = Debug|Win32
		{953560F2-76B4-BBBA-3021-521A84AD828B}.FinalRelease|Win32.ActiveCfg = Release|Win32
		{953560F2-76B4-BBBA-3021-521A84AD828B}.FinalRelease|Win32.Build.0 = Release|Win32
		{953560F2-76B4-BBBA-3021-521A84AD828B}.GERLIVE|Win32.ActiveCfg = Template|Win32
		{953560F2-76B4-BBBA-3021-521A84AD828B}.GERLIVE|Win32.Build.0 = Template|Win32
		{953560F2-76B4-BBBA-3021-521A84AD828B}.GERLIVEKalydo|Win32.ActiveCfg = Template|Win32
		{953560F2-76B4-BBBA-3021-521A84AD828B}.GERLIVEKalydo|Win32.Build.0 = Template|Win32
		{953560F2-76B4-BBBA-3021-521A84AD828B}.GERTEST|Win32.ActiveCfg = Template|Win32
		{953560F2-76B4-BBBA-3021-521A84AD828B}.GERTEST|Win32.Build.0 = Template|Win32
		{953560F2-76B4-BBBA-3021-521A84AD828B}.HKLIVE|Win32.ActiveCfg = Template|Win32
		{953560F2-76B4-BBBA-3021-521A84AD828B}.HKLIVE|Win32.Build.0 = Template|Win32
		{953560F2-76B4-BBBA-3021-521A84AD828B}.HKTEST|Win32.ActiveCfg = Template|Win32
		{953560F2-76B4-BBBA-3021-521A84AD828B}.HKTEST|Win32.Build.0 = Template|Win32
		{953560F2-76B4-BBBA-3021-521A84AD828B}.JPNLIVE|Win32.ActiveCfg = Template|Win32
		{953560F2-76B4-BBBA-3021-521A84AD828B}.JPNLIVE|Win32.Build.0 = Template|Win32
		{953560F2-76B4-BBBA-3021-521A84AD828B}.JPNTEST|Win32.ActiveCfg = Template|Win32
		{953560F2-76B4-BBBA-3021-521A84AD828B}.JPNTEST|Win32.Build.0 = Template|Win32
		{953560F2-76B4-BBBA-3021-521A84AD828B}.KORLIVE|Win32.ActiveCfg = Template|Win32
		{953560F2-76B4-BBBA-3021-521A84AD828B}.KORLIVE|Win32.Build.0 = Template|Win32
		{953560F2-76B4-BBBA-3021-521A84AD828B}.KORTEST|Win32.ActiveCfg = Template|Win32
		{953560F2-76B4-BBBA-3021-521A84AD828B}.KORTEST|Win32.Build.0 = Template|Win32
		{953560F2-76B4-BBBA-3021-521A84AD828B}.MAXLIVE|Win32.ActiveCfg = Template|Win32
		{953560F2-76B4-BBBA-3021-521A84AD828B}.MAXLIVE|Win32.Build.0 = Template|Win32
		{953560F2-76B4-BBBA-3021-521A84AD828B}.MAXTEST|Win32.ActiveCfg = Template|Win32
		{953560F2-76B4-BBBA-3021-521A84AD828B}.MAXTEST|Win32.Build.0 = Template|Win32
		{953560F2-76B4-BBBA-3021-521A84AD828B}.NETLIVE|Win32.ActiveCfg = Template|Win32
		{953560F2-76B4-BBBA-3021-521A84AD828B}.NETLIVE|Win32.Build.0 = Template|Win32
		{953560F2-76B4-BBBA-3021-521A84AD828B}.NETTEST|Win32.ActiveCfg = Template|Win32
		{953560F2-76B4-BBBA-3021-521A84AD828B}.NETTEST|Win32.Build.0 = Template|Win32
		{953560F2-76B4-BBBA-3021-521A84AD828B}.Release|Win32.ActiveCfg = Release|Win32
		{953560F2-76B4-BBBA-3021-521A84AD828B}.Release|Win32.Build.0 = Release|Win32
		{953560F2-76B4-BBBA-3021-521A84AD828B}.ReleaseKalydo|Win32.ActiveCfg = Release|Win32
		{953560F2-76B4-BBBA-3021-521A84AD828B}.ReleaseKalydo|Win32.Build.0 = Release|Win32
		{953560F2-76B4-BBBA-3021-521A84AD828B}.RUSLIVE|Win32.ActiveCfg = Release|Win32
		{953560F2-76B4-BBBA-3021-521A84AD828B}.RUSLIVE|Win32.Build.0 = Release|Win32
		{953560F2-76B4-BBBA-3021-521A84AD828B}.RUSTEST|Win32.ActiveCfg = Release|Win32
		{953560F2-76B4-BBBA-3021-521A84AD828B}.RUSTEST|Win32.Build.0 = Release|Win32
		{953560F2-76B4-BBBA-3021-521A84AD828B}.SkaStudio|Win32.ActiveCfg = SkaStudio|Win32
		{953560F2-76B4-BBBA-3021-521A84AD828B}.Template|Win32.ActiveCfg = Template|Win32
		{953560F2-76B4-BBBA-3021-521A84AD828B}.Template|Win32.Build.0 = Template|Win32
		{953560F2-76B4-BBBA-3021-521A84AD828B}.THAILIVE|Win32.ActiveCfg = Template|Win32
		{953560F2-76B4-BBBA-3021-521A84AD828B}.THAILIVE|Win32.Build.0 = Template|Win32
		{953560F2-76B4-BBBA-3021-521A84AD828B}.THAITEST|Win32.ActiveCfg = Template|Win32
		{953560F2-76B4-BBBA-3021-521A84AD828B}.THAITEST|Win32.Build.0 = Template|Win32
		{953560F2-76B4-BBBA-3021-521A84AD828B}.USALIVE|Win32.ActiveCfg = Template|Win32
		{953560F2-76B4-BBBA-3021-521A84AD828B}.USALIVE|Win32.Build.0 = Template|Win32
		{953560F2-76B4-BBBA-3021-521A84AD828B}.USATEST|Win32.ActiveCfg = Template|Win32
		{953560F2-76B4-BBBA-3021-521A84AD828B}.USATEST|Win32.Build.0 = Template|Win32
		{953560F2-76B4-BBBA-3021-521A84AD828B}.WORLDEDITOR|Win32.ActiveCfg = Template|Win32
		{A9BFC527-A6A2-EFEE-C17B-F41BC490CB64}.BRZLIVE|Win32.ActiveCfg = WORLDEDITOR|Win32
		{A9BFC527-A6A2-EFEE-C17B-F41BC490CB64}.BRZLIVE|Win32.Build.0 = WORLDEDITOR|Win32
		{A9BFC527-A6A2-EFEE-C17B-F41BC490CB64}.BRZTEST|Win32.ActiveCfg = WORLDEDITOR|Win32
		{A9BFC527-A6A2-EFEE-C17B-F41BC490CB64}.BRZTEST|Win32.Build.0 = WORLDEDITOR|Win32
		{A9BFC527-A6A2-EFEE-C17B-F41BC490CB64}.Debug|Win32.ActiveCfg = Debug|Win32
		{A9BFC527-A6A2-EFEE-C17B-F41BC490CB64}.Debug|Win32.Build.0 = Debug|Win32
		{A9BFC527-A6A2-EFEE-C17B-F41BC490CB64}.DebugKalydo|Win32.ActiveCfg = Debug|Win32
		{A9BFC527-A6A2-EFEE-C17B-F41BC490CB64}.DebugKalydo|Win32.Build.0 = Debug|Win32
		{A9BFC527-A6A2-EFEE-C17B-F41BC490CB64}.DebugSkaStudio|Win32.ActiveCfg = DebugSkaStudio|Win32
		{A9BFC527-A6A2-EFEE-C17B-F41BC490CB64}.DebugSkaStudio|Win32.Build.0 = DebugSkaStudio|Win32
		{A9BFC527-A6A2-EFEE-C17B-F41BC490CB64}.EU2LIVE|Win32.ActiveCfg = WORLDEDITOR|Win32
		{A9BFC527-A6A2-EFEE-C17B-F41BC490CB64}.EU2LIVE|Win32.Build.0 = WORLDEDITOR|Win32
		{A9BFC527-A6A2-EFEE-C17B-F41BC490CB64}.EU2TEST|Win32.ActiveCfg = WORLDEDITOR|Win32
		{A9BFC527-A6A2-EFEE-C17B-F41BC490CB64}.EU2TEST|Win32.Build.0 = WORLDEDITOR|Win32
		{A9BFC527-A6A2-EFEE-C17B-F41BC490CB64}.EU3LIVE|Win32.ActiveCfg = WORLDEDITOR|Win32
		{A9BFC527-A6A2-EFEE-C17B-F41BC490CB64}.EU3LIVE|Win32.Build.0 = WORLDEDITOR|Win32
		{A9BFC527-A6A2-EFEE-C17B-F41BC490CB64}.EU3TEST|Win32.ActiveCfg = WORLDEDITOR|Win32
		{A9BFC527-A6A2-EFEE-C17B-F41BC490CB64}.EU3TEST|Win32.Build.0 = WORLDEDITOR|Win32
		{A9BFC527-A6A2-EFEE-C17B-F41BC490CB64}.FinalDebug|Win32.ActiveCfg = Debug|Win32
		{A9BFC527-A6A2-EFEE-C17B-F41BC490CB64}.FinalDebug|Win32.Build.0 = Debug|Win32
		{A9BFC527-A6A2-EFEE-C17B-F41BC490CB64}.FinalRelease|Win32.ActiveCfg = Release|Win32
		{A9BFC527-A6A2-EFEE-C17B-F41BC490CB64}.FinalRelease|Win32.Build.0 = Release|Win32
		{A9BFC527-A6A2-EFEE-C17B-F41BC490CB64}.GERLIVE|Win32.ActiveCfg = WORLDEDITOR|Win32
		{A9BFC527-A6A2-EFEE-C17B-F41BC490CB64}.GERLIVE|Win32.Build.0 = WORLDEDITOR|Win32
		{A9BFC527-A6A2-EFEE-C17B-F41BC490CB64}.GERLIVEKalydo|Win32.ActiveCfg = WORLDEDITOR|Win32
		{A9BFC527-A6A2-EFEE-C17B-F41BC490CB64}.GERLIVEKalydo|Win32.Build.0 = WORLDEDITOR|Win32
		{A9BFC527-A6A2-EFEE-C17B-F41BC490CB64}.GERTEST|Win32.ActiveCfg = WORLDEDITOR|Win32
		{A9BFC527-A6A2-EFEE-C17B-F41BC490CB64}.GERTEST|Win32.Build.0 = WORLDEDITOR|Win32
		{A9BFC527-A6A2-EFEE-C17B-F41BC490CB64}.HKLIVE|Win32.ActiveCfg = WORLDEDITOR|Win32
		{A9BFC527-A6A2-EFEE-C17B-F41BC490CB64}.HKLIVE|Win32.Build.0 = WORLDEDITOR|Win32
		{A9BFC527-A6A2-EFEE-C17B-F41BC490CB64}.HKTEST|Win32.ActiveCfg = WORLDEDITOR|Win32
		{A9BFC527-A6A2-EFEE-C17B-F41BC490CB64}.HKTEST|Win32.Build.0 = WORLDEDITOR|Win32
		{A9BFC527-A6A2-EFEE-C17B-F41BC490CB64}.JPNLIVE|Win32.ActiveCfg = WORLDEDITOR|Win32
		{A9BFC527-A6A2-EFEE-C17B-F41BC490CB64}.JPNLIVE|Win32.Build.0 = WORLDEDITOR|Win32
		{A9BFC527-A6A2-EFEE-C17B-F41BC490CB64}.JPNTEST|Win32.ActiveCfg = WORLDEDITOR|Win32
		{A9BFC527-A6A2-EFEE-C17B-F41BC490CB64}.JPNTEST|Win32.Build.0 = WORLDEDITOR|Win32
		{A9BFC527-A6A2-EFEE-C17B-F41BC490CB64}.KORLIVE|Win32.ActiveCfg = WORLDEDITOR|Win32
		{A9BFC527-A6A2-EFEE-C17B-F41BC490CB64}.KORLIVE|Win32.Build.0 = WORLDEDITOR|Win32
		{A9BFC527-A6A2-EFEE-C17B-F41BC490CB64}.KORTEST|Win32.ActiveCfg = WORLDEDITOR|Win32
		{A9BFC527-A6A2-EFEE-C17B-F41BC490CB64}.KORTEST|Win32.Build.0 = WORLDEDITOR|Win32
		{A9BFC527-A6A2-EFEE-C17B-F41BC490CB64}.MAXLIVE|Win32.ActiveCfg = WORLDEDITOR|Win32
		{A9BFC527-A6A2-EFEE-C17B-F41BC490CB64}.MAXLIVE|Win32.Build.0 = WORLDEDITOR|Win32
		{A9BFC527-A6A2-EFEE-C17B-F41BC490CB64}.MAXTEST|Win32.ActiveCfg = WORLDEDITOR|Win32
		{A9BFC527-A6A2-EFEE-C17B-F41BC490CB64}.MAXTEST|Win32.Build.0 = WORLDEDITOR|Win32
		{A9BFC527-A6A2-EFEE-C17B-F41BC490CB64}.NETLIVE|Win32.ActiveCfg = WORLDEDITOR|Win32
		{A9BFC527-A6A2-EFEE-C17B-F41BC490CB64}.NETLIVE|Win32.Build.0 = WORLDEDITOR|Win32
		{A9BFC527-A6A2-EFEE-C17B-F41BC490CB64}.NETTEST|Win32.ActiveCfg = WORLDEDITOR|Win32
		{A9BFC527-A6A2-EFEE-C17B-F41BC490CB64}.NETTEST|Win32.Build.0 = WORLDEDITOR|Win32
		{A9BFC527-A6A2-EFEE-C17B-F41BC490CB64}.Release|Win32.ActiveCfg = Release|Win32
		{A9BFC527-A6A2-EFEE-C17B-F41BC490CB64}.Release|Win32.Build.0 = Release|Win32
		{A9BFC527-A6A2-EFEE-C17B-F41BC490CB64}.ReleaseKalydo|Win32.ActiveCfg = Release|Win32
		{A9BFC527-A6A2-EFEE-C17B-F41BC490CB64}.ReleaseKalydo|Win32.Build.0 = Release|Win32
		{A9BFC527-A6A2-EFEE-C17B-F41BC490CB64}.RUSLIVE|Win32.ActiveCfg = Release|Win32
		{A9BFC527-A6A2-EFEE-C17B-F41BC490CB64}.RUSLIVE|Win32.Build.0 = Release|Win32
		{A9BFC527-A6A2-EFEE-C17B-F41BC490CB64}.RUSTEST|Win32.ActiveCfg = Release|Win32
		{A9BFC527-A6A2-EFEE-C17B-F41BC490CB64}.RUSTEST|Win32.Build.0 = Release|Win32
		{A9BFC527-A6A2-EFEE-C17B-F41BC490CB64}.SkaStudio|Win32.ActiveCfg = SkaStudio|Win32
		{A9BFC527-A6A2-EFEE-C17B-F41BC490CB64}.SkaStudio|Win32.Build.0 = SkaStudio|Win32
		{A9BFC527-A6A2-EFEE-C17B-F41BC490CB64}.Template|Win32.ActiveCfg = Template|Win32
		{A9BFC527-A6A2-EFEE-C17B-F41BC490CB64}.Template|Win32.Build.0 = Template|Win32
		{A9BFC527-A6A2-EFEE-C17B-F41BC490CB64}.THAILIVE|Win32.ActiveCfg = Template|Win32
		{A9BFC527-A6A2-EFEE-C17B-F41BC490CB64}.THAILIVE|Win32.Build.0 = Template|Win32
		{A9BFC527-A6A2-EFEE-C17B-F41BC490CB64}.THAITEST|Win32.ActiveCfg = Template|Win32
		{A9BFC527-A6A2-EFEE-C17B-F41BC490CB64}.THAITEST|Win32.Build.0 = Template|Win32
		{A9BFC527-A6A2-EFEE-C17B-F41BC490CB64}.USALIVE|Win32.ActiveCfg = WORLDEDITOR|Win32
		{A9BFC527-A6A2-EFEE-C17B-F41BC490CB64}.USALIVE|Win32.Build.0 = WORLDEDITOR|Win32
		{A9BFC527-A6A2-EFEE-C17B-F41BC490CB64}.USATEST|Win32.ActiveCfg = WORLDEDITOR|Win32
		{A9BFC527-A6A2-EFEE-C17B-F41BC490CB64}.USATEST|Win32.Build.0 = WORLDEDITOR|Win32
		{A9BFC527-A6A2-EFEE-C17B-F41BC490CB64}.WORLDEDITOR|Win32.ActiveCfg = WORLDEDITOR|Win32
		{A9BFC527-A6A2-EFEE-C17B-F41BC490CB64}.WORLDEDITOR|Win32.Build.0 = WORLDEDITOR|Win32
		{D42BFFDE-1521-EC17-8741-96F54EEED515}.BRZLIVE|Win32.ActiveCfg = BRZLIVE|Win32
		{D42BFFDE-1521-EC17-8741-96F54EEED515}.BRZLIVE|Win32.Build.0 = BRZLIVE|Win32
		{D42BFFDE-1521-EC17-8741-96F54EEED515}.BRZTEST|Win32.ActiveCfg = BRZLIVE|Win32
		{D42BFFDE-1521-EC17-8741-96F54EEED515}.BRZTEST|Win32.Build.0 = BRZLIVE|Win32
		{D42BFFDE-1521-EC17-8741-96F54EEED515}.Debug|Win32.ActiveCfg = Debug|Win32
		{D42BFFDE-1521-EC17-8741-96F54EEED515}.Debug|Win32.Build.0 = Debug|Win32
		{D42BFFDE-1521-EC17-8741-96F54EEED515}.DebugKalydo|Win32.ActiveCfg = DebugKalydo|Win32
		{D42BFFDE-1521-EC17-8741-96F54EEED515}.DebugKalydo|Win32.Build.0 = DebugKalydo|Win32
		{D42BFFDE-1521-EC17-8741-96F54EEED515}.DebugSkaStudio|Win32.ActiveCfg = DebugSkaStudio|Win32
		{D42BFFDE-1521-EC17-8741-96F54EEED515}.DebugSkaStudio|Win32.Build.0 = DebugSkaStudio|Win32
		{D42BFFDE-1521-EC17-8741-96F54EEED515}.EU2LIVE|Win32.ActiveCfg = SkaStudio|Win32
		{D42BFFDE-1521-EC17-8741-96F54EEED515}.EU2LIVE|Win32.Build.0 = SkaStudio|Win32
		{D42BFFDE-1521-EC17-8741-96F54EEED515}.EU2TEST|Win32.ActiveCfg = SkaStudio|Win32
		{D42BFFDE-1521-EC17-8741-96F54EEED515}.EU2TEST|Win32.Build.0 = SkaStudio|Win32
		{D42BFFDE-1521-EC17-8741-96F54EEED515}.EU3LIVE|Win32.ActiveCfg = SkaStudio|Win32
		{D42BFFDE-1521-EC17-8741-96F54EEED515}.EU3LIVE|Win32.Build.0 = SkaStudio|Win32
		{D42BFFDE-1521-EC17-8741-96F54EEED515}.EU3TEST|Win32.ActiveCfg = SkaStudio|Win32
		{D42BFFDE-1521-EC17-8741-96F54EEED515}.EU3TEST|Win32.Build.0 = SkaStudio|Win32
		{D42BFFDE-1521-EC17-8741-96F54EEED515}.FinalDebug|Win32.ActiveCfg = Debug|Win32
		{D42BFFDE-1521-EC17-8741-96F54EEED515}.FinalDebug|Win32.Build.0 = Debug|Win32
		{D42BFFDE-1521-EC17-8741-96F54EEED515}.FinalRelease|Win32.ActiveCfg = SkaStudio|Win32
		{D42BFFDE-1521-EC17-8741-96F54EEED515}.FinalRelease|Win32.Build.0 = SkaStudio|Win32
		{D42BFFDE-1521-EC17-8741-96F54EEED515}.GERLIVE|Win32.ActiveCfg = GERLIVE|Win32
		{D42BFFDE-1521-EC17-8741-96F54EEED515}.GERLIVE|Win32.Build.0 = GERLIVE|Win32
		{D42BFFDE-1521-EC17-8741-96F54EEED515}.GERLIVEKalydo|Win32.ActiveCfg = GERLIVEKalydo|Win32
		{D42BFFDE-1521-EC17-8741-96F54EEED515}.GERLIVEKalydo|Win32.Build.0 = GERLIVEKalydo|Win32
		{D42BFFDE-1521-EC17-8741-96F54EEED515}.GERTEST|Win32.ActiveCfg = GERLIVE|Win32
		{D42BFFDE-1521-EC17-8741-96F54EEED515}.GERTEST|Win32.Build.0 = GERLIVE|Win32
		{D42BFFDE-1521-EC17-8741-96F54EEED515}.HKLIVE|Win32.ActiveCfg = SkaStudio|Win32
		{D42BFFDE-1521-EC17-8741-96F54EEED515}.HKLIVE|Win32.Build.0 = SkaStudio|Win32
		{D42BFFDE-1521-EC17-8741-96F54EEED515}.HKTEST|Win32.ActiveCfg = SkaStudio|Win32
		{D42BFFDE-1521-EC17-8741-96F54EEED515}.HKTEST|Win32.Build.0 = SkaStudio|Win32
		{D42BFFDE-1521-EC17-8741-96F54EEED515}.JPNLIVE|Win32.ActiveCfg = SkaStudio|Win32
		{D42BFFDE-1521-EC17-8741-96F54EEED515}.JPNLIVE|Win32.Build.0 = SkaStudio|Win32
		{D42BFFDE-1521-EC17-8741-96F54EEED515}.JPNTEST|Win32.ActiveCfg = SkaStudio|Win32
		{D42BFFDE-1521-EC17-8741-96F54EEED515}.JPNTEST|Win32.Build.0 = SkaStudio|Win32
		{D42BFFDE-1521-EC17-8741-96F54EEED515}.KORLIVE|Win32.ActiveCfg = KORTEST|Win32
		{D42BFFDE-1521-EC17-8741-96F54EEED515}.KORLIVE|Win32.Build.0 = KORTEST|Win32
		{D42BFFDE-1521-EC17-8741-96F54EEED515}.KORTEST|Win32.ActiveCfg = KORTEST|Win32
		{D42BFFDE-1521-EC17-8741-96F54EEED515}.KORTEST|Win32.Build.0 = KORTEST|Win32
		{D42BFFDE-1521-EC17-8741-96F54EEED515}.MAXLIVE|Win32.ActiveCfg = MAXLIVE|Win32
		{D42BFFDE-1521-EC17-8741-96F54EEED515}.MAXLIVE|Win32.Build.0 = MAXLIVE|Win32
		{D42BFFDE-1521-EC17-8741-96F54EEED515}.MAXTEST|Win32.ActiveCfg = MAXLIVE|Win32
		{D42BFFDE-1521-EC17-8741-96F54EEED515}.MAXTEST|Win32.Build.0 = MAXLIVE|Win32
		{D42BFFDE-1521-EC17-8741-96F54EEED515}.NETLIVE|Win32.ActiveCfg = SkaStudio|Win32
		{D42BFFDE-1521-EC17-8741-96F54EEED515}.NETLIVE|Win32.Build.0 = SkaStudio|Win32
		{D42BFFDE-1521-EC17-8741-96F54EEED515}.NETTEST|Win32.ActiveCfg = SkaStudio|Win32
		{D42BFFDE-1521-EC17-8741-96F54EEED515}.NETTEST|Win32.Build.0 = SkaStudio|Win32
		{D42BFFDE-1521-EC17-8741-96F54EEED515}.Release|Win32.ActiveCfg = ReleaseKalydo|Win32
		{D42BFFDE-1521-EC17-8741-96F54EEED515}.Release|Win32.Build.0 = ReleaseKalydo|Win32
		{D42BFFDE-1521-EC17-8741-96F54EEED515}.ReleaseKalydo|Win32.ActiveCfg = ReleaseKalydo|Win32
		{D42BFFDE-1521-EC17-8741-96F54EEED515}.ReleaseKalydo|Win32.Build.0 = ReleaseKalydo|Win32
		{D42BFFDE-1521-EC17-8741-96F54EEED515}.RUSLIVE|Win32.ActiveCfg = RUSLIVE|Win32
		{D42BFFDE-1521-EC17-8741-96F54EEED515}.RUSLIVE|Win32.Build.0 = RUSLIVE|Win32
		{D42BFFDE-1521-EC17-8741-96F54EEED515}.RUSTEST|Win32.ActiveCfg = RUSLIVE|Win32
		{D42BFFDE-1521-EC17-8741-96F54EEED515}.RUSTEST|Win32.Build.0 = RUSLIVE|Win32
		{D42BFFDE-1521-EC17-8741-96F54EEED515}.SkaStudio|Win32.ActiveCfg = SkaStudio|Win32
		{D42BFFDE-1521-EC17-8741-96F54EEED515}.SkaStudio|Win32.Build.0 = SkaStudio|Win32
		{D42BFFDE-1521-EC17-8741-96F54EEED515}.Template|Win32.ActiveCfg = Template|Win32
		{D42BFFDE-1521-EC17-8741-96F54EEED515}.Template|Win32.Build.0 = Template|Win32
		{D42BFFDE-1521-EC17-8741-96F54EEED515}.THAILIVE|Win32.ActiveCfg = THAILIVE|Win32
		{D42BFFDE-1521-EC17-8741-96F54EEED515}.THAILIVE|Win32.Build.0 = THAILIVE|Win32
		{D42BFFDE-1521-EC17-8741-96F54EEED515}.THAITEST|Win32.ActiveCfg = THAILIVE|Win32
		{D42BFFDE-1521-EC17-8741-96F54EEED515}.THAITEST|Win32.Build.0 = THAILIVE|Win32
		{D42BFFDE-1521-EC17-8741-96F54EEED515}.USALIVE|Win32.ActiveCfg = USALIVE|Win32
		{D42BFFDE-1521-EC17-8741-96F54EEED515}.USALIVE|Win32.Build.0 = USALIVE|Win32
		{D42BFFDE-1521-EC17-8741-96F54EEED515}.USATEST|Win32.ActiveCfg = USALIVE|Win32
		{D42BFFDE-1521-EC17-8741-96F54EEED515}.USATEST|Win32.Build.0 = USALIVE|Win32
		{D42BFFDE-1521-EC17-8741-96F54EEED515}.WORLDEDITOR|Win32.ActiveCfg = WORLDEDITOR|Win32
		{D42BFFDE-1521-EC17-8741-96F54EEED515}.WORLDEDITOR|Win32.Build.0 = WORLDEDITOR|Win32
		{9E537E5E-7045-594A-B201-272A211CE86F}.BRZLIVE|Win32.ActiveCfg = WORLDEDITOR|Win32
		{9E537E5E-7045-594A-B201-272A211CE86F}.BRZLIVE|Win32.Build.0 = WORLDEDITOR|Win32
		{9E537E5E-7045-594A-B201-272A211CE86F}.BRZTEST|Win32.ActiveCfg = WORLDEDITOR|Win32
		{9E537E5E-7045-594A-B201-272A211CE86F}.BRZTEST|Win32.Build.0 = WORLDEDITOR|Win32
		{9E537E5E-7045-594A-B201-272A211CE86F}.Debug|Win32.ActiveCfg = Debug|Win32
		{9E537E5E-7045-594A-B201-272A211CE86F}.Debug|Win32.Build.0 = Debug|Win32
		{9E537E5E-7045-594A-B201-272A211CE86F}.DebugKalydo|Win32.ActiveCfg = Debug|Win32
		{9E537E5E-7045-594A-B201-272A211CE86F}.DebugKalydo|Win32.Build.0 = Debug|Win32
		{9E537E5E-7045-594A-B201-272A211CE86F}.DebugSkaStudio|Win32.ActiveCfg = SkaStudio|Win32
		{9E537E5E-7045-594A-B201-272A211CE86F}.DebugSkaStudio|Win32.Build.0 = SkaStudio|Win32
		{9E537E5E-7045-594A-B201-272A211CE86F}.EU2LIVE|Win32.ActiveCfg = WORLDEDITOR|Win32
		{9E537E5E-7045-594A-B201-272A211CE86F}.EU2LIVE|Win32.Build.0 = WORLDEDITOR|Win32
		{9E537E5E-7045-594A-B201-272A211CE86F}.EU2TEST|Win32.ActiveCfg = WORLDEDITOR|Win32
		{9E537E5E-7045-594A-B201-272A211CE86F}.EU2TEST|Win32.Build.0 = WORLDEDITOR|Win32
		{9E537E5E-7045-594A-B201-272A211CE86F}.EU3LIVE|Win32.ActiveCfg = WORLDEDITOR|Win32
		{9E537E5E-7045-594A-B201-272A211CE86F}.EU3LIVE|Win32.Build.0 = WORLDEDITOR|Win32
		{9E537E5E-7045-594A-B201-272A211CE86F}.EU3TEST|Win32.ActiveCfg = WORLDEDITOR|Win32
		{9E537E5E-7045-594A-B201-272A211CE86F}.EU3TEST|Win32.Build.0 = WORLDEDITOR|Win32
		{9E537E5E-7045-594A-B201-272A211CE86F}.FinalDebug|Win32.ActiveCfg = Debug|Win32
		{9E537E5E-7045-594A-B201-272A211CE86F}.FinalDebug|Win32.Build.0 = Debug|Win32
		{9E537E5E-7045-594A-B201-272A211CE86F}.FinalRelease|Win32.ActiveCfg = Release|Win32
		{9E537E5E-7045-594A-B201-272A211CE86F}.FinalRelease|Win32.Build.0 = Release|Win32
		{9E537E5E-7045-594A-B201-272A211CE86F}.GERLIVE|Win32.ActiveCfg = WORLDEDITOR|Win32
		{9E537E5E-7045-594A-B201-272A211CE86F}.GERLIVE|Win32.Build.0 = WORLDEDITOR|Win32
		{9E537E5E-7045-594A-B201-272A211CE86F}.GERLIVEKalydo|Win32.ActiveCfg = WORLDEDITOR|Win32
		{9E537E5E-7045-594A-B201-272A211CE86F}.GERLIVEKalydo|Win32.Build.0 = WORLDEDITOR|Win32
		{9E537E5E-7045-594A-B201-272A211CE86F}.GERTEST|Win32.ActiveCfg = WORLDEDITOR|Win32
		{9E537E5E-7045-594A-B201-272A211CE86F}.GERTEST|Win32.Build.0 = WORLDEDITOR|Win32
		{9E537E5E-7045-594A-B201-272A211CE86F}.HKLIVE|Win32.ActiveCfg = WORLDEDITOR|Win32
		{9E537E5E-7045-594A-B201-272A211CE86F}.HKLIVE|Win32.Build.0 = WORLDEDITOR|Win32
		{9E537E5E-7045-594A-B201-272A211CE86F}.HKTEST|Win32.ActiveCfg = WORLDEDITOR|Win32
		{9E537E5E-7045-594A-B201-272A211CE86F}.HKTEST|Win32.Build.0 = WORLDEDITOR|Win32
		{9E537E5E-7045-594A-B201-272A211CE86F}.JPNLIVE|Win32.ActiveCfg = WORLDEDITOR|Win32
		{9E537E5E-7045-594A-B201-272A211CE86F}.JPNLIVE|Win32.Build.0 = WORLDEDITOR|Win32
		{9E537E5E-7045-594A-B201-272A211CE86F}.JPNTEST|Win32.ActiveCfg = WORLDEDITOR|Win32
		{9E537E5E-7045-594A-B201-272A211CE86F}.JPNTEST|Win32.Build.0 = WORLDEDITOR|Win32
		{9E537E5E-7045-594A-B201-272A211CE86F}.KORLIVE|Win32.ActiveCfg = WORLDEDITOR|Win32
		{9E537E5E-7045-594A-B201-272A211CE86F}.KORLIVE|Win32.Build.0 = WORLDEDITOR|Win32
		{9E537E5E-7045-594A-B201-272A211CE86F}.KORTEST|Win32.ActiveCfg = WORLDEDITOR|Win32
		{9E537E5E-7045-594A-B201-272A211CE86F}.KORTEST|Win32.Build.0 = WORLDEDITOR|Win32
		{9E537E5E-7045-594A-B201-272A211CE86F}.MAXLIVE|Win32.ActiveCfg = WORLDEDITOR|Win32
		{9E537E5E-7045-594A-B201-272A211CE86F}.MAXLIVE|Win32.Build.0 = WORLDEDITOR|Win32
		{9E537E5E-7045-594A-B201-272A211CE86F}.MAXTEST|Win32.ActiveCfg = WORLDEDITOR|Win32
		{9E537E5E-7045-594A-B201-272A211CE86F}.MAXTEST|Win32.Build.0 = WORLDEDITOR|Win32
		{9E537E5E-7045-594A-B201-272A211CE86F}.NETLIVE|Win32.ActiveCfg = WORLDEDITOR|Win32
		{9E537E5E-7045-594A-B201-272A211CE86F}.NETLIVE|Win32.Build.0 = WORLDEDITOR|Win32
		{9E537E5E-7045-594A-B201-272A211CE86F}.NETTEST|Win32.ActiveCfg = WORLDEDITOR|Win32
		{9E537E5E-7045-594A-B201-272A211CE86F}.NETTEST|Win32.Build.0 = WORLDEDITOR|Win32
		{9E537E5E-7045-594A-B201-272A211CE86F}.Release|Win32.ActiveCfg = Release|Win32
		{9E537E5E-7045-594A-B201-272A211CE86F}.Release|Win32.Build.0 = Release|Win32
		{9E537E5E-7045-594A-B201-272A211CE86F}.ReleaseKalydo|Win32.ActiveCfg = Release|Win32
		{9E537E5E-7045-594A-B201-272A211CE86F}.ReleaseKalydo|Win32.Build.0 = Release|Win32
		{9E537E5E-7045-594A-B201-272A211CE86F}.RUSLIVE|Win32.ActiveCfg = Release|Win32
		{9E537E5E-7045-594A-B201-272A211CE86F}.RUSLIVE|Win32.Build.0 = Release|Win32
		{9E537E5E-7045-594A-B201-272A211CE86F}.RUSTEST|Win32.ActiveCfg = Release|Win32
		{9E537E5E-7045-594A-B201-272A211CE86F}.RUSTEST|Win32.Build.0 = Release|Win32
		{9E537E5E-7045-594A-B201-272A211CE86F}.SkaStudio|Win32.ActiveCfg = SkaStudio|Win32
		{9E537E5E-7045-594A-B201-272A211CE86F}.Template|Win32.ActiveCfg = Template|Win32
		{9E537E5E-7045-594A-B201-272A211CE86F}.Template|Win32.Build.0 = Template|Win32
		{9E537E5E-7045-594A-B201-272A211CE86F}.THAILIVE|Win32.ActiveCfg = Template|Win32
		{9E537E5E-7045-594A-B201-272A211CE86F}.THAILIVE|Win32.Build.0 = Template|Win32
		{9E537E5E-7045-594A-B201-272A211CE86F}.THAITEST|Win32.ActiveCfg = Template|Win32
		{9E537E5E-7045-594A-B201-272A211CE86F}.THAITEST|Win32.Build.0 = Template|Win32
		{9E537E5E-7045-594A-B201-272A211CE86F}.USALIVE|Win32.ActiveCfg = WORLDEDITOR|Win32
		{9E537E5E-7045-594A-B201-272A211CE86F}.USALIVE|Win32.Build.0 = WORLDEDITOR|Win32
		{9E537E5E-7045-594A-B201-272A211CE86F}.USATEST|Win32.ActiveCfg = WORLDEDITOR|Win32
		{9E537E5E-7045-594A-B201-272A211CE86F}.USATEST|Win32.Build.0 = WORLDEDITOR|Win32
		{9E537E5E-7045-594A-B201-272A211CE86F}.WORLDEDITOR|Win32.ActiveCfg = WORLDEDITOR|Win32
		{A3109CCC-B83D-4D6C-A214-03C10084F276}.BRZLIVE|Win32.ActiveCfg = Release|Win32
		{A3109CCC-B83D-4D6C-A214-03C10084F276}.BRZLIVE|Win32.Build.0 = Release|Win32
		{A3109CCC-B83D-4D6C-A214-03C10084F276}.BRZTEST|Win32.ActiveCfg = Release|Win32
		{A3109CCC-B83D-4D6C-A214-03C10084F276}.BRZTEST|Win32.Build.0 = Release|Win32
		{A3109CCC-B83D-4D6C-A214-03C10084F276}.Debug|Win32.ActiveCfg = Debug|Win32
		{A3109CCC-B83D-4D6C-A214-03C10084F276}.Debug|Win32.Build.0 = Debug|Win32
		{A3109CCC-B83D-4D6C-A214-03C10084F276}.DebugKalydo|Win32.ActiveCfg = Debug|Win32
		{A3109CCC-B83D-4D6C-A214-03C10084F276}.DebugKalydo|Win32.Build.0 = Debug|Win32
		{A3109CCC-B83D-4D6C-A214-03C10084F276}.DebugSkaStudio|Win32.ActiveCfg = Debug|Win32
		{A3109CCC-B83D-4D6C-A214-03C10084F276}.DebugSkaStudio|Win32.Build.0 = Debug|Win32
		{A3109CCC-B83D-4D6C-A214-03C10084F276}.EU2LIVE|Win32.ActiveCfg = Release|Win32
		{A3109CCC-B83D-4D6C-A214-03C10084F276}.EU2LIVE|Win32.Build.0 = Release|Win32
		{A3109CCC-B83D-4D6C-A214-03C10084F276}.EU2TEST|Win32.ActiveCfg = Release|Win32
		{A3109CCC-B83D-4D6C-A214-03C10084F276}.EU2TEST|Win32.Build.0 = Release|Win32
		{A3109CCC-B83D-4D6C-A214-03C10084F276}.EU3LIVE|Win32.ActiveCfg = Release|Win32
		{A3109CCC-B83D-4D6C-A214-03C10084F276}.EU3LIVE|Win32.Build.0 = Release|Win32
		{A3109CCC-B83D-4D6C-A214-03C10084F276}.EU3TEST|Win32.ActiveCfg = Release|Win32
		{A3109CCC-B83D-4D6C-A214-03C10084F276}.EU3TEST|Win32.Build.0 = Release|Win32
		{A3109CCC-B83D-4D6C-A214-03C10084F276}.FinalDebug|Win32.ActiveCfg = Debug|Win32
		{A3109CCC-B83D-4D6C-A214-03C10084F276}.FinalDebug|Win32.Build.0 = Debug|Win32
		{A3109CCC-B83D-4D6C-A214-03C10084F276}.FinalRelease|Win32.ActiveCfg = Release|Win32
		{A3109CCC-B83D-4D6C-A214-03C10084F276}.FinalRelease|Win32.Build.0 = Release|Win32
		{A3109CCC-B83D-4D6C-A214-03C10084F276}.GERLIVE|Win32.ActiveCfg = Release|Win32
		{A3109CCC-B83D-4D6C-A214-03C10084F276}.GERLIVE|Win32.Build.0 = Release|Win32
		{A3109CCC-B83D-4D6C-A214-03C10084F276}.GERLIVEKalydo|Win32.ActiveCfg = Release|Win32
		{A3109CCC-B83D-4D6C-A214-03C10084F276}.GERLIVEKalydo|Win32.Build.0 = Release|Win32
		{A3109CCC-B83D-4D6C-A214-03C10084F276}.GERTEST|Win32.ActiveCfg = Release|Win32
		{A3109CCC-B83D-4D6C-A214-03C10084F276}.GERTEST|Win32.Build.0 = Release|Win32
		{A3109CCC-B83D-4D6C-A214-03C10084F276}.HKLIVE|Win32.ActiveCfg = Release|Win32
		{A3109CCC-B83D-4D6C-A214-03C10084F276}.HKLIVE|Win32.Build.0 = Release|Win32
		{A3109CCC-B83D-4D6C-A214-03C10084F276}.HKTEST|Win32.ActiveCfg = Release|Win32
		{A3109CCC-B83D-4D6C-A214-03C10084F276}.HKTEST|Win32.Build.0 = Release|Win32
		{A3109CCC-B83D-4D6C-A214-03C10084F276}.JPNLIVE|Win32.ActiveCfg = Release|Win32
		{A3109CCC-B83D-4D6C-A214-03C10084F276}.JPNLIVE|Win32.Build.0 = Release|Win32
		{A3109CCC-B83D-4D6C-A214-03C10084F276}.JPNTEST|Win32.ActiveCfg = Release|Win32
		{A3109CCC-B83D-4D6C-A214-03C10084F276}.JPNTEST|Win32.Build.0 = Release|Win32
		{A3109CCC-B83D-4D6C-A214-03C10084F276}.KORLIVE|Win32.ActiveCfg = Release|Win32
		{A3109CCC-B83D-4D6C-A214-03C10084F276}.KORLIVE|Win32.Build.0 = Release|Win32
		{A3109CCC-B83D-4D6C-A214-03C10084F276}.KORTEST|Win32.ActiveCfg = Release|Win32
		{A3109CCC-B83D-4D6C-A214-03C10084F276}.KORTEST|Win32.Build.0 = Release|Win32
		{A3109CCC-B83D-4D6C-A214-03C10084F276}.MAXLIVE|Win32.ActiveCfg = Release|Win32
		{A3109CCC-B83D-4D6C-A214-03C10084F276}.MAXLIVE|Win32.Build.0 = Release|Win32
		{A3109CCC-B83D-4D6C-A214-03C10084F276}.MAXTEST|Win32.ActiveCfg = Release|Win32
		{A3109CCC-B83D-4D6C-A214-03C10084F276}.MAXTEST|Win32.Build.0 = Release|Win32
		{A3109CCC-B83D-4D6C-A214-03C10084F276}.NETLIVE|Win32.ActiveCfg = Release|Win32
		{A3109CCC-B83D-4D6C-A214-03C10084F276}.NETLIVE|Win32.Build.0 = Release|Win32
		{A3109CCC-B83D-4D6C-A214-03C10084F276}.NETTEST|Win32.ActiveCfg = Release|Win32
		{A3109CCC-B83D-4D6C-A214-03C10084F276}.NETTEST|Win32.Build.0 = Release|Win32
		{A3109CCC-B83D-4D6C-A214-03C10084F276}.Release|Win32.ActiveCfg = Release|Win32
		{A3109CCC-B83D-4D6C-A214-03C10084F276}.Release|Win32.Build.0 = Release|Win32
		{A3109CCC-B83D-4D6C-A214-03C10084F276}.ReleaseKalydo|Win32.ActiveCfg = Release|Win32
		{A3109CCC-B83D-4D6C-A214-03C10084F276}.ReleaseKalydo|Win32.Build.0 = Release|Win32
		{A3109CCC-B83D-4D6C-A214-03C10084F276}.RUSLIVE|Win32.ActiveCfg = Release|Win32
		{A3109CCC-B83D-4D6C-A214-03C10084F276}.RUSLIVE|Win32.Build.0 = Release|Win32
		{A3109CCC-B83D-4D6C-A214-03C10084F276}.RUSTEST|Win32.ActiveCfg = Release|Win32
		{A3109CCC-B83D-4D6C-A214-03C10084F276}.RUSTEST|Win32.Build.0 = Release|Win32
		{A3109CCC-B83D-4D6C-A214-03C10084F276}.SkaStudio|Win32.ActiveCfg = SkaStudio|Win32
		{A3109CCC-B83D-4D6C-A214-03C10084F276}.Template|Win32.ActiveCfg = Release|Win32
		{A3109CCC-B83D-4D6C-A214-03C10084F276}.Template|Win32.Build.0 = Release|Win32
		{A3109CCC-B83D-4D6C-A214-03C10084F276}.THAILIVE|Win32.ActiveCfg = Release|Win32
		{A3109CCC-B83D-4D6C-A214-03C10084F276}.THAILIVE|Win32.Build.0 = Release|Win32
		{A3109CCC-B83D-4D6C-A214-03C10084F276}.THAITEST|Win32.ActiveCfg = Release|Win32
		{A3109CCC-B83D-4D6C-A214-03C10084F276}.THAITEST|Win32.Build.0 = Release|Win32
		{A3109CCC-B83D-4D6C-A214-03C10084F276}.USALIVE|Win32.ActiveCfg = Release|Win32
		{A3109CCC-B83D-4D6C-A214-03C10084F276}.USALIVE|Win32.Build.0 = Release|Win32
		{A3109CCC-B83D-4D6C-A214-03C10084F276}.USATEST|Win32.ActiveCfg = Release|Win32
		{A3109CCC-B83D-4D6C-A214-03C10084F276}.USATEST|Win32.Build.0 = Release|Win32
		{A3109CCC-B83D-4D6C-A214-03C10084F276}.WORLDEDITOR|Win32.ActiveCfg = Release|Win32
	EndGlobalSection
	GlobalSection(SolutionProperties) = preSolution
		HideSolutionNode = FALSE
	EndGlobalSection
EndGlobal
