<?xml version="1.0" encoding="utf-8"?>
<Project ToolsVersion="4.0" xmlns="http://schemas.microsoft.com/developer/msbuild/2003">
  <ItemGroup>
    <Filter Include="Source Files">
      <UniqueIdentifier>{c14e537b-29b5-4389-939d-19dd9cf6ed82}</UniqueIdentifier>
      <Extensions>cpp;c;cxx;rc;def;r;odl;idl;hpj;bat</Extensions>
    </Filter>
    <Filter Include="Header Files">
      <UniqueIdentifier>{98a3e896-ac1a-4a9a-bf72-0ad0adb1ecfc}</UniqueIdentifier>
      <Extensions>h;hpp;hxx;hm;inl</Extensions>
    </Filter>
    <Filter Include="Resource Files">
      <UniqueIdentifier>{bbb0fbd5-df0b-496f-bd96-dbae411dfe97}</UniqueIdentifier>
      <Extensions>ico;cur;bmp;dlg;rc2;rct;bin;rgs;gif;jpg;jpeg;jpe</Extensions>
    </Filter>
    <Filter Include="Wizard Files">
      <UniqueIdentifier>{ccae43ac-af63-42c3-aba9-f6d1345ccaf3}</UniqueIdentifier>
    </Filter>
  </ItemGroup>
  <ItemGroup>
    <ClCompile Include="ActionsListControl.cpp">
      <Filter>Source Files</Filter>
    </ClCompile>
    <ClCompile Include="AxisListCtrl.cpp">
      <Filter>Source Files</Filter>
    </ClCompile>
    <ClCompile Include="ConsoleSymbolsCombo.cpp">
      <Filter>Source Files</Filter>
    </ClCompile>
    <ClCompile Include="DlgAudioQuality.cpp">
      <Filter>Source Files</Filter>
    </ClCompile>
    <ClCompile Include="DlgConsole.cpp">
      <Filter>Source Files</Filter>
    </ClCompile>
    <ClCompile Include="DlgEditButtonAction.cpp">
      <Filter>Source Files</Filter>
    </ClCompile>
    <ClCompile Include="DlgPlayerAppearance.cpp">
      <Filter>Source Files</Filter>
    </ClCompile>
    <ClCompile Include="DlgPlayerControls.cpp">
      <Filter>Source Files</Filter>
    </ClCompile>
    <ClCompile Include="DlgPlayerSettings.cpp">
      <Filter>Source Files</Filter>
    </ClCompile>
    <ClCompile Include="DlgRenameControls.cpp">
      <Filter>Source Files</Filter>
    </ClCompile>
    <ClCompile Include="DlgSelectPlayer.cpp">
      <Filter>Source Files</Filter>
    </ClCompile>
    <ClCompile Include="DlgVideoQuality.cpp">
      <Filter>Source Files</Filter>
    </ClCompile>
    <ClCompile Include="EditConsole.cpp">
      <Filter>Source Files</Filter>
    </ClCompile>
    <ClCompile Include="GameGUI.cpp">
      <Filter>Source Files</Filter>
    </ClCompile>
    <ClCompile Include="LocalPlayersList.cpp">
      <Filter>Source Files</Filter>
    </ClCompile>
    <ClCompile Include="PressKeyEditControl.cpp">
      <Filter>Source Files</Filter>
    </ClCompile>
    <ClCompile Include="StdAfx.cpp">
      <Filter>Source Files</Filter>
    </ClCompile>
  </ItemGroup>
  <ItemGroup>
    <ClInclude Include="ActionsListControl.h">
      <Filter>Header Files</Filter>
    </ClInclude>
    <ClInclude Include="AxisListCtrl.h">
      <Filter>Header Files</Filter>
    </ClInclude>
    <ClInclude Include="ConsoleSymbolsCombo.h">
      <Filter>Header Files</Filter>
    </ClInclude>
    <ClInclude Include="DlgAudioQuality.h">
      <Filter>Header Files</Filter>
    </ClInclude>
    <ClInclude Include="DlgConsole.h">
      <Filter>Header Files</Filter>
    </ClInclude>
    <ClInclude Include="DlgEditButtonAction.h">
      <Filter>Header Files</Filter>
    </ClInclude>
    <ClInclude Include="DlgPlayerAppearance.h">
      <Filter>Header Files</Filter>
    </ClInclude>
    <ClInclude Include="DlgPlayerControls.h">
      <Filter>Header Files</Filter>
    </ClInclude>
    <ClInclude Include="DlgPlayerSettings.h">
      <Filter>Header Files</Filter>
    </ClInclude>
    <ClInclude Include="DlgRenameControls.h">
      <Filter>Header Files</Filter>
    </ClInclude>
    <ClInclude Include="DlgSelectPlayer.h">
      <Filter>Header Files</Filter>
    </ClInclude>
    <ClInclude Include="DlgVideoQuality.h">
      <Filter>Header Files</Filter>
    </ClInclude>
    <ClInclude Include="EditConsole.h">
      <Filter>Header Files</Filter>
    </ClInclude>
    <ClInclude Include="GameGUI.h">
      <Filter>Header Files</Filter>
    </ClInclude>
    <ClInclude Include="LocalPlayersList.h">
      <Filter>Header Files</Filter>
    </ClInclude>
    <ClInclude Include="PressKeyEditControl.h">
      <Filter>Header Files</Filter>
    </ClInclude>
    <ClInclude Include="resource.h">
      <Filter>Header Files</Filter>
    </ClInclude>
    <ClInclude Include="StdAfx.h">
      <Filter>Header Files</Filter>
    </ClInclude>
  </ItemGroup>
  <ItemGroup>
    <ResourceCompile Include="GameGUI.rc">
      <Filter>Resource Files</Filter>
    </ResourceCompile>
  </ItemGroup>
  <ItemGroup>
    <CustomBuild Include="bmp00001.bmp">
      <Filter>Resource Files</Filter>
    </CustomBuild>
    <CustomBuild Include="cursor_u.bmp">
      <Filter>Resource Files</Filter>
    </CustomBuild>
    <CustomBuild Include="res\Game.rc2">
      <Filter>Resource Files</Filter>
    </CustomBuild>
    <CustomBuild Include="GameGUIMP.clw">
      <Filter>Wizard Files</Filter>
    </CustomBuild>
    <CustomBuild Include="ReadMe.txt" />
  </ItemGroup>
</Project>